// !$*UTF8*$!
{
	archiveVersion = 1;
	classes = {
	};
	objectVersion = 50;
	objects = {

/* Begin PBXBuildFile section */
		72F740C553903FF7585E53B3 /* libPods-ELKUtilKitChained.a in Frameworks */ = {isa = PBXBuildFile; fileRef = 782EC843D8413C901F5F804E /* libPods-ELKUtilKitChained.a */; };
		AB716B1E242E094000804253 /* ELKUtilKitChained.framework in Frameworks */ = {isa = PBXBuildFile; fileRef = AB716B14242E094000804253 /* ELKUtilKitChained.framework */; };
		AB716B23242E094000804253 /* ELKUtilKitChainedTests.m in Sources */ = {isa = PBXBuildFile; fileRef = AB716B22242E094000804253 /* ELKUtilKitChainedTests.m */; };
		AB716BD4242E0D5F00804253 /* ELKUtilResources.bundle in Resources */ = {isa = PBXBuildFile; fileRef = AB716BD3242E0D5F00804253 /* ELKUtilResources.bundle */; };
		AB716BE0242E0D7E00804253 /* ELKUtilKitChained.h in Headers */ = {isa = PBXBuildFile; fileRef = AB716BD5242E0D7D00804253 /* ELKUtilKitChained.h */; settings = {ATTRIBUTES = (Public, ); }; };
		AB716BE1242E0D7E00804253 /* ELKStarView+ELKUtilChained.h in Headers */ = {isa = PBXBuildFile; fileRef = AB716BD8242E0D7E00804253 /* ELKStarView+ELKUtilChained.h */; settings = {ATTRIBUTES = (Public, ); }; };
		AB716BE2242E0D7E00804253 /* ELKStarView+ELKUtilChained.m in Sources */ = {isa = PBXBuildFile; fileRef = AB716BD9242E0D7E00804253 /* ELKStarView+ELKUtilChained.m */; };
		AB716BE3242E0D7E00804253 /* UITextView+ELKUtilPlaceHolderChained.m in Sources */ = {isa = PBXBuildFile; fileRef = AB716BDB242E0D7E00804253 /* UITextView+ELKUtilPlaceHolderChained.m */; };
		AB716BE4242E0D7E00804253 /* UITextView+ELKUtilPlaceHolderChained.h in Headers */ = {isa = PBXBuildFile; fileRef = AB716BDC242E0D7E00804253 /* UITextView+ELKUtilPlaceHolderChained.h */; settings = {ATTRIBUTES = (Public, ); }; };
		AB716BE5242E0D7E00804253 /* ELKSegmentControl+ELKUtilChained.h in Headers */ = {isa = PBXBuildFile; fileRef = AB716BDE242E0D7E00804253 /* ELKSegmentControl+ELKUtilChained.h */; settings = {ATTRIBUTES = (Public, ); }; };
		AB716BE6242E0D7E00804253 /* ELKSegmentControl+ELKUtilChained.m in Sources */ = {isa = PBXBuildFile; fileRef = AB716BDF242E0D7E00804253 /* ELKSegmentControl+ELKUtilChained.m */; };
		AB716BE8242E0DF900804253 /* ELKUtilKit.framework in Frameworks */ = {isa = PBXBuildFile; fileRef = AB716BE7242E0DF900804253 /* ELKUtilKit.framework */; settings = {ATTRIBUTES = (Required, ); }; };
/* End PBXBuildFile section */

/* Begin PBXContainerItemProxy section */
		AB716B1F242E094000804253 /* PBXContainerItemProxy */ = {
			isa = PBXContainerItemProxy;
			containerPortal = AB716B0B242E094000804253 /* Project object */;
			proxyType = 1;
			remoteGlobalIDString = AB716B13242E094000804253;
			remoteInfo = ELKUtilKitChained;
		};
/* End PBXContainerItemProxy section */

/* Begin PBXFileReference section */
		73AF122391ACE34FD0A24F8A /* Pods-ELKUtilKitChained.release.xcconfig */ = {isa = PBXFileReference; includeInIndex = 1; lastKnownFileType = text.xcconfig; name = "Pods-ELKUtilKitChained.release.xcconfig"; path = "Target Support Files/Pods-ELKUtilKitChained/Pods-ELKUtilKitChained.release.xcconfig"; sourceTree = "<group>"; };
		782EC843D8413C901F5F804E /* libPods-ELKUtilKitChained.a */ = {isa = PBXFileReference; explicitFileType = archive.ar; includeInIndex = 0; path = "libPods-ELKUtilKitChained.a"; sourceTree = BUILT_PRODUCTS_DIR; };
		A89E6F2EE63FDCD94D6B5779 /* Pods-ELKUtilKitChained.debug.xcconfig */ = {isa = PBXFileReference; includeInIndex = 1; lastKnownFileType = text.xcconfig; name = "Pods-ELKUtilKitChained.debug.xcconfig"; path = "Target Support Files/Pods-ELKUtilKitChained/Pods-ELKUtilKitChained.debug.xcconfig"; sourceTree = "<group>"; };
		AB716B14242E094000804253 /* ELKUtilKitChained.framework */ = {isa = PBXFileReference; explicitFileType = wrapper.framework; includeInIndex = 0; path = ELKUtilKitChained.framework; sourceTree = BUILT_PRODUCTS_DIR; };
		AB716B18242E094000804253 /* Info.plist */ = {isa = PBXFileReference; lastKnownFileType = text.plist.xml; path = Info.plist; sourceTree = "<group>"; };
		AB716B1D242E094000804253 /* ELKUtilKitChainedTests.xctest */ = {isa = PBXFileReference; explicitFileType = wrapper.cfbundle; includeInIndex = 0; path = ELKUtilKitChainedTests.xctest; sourceTree = BUILT_PRODUCTS_DIR; };
		AB716B22242E094000804253 /* ELKUtilKitChainedTests.m */ = {isa = PBXFileReference; lastKnownFileType = sourcecode.c.objc; path = ELKUtilKitChainedTests.m; sourceTree = "<group>"; };
		AB716B24242E094000804253 /* Info.plist */ = {isa = PBXFileReference; lastKnownFileType = text.plist.xml; path = Info.plist; sourceTree = "<group>"; };
		AB716BD3242E0D5F00804253 /* ELKUtilResources.bundle */ = {isa = PBXFileReference; lastKnownFileType = "wrapper.plug-in"; name = ELKUtilResources.bundle; path = ../../ELKProducts/Release/ELKUtilResources.bundle; sourceTree = "<group>"; };
		AB716BD5242E0D7D00804253 /* ELKUtilKitChained.h */ = {isa = PBXFileReference; fileEncoding = 4; lastKnownFileType = sourcecode.c.h; path = ELKUtilKitChained.h; sourceTree = "<group>"; };
		AB716BD8242E0D7E00804253 /* ELKStarView+ELKUtilChained.h */ = {isa = PBXFileReference; fileEncoding = 4; lastKnownFileType = sourcecode.c.h; path = "ELKStarView+ELKUtilChained.h"; sourceTree = "<group>"; };
		AB716BD9242E0D7E00804253 /* ELKStarView+ELKUtilChained.m */ = {isa = PBXFileReference; fileEncoding = 4; lastKnownFileType = sourcecode.c.objc; path = "ELKStarView+ELKUtilChained.m"; sourceTree = "<group>"; };
		AB716BDB242E0D7E00804253 /* UITextView+ELKUtilPlaceHolderChained.m */ = {isa = PBXFileReference; fileEncoding = 4; lastKnownFileType = sourcecode.c.objc; path = "UITextView+ELKUtilPlaceHolderChained.m"; sourceTree = "<group>"; };
		AB716BDC242E0D7E00804253 /* UITextView+ELKUtilPlaceHolderChained.h */ = {isa = PBXFileReference; fileEncoding = 4; lastKnownFileType = sourcecode.c.h; path = "UITextView+ELKUtilPlaceHolderChained.h"; sourceTree = "<group>"; };
		AB716BDE242E0D7E00804253 /* ELKSegmentControl+ELKUtilChained.h */ = {isa = PBXFileReference; fileEncoding = 4; lastKnownFileType = sourcecode.c.h; path = "ELKSegmentControl+ELKUtilChained.h"; sourceTree = "<group>"; };
		AB716BDF242E0D7E00804253 /* ELKSegmentControl+ELKUtilChained.m */ = {isa = PBXFileReference; fileEncoding = 4; lastKnownFileType = sourcecode.c.objc; path = "ELKSegmentControl+ELKUtilChained.m"; sourceTree = "<group>"; };
		AB716BE7242E0DF900804253 /* ELKUtilKit.framework */ = {isa = PBXFileReference; explicitFileType = wrapper.framework; path = ELKUtilKit.framework; sourceTree = BUILT_PRODUCTS_DIR; };
/* End PBXFileReference section */

/* Begin PBXFrameworksBuildPhase section */
		AB716B11242E094000804253 /* Frameworks */ = {
			isa = PBXFrameworksBuildPhase;
			buildActionMask = 2147483647;
			files = (
				AB716BE8242E0DF900804253 /* ELKUtilKit.framework in Frameworks */,
				72F740C553903FF7585E53B3 /* libPods-ELKUtilKitChained.a in Frameworks */,
			);
			runOnlyForDeploymentPostprocessing = 0;
		};
		AB716B1A242E094000804253 /* Frameworks */ = {
			isa = PBXFrameworksBuildPhase;
			buildActionMask = 2147483647;
			files = (
				AB716B1E242E094000804253 /* ELKUtilKitChained.framework in Frameworks */,
			);
			runOnlyForDeploymentPostprocessing = 0;
		};
/* End PBXFrameworksBuildPhase section */

/* Begin PBXGroup section */
		754A4D6A31C8F1F1BEF4905C /* Frameworks */ = {
			isa = PBXGroup;
			children = (
				AB716BE7242E0DF900804253 /* ELKUtilKit.framework */,
				782EC843D8413C901F5F804E /* libPods-ELKUtilKitChained.a */,
			);
			name = Frameworks;
			sourceTree = "<group>";
		};
		AB716B0A242E094000804253 = {
			isa = PBXGroup;
			children = (
				AB716B16242E094000804253 /* ELKUtilKitChained */,
				AB716B21242E094000804253 /* ELKUtilKitChainedTests */,
				754A4D6A31C8F1F1BEF4905C /* Frameworks */,
				AB716BD2242E0D3400804253 /* Others */,
				BD36D85879E308CC39A17CEB /* Pods */,
				AB716B15242E094000804253 /* Products */,
			);
			sourceTree = "<group>";
		};
		AB716B15242E094000804253 /* Products */ = {
			isa = PBXGroup;
			children = (
				AB716B14242E094000804253 /* ELKUtilKitChained.framework */,
				AB716B1D242E094000804253 /* ELKUtilKitChainedTests.xctest */,
			);
			name = Products;
			sourceTree = "<group>";
		};
		AB716B16242E094000804253 /* ELKUtilKitChained */ = {
			isa = PBXGroup;
			children = (
				AB716BD5242E0D7D00804253 /* ELKUtilKitChained.h */,
				AB716BD6242E0D7E00804253 /* Modules */,
			);
			path = ELKUtilKitChained;
			sourceTree = "<group>";
		};
		AB716B21242E094000804253 /* ELKUtilKitChainedTests */ = {
			isa = PBXGroup;
			children = (
				AB716B22242E094000804253 /* ELKUtilKitChainedTests.m */,
				AB716B24242E094000804253 /* Info.plist */,
			);
			path = ELKUtilKitChainedTests;
			sourceTree = "<group>";
		};
		AB716BD2242E0D3400804253 /* Others */ = {
			isa = PBXGroup;
			children = (
				AB716BD3242E0D5F00804253 /* ELKUtilResources.bundle */,
				AB716B18242E094000804253 /* Info.plist */,
			);
			path = Others;
			sourceTree = "<group>";
		};
		AB716BD6242E0D7E00804253 /* Modules */ = {
			isa = PBXGroup;
			children = (
				AB716BDD242E0D7E00804253 /* ELKSegmentControl */,
				AB716BD7242E0D7E00804253 /* ELKStarView */,
				AB716BDA242E0D7E00804253 /* ELKTextViewPlaceholder */,
			);
			path = Modules;
			sourceTree = "<group>";
		};
		AB716BD7242E0D7E00804253 /* ELKStarView */ = {
			isa = PBXGroup;
			children = (
				AB716BD8242E0D7E00804253 /* ELKStarView+ELKUtilChained.h */,
				AB716BD9242E0D7E00804253 /* ELKStarView+ELKUtilChained.m */,
			);
			path = ELKStarView;
			sourceTree = "<group>";
		};
		AB716BDA242E0D7E00804253 /* ELKTextViewPlaceholder */ = {
			isa = PBXGroup;
			children = (
				AB716BDC242E0D7E00804253 /* UITextView+ELKUtilPlaceHolderChained.h */,
				AB716BDB242E0D7E00804253 /* UITextView+ELKUtilPlaceHolderChained.m */,
			);
			path = ELKTextViewPlaceholder;
			sourceTree = "<group>";
		};
		AB716BDD242E0D7E00804253 /* ELKSegmentControl */ = {
			isa = PBXGroup;
			children = (
				AB716BDE242E0D7E00804253 /* ELKSegmentControl+ELKUtilChained.h */,
				AB716BDF242E0D7E00804253 /* ELKSegmentControl+ELKUtilChained.m */,
			);
			path = ELKSegmentControl;
			sourceTree = "<group>";
		};
		BD36D85879E308CC39A17CEB /* Pods */ = {
			isa = PBXGroup;
			children = (
				A89E6F2EE63FDCD94D6B5779 /* Pods-ELKUtilKitChained.debug.xcconfig */,
				73AF122391ACE34FD0A24F8A /* Pods-ELKUtilKitChained.release.xcconfig */,
			);
			name = Pods;
			path = ../Pods;
			sourceTree = "<group>";
		};
/* End PBXGroup section */

/* Begin PBXHeadersBuildPhase section */
		AB716B0F242E094000804253 /* Headers */ = {
			isa = PBXHeadersBuildPhase;
			buildActionMask = 2147483647;
			files = (
				AB716BE4242E0D7E00804253 /* UITextView+ELKUtilPlaceHolderChained.h in Headers */,
				AB716BE5242E0D7E00804253 /* ELKSegmentControl+ELKUtilChained.h in Headers */,
				AB716BE1242E0D7E00804253 /* ELKStarView+ELKUtilChained.h in Headers */,
				AB716BE0242E0D7E00804253 /* ELKUtilKitChained.h in Headers */,
			);
			runOnlyForDeploymentPostprocessing = 0;
		};
/* End PBXHeadersBuildPhase section */

/* Begin PBXNativeTarget section */
		AB716B13242E094000804253 /* ELKUtilKitChained */ = {
			isa = PBXNativeTarget;
			buildConfigurationList = AB716B28242E094000804253 /* Build configuration list for PBXNativeTarget "ELKUtilKitChained" */;
			buildPhases = (
				B22A10C17777A7F105DD3D2A /* [CP] Check Pods Manifest.lock */,
				AB716B0F242E094000804253 /* Headers */,
				AB716B10242E094000804253 /* Sources */,
				AB716B11242E094000804253 /* Frameworks */,
				AB716B12242E094000804253 /* Resources */,
			);
			buildRules = (
			);
			dependencies = (
			);
			name = ELKUtilKitChained;
			productName = ELKUtilKitChained;
			productReference = AB716B14242E094000804253 /* ELKUtilKitChained.framework */;
			productType = "com.apple.product-type.framework";
		};
		AB716B1C242E094000804253 /* ELKUtilKitChainedTests */ = {
			isa = PBXNativeTarget;
			buildConfigurationList = AB716B2B242E094000804253 /* Build configuration list for PBXNativeTarget "ELKUtilKitChainedTests" */;
			buildPhases = (
				AB716B19242E094000804253 /* Sources */,
				AB716B1A242E094000804253 /* Frameworks */,
				AB716B1B242E094000804253 /* Resources */,
			);
			buildRules = (
			);
			dependencies = (
				AB716B20242E094000804253 /* PBXTargetDependency */,
			);
			name = ELKUtilKitChainedTests;
			productName = ELKUtilKitChainedTests;
			productReference = AB716B1D242E094000804253 /* ELKUtilKitChainedTests.xctest */;
			productType = "com.apple.product-type.bundle.unit-test";
		};
/* End PBXNativeTarget section */

/* Begin PBXProject section */
		AB716B0B242E094000804253 /* Project object */ = {
			isa = PBXProject;
			attributes = {
				LastUpgradeCheck = 1130;
				ORGANIZATIONNAME = wing;
				TargetAttributes = {
					AB716B13242E094000804253 = {
						CreatedOnToolsVersion = 11.3.1;
					};
					AB716B1C242E094000804253 = {
						CreatedOnToolsVersion = 11.3.1;
					};
				};
			};
			buildConfigurationList = AB716B0E242E094000804253 /* Build configuration list for PBXProject "ELKUtilKitChained" */;
			compatibilityVersion = "Xcode 9.3";
			developmentRegion = en;
			hasScannedForEncodings = 0;
			knownRegions = (
				en,
				Base,
			);
			mainGroup = AB716B0A242E094000804253;
			productRefGroup = AB716B15242E094000804253 /* Products */;
			projectDirPath = "";
			projectRoot = "";
			targets = (
				AB716B13242E094000804253 /* ELKUtilKitChained */,
				AB716B1C242E094000804253 /* ELKUtilKitChainedTests */,
			);
		};
/* End PBXProject section */

/* Begin PBXResourcesBuildPhase section */
		AB716B12242E094000804253 /* Resources */ = {
			isa = PBXResourcesBuildPhase;
			buildActionMask = 2147483647;
			files = (
				AB716BD4242E0D5F00804253 /* ELKUtilResources.bundle in Resources */,
			);
			runOnlyForDeploymentPostprocessing = 0;
		};
		AB716B1B242E094000804253 /* Resources */ = {
			isa = PBXResourcesBuildPhase;
			buildActionMask = 2147483647;
			files = (
			);
			runOnlyForDeploymentPostprocessing = 0;
		};
/* End PBXResourcesBuildPhase section */

/* Begin PBXShellScriptBuildPhase section */
		B22A10C17777A7F105DD3D2A /* [CP] Check Pods Manifest.lock */ = {
			isa = PBXShellScriptBuildPhase;
			buildActionMask = 2147483647;
			files = (
			);
			inputFileListPaths = (
			);
			inputPaths = (
				"${PODS_PODFILE_DIR_PATH}/Podfile.lock",
				"${PODS_ROOT}/Manifest.lock",
			);
			name = "[CP] Check Pods Manifest.lock";
			outputFileListPaths = (
			);
			outputPaths = (
				"$(DERIVED_FILE_DIR)/Pods-ELKUtilKitChained-checkManifestLockResult.txt",
			);
			runOnlyForDeploymentPostprocessing = 0;
			shellPath = /bin/sh;
			shellScript = "diff \"${PODS_PODFILE_DIR_PATH}/Podfile.lock\" \"${PODS_ROOT}/Manifest.lock\" > /dev/null\nif [ $? != 0 ] ; then\n    # print error to STDERR\n    echo \"error: The sandbox is not in sync with the Podfile.lock. Run 'pod install' or update your CocoaPods installation.\" >&2\n    exit 1\nfi\n# This output is used by Xcode 'outputs' to avoid re-running this script phase.\necho \"SUCCESS\" > \"${SCRIPT_OUTPUT_FILE_0}\"\n";
			showEnvVarsInLog = 0;
		};
/* End PBXShellScriptBuildPhase section */

/* Begin PBXSourcesBuildPhase section */
		AB716B10242E094000804253 /* Sources */ = {
			isa = PBXSourcesBuildPhase;
			buildActionMask = 2147483647;
			files = (
				AB716BE2242E0D7E00804253 /* ELKStarView+ELKUtilChained.m in Sources */,
				AB716BE3242E0D7E00804253 /* UITextView+ELKUtilPlaceHolderChained.m in Sources */,
				AB716BE6242E0D7E00804253 /* ELKSegmentControl+ELKUtilChained.m in Sources */,
			);
			runOnlyForDeploymentPostprocessing = 0;
		};
		AB716B19242E094000804253 /* Sources */ = {
			isa = PBXSourcesBuildPhase;
			buildActionMask = 2147483647;
			files = (
				AB716B23242E094000804253 /* ELKUtilKitChainedTests.m in Sources */,
			);
			runOnlyForDeploymentPostprocessing = 0;
		};
/* End PBXSourcesBuildPhase section */

/* Begin PBXTargetDependency section */
		AB716B20242E094000804253 /* PBXTargetDependency */ = {
			isa = PBXTargetDependency;
			target = AB716B13242E094000804253 /* ELKUtilKitChained */;
			targetProxy = AB716B1F242E094000804253 /* PBXContainerItemProxy */;
		};
/* End PBXTargetDependency section */

/* Begin XCBuildConfiguration section */
		AB716B26242E094000804253 /* Debug */ = {
			isa = XCBuildConfiguration;
			buildSettings = {
				ALWAYS_SEARCH_USER_PATHS = NO;
				CLANG_ANALYZER_NONNULL = YES;
				CLANG_ANALYZER_NUMBER_OBJECT_CONVERSION = YES_AGGRESSIVE;
				CLANG_CXX_LANGUAGE_STANDARD = "gnu++14";
				CLANG_CXX_LIBRARY = "libc++";
				CLANG_ENABLE_MODULES = YES;
				CLANG_ENABLE_OBJC_ARC = YES;
				CLANG_ENABLE_OBJC_WEAK = YES;
				CLANG_WARN_BLOCK_CAPTURE_AUTORELEASING = YES;
				CLANG_WARN_BOOL_CONVERSION = YES;
				CLANG_WARN_COMMA = YES;
				CLANG_WARN_CONSTANT_CONVERSION = YES;
				CLANG_WARN_DEPRECATED_OBJC_IMPLEMENTATIONS = YES;
				CLANG_WARN_DIRECT_OBJC_ISA_USAGE = YES_ERROR;
				CLANG_WARN_DOCUMENTATION_COMMENTS = YES;
				CLANG_WARN_EMPTY_BODY = YES;
				CLANG_WARN_ENUM_CONVERSION = YES;
				CLANG_WARN_INFINITE_RECURSION = YES;
				CLANG_WARN_INT_CONVERSION = YES;
				CLANG_WARN_NON_LITERAL_NULL_CONVERSION = YES;
				CLANG_WARN_OBJC_IMPLICIT_RETAIN_SELF = YES;
				CLANG_WARN_OBJC_LITERAL_CONVERSION = YES;
				CLANG_WARN_OBJC_ROOT_CLASS = YES_ERROR;
				CLANG_WARN_RANGE_LOOP_ANALYSIS = YES;
				CLANG_WARN_STRICT_PROTOTYPES = YES;
				CLANG_WARN_SUSPICIOUS_MOVE = YES;
				CLANG_WARN_UNGUARDED_AVAILABILITY = YES_AGGRESSIVE;
				CLANG_WARN_UNREACHABLE_CODE = YES;
				CLANG_WARN__DUPLICATE_METHOD_MATCH = YES;
				COPY_PHASE_STRIP = NO;
				CURRENT_PROJECT_VERSION = 1;
				DEBUG_INFORMATION_FORMAT = dwarf;
				ENABLE_STRICT_OBJC_MSGSEND = YES;
				ENABLE_TESTABILITY = YES;
				GCC_C_LANGUAGE_STANDARD = gnu11;
				GCC_DYNAMIC_NO_PIC = NO;
				GCC_NO_COMMON_BLOCKS = YES;
				GCC_OPTIMIZATION_LEVEL = 0;
				GCC_PREPROCESSOR_DEFINITIONS = (
					"DEBUG=1",
					"$(inherited)",
				);
				GCC_WARN_64_TO_32_BIT_CONVERSION = YES;
				GCC_WARN_ABOUT_RETURN_TYPE = YES_ERROR;
				GCC_WARN_UNDECLARED_SELECTOR = YES;
				GCC_WARN_UNINITIALIZED_AUTOS = YES_AGGRESSIVE;
				GCC_WARN_UNUSED_FUNCTION = YES;
				GCC_WARN_UNUSED_VARIABLE = YES;
				IPHONEOS_DEPLOYMENT_TARGET = 9.0;
				MTL_ENABLE_DEBUG_INFO = INCLUDE_SOURCE;
				MTL_FAST_MATH = YES;
				ONLY_ACTIVE_ARCH = YES;
				SDKROOT = iphoneos;
				VERSIONING_SYSTEM = "apple-generic";
				VERSION_INFO_PREFIX = "";
			};
			name = Debug;
		};
		AB716B27242E094000804253 /* Release */ = {
			isa = XCBuildConfiguration;
			buildSettings = {
				ALWAYS_SEARCH_USER_PATHS = NO;
				CLANG_ANALYZER_NONNULL = YES;
				CLANG_ANALYZER_NUMBER_OBJECT_CONVERSION = YES_AGGRESSIVE;
				CLANG_CXX_LANGUAGE_STANDARD = "gnu++14";
				CLANG_CXX_LIBRARY = "libc++";
				CLANG_ENABLE_MODULES = YES;
				CLANG_ENABLE_OBJC_ARC = YES;
				CLANG_ENABLE_OBJC_WEAK = YES;
				CLANG_WARN_BLOCK_CAPTURE_AUTORELEASING = YES;
				CLANG_WARN_BOOL_CONVERSION = YES;
				CLANG_WARN_COMMA = YES;
				CLANG_WARN_CONSTANT_CONVERSION = YES;
				CLANG_WARN_DEPRECATED_OBJC_IMPLEMENTATIONS = YES;
				CLANG_WARN_DIRECT_OBJC_ISA_USAGE = YES_ERROR;
				CLANG_WARN_DOCUMENTATION_COMMENTS = YES;
				CLANG_WARN_EMPTY_BODY = YES;
				CLANG_WARN_ENUM_CONVERSION = YES;
				CLANG_WARN_INFINITE_RECURSION = YES;
				CLANG_WARN_INT_CONVERSION = YES;
				CLANG_WARN_NON_LITERAL_NULL_CONVERSION = YES;
				CLANG_WARN_OBJC_IMPLICIT_RETAIN_SELF = YES;
				CLANG_WARN_OBJC_LITERAL_CONVERSION = YES;
				CLANG_WARN_OBJC_ROOT_CLASS = YES_ERROR;
				CLANG_WARN_RANGE_LOOP_ANALYSIS = YES;
				CLANG_WARN_STRICT_PROTOTYPES = YES;
				CLANG_WARN_SUSPICIOUS_MOVE = YES;
				CLANG_WARN_UNGUARDED_AVAILABILITY = YES_AGGRESSIVE;
				CLANG_WARN_UNREACHABLE_CODE = YES;
				CLANG_WARN__DUPLICATE_METHOD_MATCH = YES;
				COPY_PHASE_STRIP = NO;
				CURRENT_PROJECT_VERSION = 1;
				DEBUG_INFORMATION_FORMAT = "dwarf-with-dsym";
				ENABLE_NS_ASSERTIONS = NO;
				ENABLE_STRICT_OBJC_MSGSEND = YES;
				GCC_C_LANGUAGE_STANDARD = gnu11;
				GCC_NO_COMMON_BLOCKS = YES;
				GCC_WARN_64_TO_32_BIT_CONVERSION = YES;
				GCC_WARN_ABOUT_RETURN_TYPE = YES_ERROR;
				GCC_WARN_UNDECLARED_SELECTOR = YES;
				GCC_WARN_UNINITIALIZED_AUTOS = YES_AGGRESSIVE;
				GCC_WARN_UNUSED_FUNCTION = YES;
				GCC_WARN_UNUSED_VARIABLE = YES;
				IPHONEOS_DEPLOYMENT_TARGET = 9.0;
				MTL_ENABLE_DEBUG_INFO = NO;
				MTL_FAST_MATH = YES;
				SDKROOT = iphoneos;
				VALIDATE_PRODUCT = YES;
				VERSIONING_SYSTEM = "apple-generic";
				VERSION_INFO_PREFIX = "";
			};
			name = Release;
		};
		AB716B29242E094000804253 /* Debug */ = {
			isa = XCBuildConfiguration;
			baseConfigurationReference = A89E6F2EE63FDCD94D6B5779 /* Pods-ELKUtilKitChained.debug.xcconfig */;
			buildSettings = {
				CODE_SIGN_STYLE = Automatic;
				DEFINES_MODULE = YES;
				DEVELOPMENT_TEAM = J8BTB638K2;
				DYLIB_COMPATIBILITY_VERSION = 1;
				DYLIB_CURRENT_VERSION = 1;
				DYLIB_INSTALL_NAME_BASE = "@rpath";
				INFOPLIST_FILE = Others/Info.plist;
				INSTALL_PATH = "$(LOCAL_LIBRARY_DIR)/Frameworks";
				LD_RUNPATH_SEARCH_PATHS = (
					"$(inherited)",
					"@executable_path/Frameworks",
					"@loader_path/Frameworks",
				);
				MACH_O_TYPE = staticlib;
				PRODUCT_BUNDLE_IDENTIFIER = com.elk.ELKUtilKitChained;
				PRODUCT_NAME = "$(TARGET_NAME:c99extidentifier)";
				SKIP_INSTALL = YES;
				SUPPORTS_MACCATALYST = NO;
				TARGETED_DEVICE_FAMILY = 1;
			};
			name = Debug;
		};
		AB716B2A242E094000804253 /* Release */ = {
			isa = XCBuildConfiguration;
			baseConfigurationReference = 73AF122391ACE34FD0A24F8A /* Pods-ELKUtilKitChained.release.xcconfig */;
			buildSettings = {
				CODE_SIGN_STYLE = Automatic;
				DEFINES_MODULE = YES;
				DEVELOPMENT_TEAM = J8BTB638K2;
				DYLIB_COMPATIBILITY_VERSION = 1;
				DYLIB_CURRENT_VERSION = 1;
				DYLIB_INSTALL_NAME_BASE = "@rpath";
				INFOPLIST_FILE = Others/Info.plist;
				INSTALL_PATH = "$(LOCAL_LIBRARY_DIR)/Frameworks";
				LD_RUNPATH_SEARCH_PATHS = (
					"$(inherited)",
					"@executable_path/Frameworks",
					"@loader_path/Frameworks",
				);
				MACH_O_TYPE = staticlib;
				PRODUCT_BUNDLE_IDENTIFIER = com.elk.ELKUtilKitChained;
				PRODUCT_NAME = "$(TARGET_NAME:c99extidentifier)";
				SKIP_INSTALL = YES;
				SUPPORTS_MACCATALYST = NO;
				TARGETED_DEVICE_FAMILY = 1;
			};
			name = Release;
		};
		AB716B2C242E094000804253 /* Debug */ = {
			isa = XCBuildConfiguration;
			buildSettings = {
				CODE_SIGN_STYLE = Automatic;
				DEVELOPMENT_TEAM = J8BTB638K2;
				INFOPLIST_FILE = ELKUtilKitChainedTests/Info.plist;
				LD_RUNPATH_SEARCH_PATHS = (
					"$(inherited)",
					"@executable_path/Frameworks",
					"@loader_path/Frameworks",
				);
				PRODUCT_BUNDLE_IDENTIFIER = com.elk.ELKUtilKitChainedTests;
				PRODUCT_NAME = "$(TARGET_NAME)";
				TARGETED_DEVICE_FAMILY = "1,2";
			};
			name = Debug;
		};
		AB716B2D242E094000804253 /* Release */ = {
			isa = XCBuildConfiguration;
			buildSettings = {
				CODE_SIGN_STYLE = Automatic;
				DEVELOPMENT_TEAM = J8BTB638K2;
				INFOPLIST_FILE = ELKUtilKitChainedTests/Info.plist;
				LD_RUNPATH_SEARCH_PATHS = (
					"$(inherited)",
					"@executable_path/Frameworks",
					"@loader_path/Frameworks",
				);
				PRODUCT_BUNDLE_IDENTIFIER = com.elk.ELKUtilKitChainedTests;
				PRODUCT_NAME = "$(TARGET_NAME)";
				TARGETED_DEVICE_FAMILY = "1,2";
			};
			name = Release;
		};
/* End XCBuildConfiguration section */

/* Begin XCConfigurationList section */
		AB716B0E242E094000804253 /* Build configuration list for PBXProject "ELKUtilKitChained" */ = {
			isa = XCConfigurationList;
			buildConfigurations = (
				AB716B26242E094000804253 /* Debug */,
				AB716B27242E094000804253 /* Release */,
			);
			defaultConfigurationIsVisible = 0;
			defaultConfigurationName = Release;
		};
		AB716B28242E094000804253 /* Build configuration list for PBXNativeTarget "ELKUtilKitChained" */ = {
			isa = XCConfigurationList;
			buildConfigurations = (
				AB716B29242E094000804253 /* Debug */,
				AB716B2A242E094000804253 /* Release */,
			);
			defaultConfigurationIsVisible = 0;
			defaultConfigurationName = Release;
		};
		AB716B2B242E094000804253 /* Build configuration list for PBXNativeTarget "ELKUtilKitChainedTests" */ = {
			isa = XCConfigurationList;
			buildConfigurations = (
				AB716B2C242E094000804253 /* Debug */,
				AB716B2D242E094000804253 /* Release */,
			);
			defaultConfigurationIsVisible = 0;
			defaultConfigurationName = Release;
		};
/* End XCConfigurationList section */
	};
	rootObject = AB716B0B242E094000804253 /* Project object */;
}
