// !$*UTF8*$!
{
	archiveVersion = 1;
	classes = {
	};
	objectVersion = 50;
	objects = {

/* Begin PBXBuildFile section */
		1A68184047804055688313DB /* libPods-ELKUtilKit.a in Frameworks */ = {isa = PBXBuildFile; fileRef = 014456DBAF2D388ADF88DDDC /* libPods-ELKUtilKit.a */; };
		AB70FB30242E52B8006F991B /* AppDelegate.m in Sources */ = {isa = PBXBuildFile; fileRef = AB70FB2F242E52B8006F991B /* AppDelegate.m */; };
		AB70FB36242E52B8006F991B /* ViewController.m in Sources */ = {isa = PBXBuildFile; fileRef = AB70FB35242E52B8006F991B /* ViewController.m */; };
		AB70FB39242E52B8006F991B /* Main.storyboard in Resources */ = {isa = PBXBuildFile; fileRef = AB70FB37242E52B8006F991B /* Main.storyboard */; };
		AB70FB3B242E52B9006F991B /* Assets.xcassets in Resources */ = {isa = PBXBuildFile; fileRef = AB70FB3A242E52B9006F991B /* Assets.xcassets */; };
		AB70FB3E242E52B9006F991B /* LaunchScreen.storyboard in Resources */ = {isa = PBXBuildFile; fileRef = AB70FB3C242E52B9006F991B /* LaunchScreen.storyboard */; };
		AB70FB41242E52B9006F991B /* main.m in Sources */ = {isa = PBXBuildFile; fileRef = AB70FB40242E52B9006F991B /* main.m */; };
		AB70FB4B242E52B9006F991B /* ELKUtilKitTests.m in Sources */ = {isa = PBXBuildFile; fileRef = AB70FB4A242E52B9006F991B /* ELKUtilKitTests.m */; };
		AB70FB56242E52B9006F991B /* ELKUtilKitUITests.m in Sources */ = {isa = PBXBuildFile; fileRef = AB70FB55242E52B9006F991B /* ELKUtilKitUITests.m */; };
		AB70FBA3242E54A3006F991B /* SecondViewController.m in Sources */ = {isa = PBXBuildFile; fileRef = AB70FBA1242E54A3006F991B /* SecondViewController.m */; };
		AB70FC21242E54F7006F991B /* NSBundle+ELKUtilResources.m in Sources */ = {isa = PBXBuildFile; fileRef = AB70FBFC242E54F7006F991B /* NSBundle+ELKUtilResources.m */; };
		AB70FC22242E54F7006F991B /* UIImage+ELKUtilResources.m in Sources */ = {isa = PBXBuildFile; fileRef = AB70FBFF242E54F7006F991B /* UIImage+ELKUtilResources.m */; };
		AB70FC23242E54F7006F991B /* ELKUtilQuant.m in Sources */ = {isa = PBXBuildFile; fileRef = AB70FC03242E54F7006F991B /* ELKUtilQuant.m */; };
		AB70FC24242E54F7006F991B /* ELKUtilSwizzling.m in Sources */ = {isa = PBXBuildFile; fileRef = AB70FC06242E54F7006F991B /* ELKUtilSwizzling.m */; };
		AB70FC26242E54F7006F991B /* ELKDatePickerView.m in Sources */ = {isa = PBXBuildFile; fileRef = AB70FC0F242E54F7006F991B /* ELKDatePickerView.m */; };
		AB70FC27242E54F7006F991B /* ELKStarView.m in Sources */ = {isa = PBXBuildFile; fileRef = AB70FC11242E54F7006F991B /* ELKStarView.m */; };
		AB70FC28242E54F7006F991B /* ELKFiveStarView.m in Sources */ = {isa = PBXBuildFile; fileRef = AB70FC12242E54F7006F991B /* ELKFiveStarView.m */; };
		AB70FC29242E54F7006F991B /* UITextView+ELKPlaceHolder.m in Sources */ = {isa = PBXBuildFile; fileRef = AB70FC17242E54F7006F991B /* UITextView+ELKPlaceHolder.m */; };
		AB70FC2A242E54F7006F991B /* ELKNoDataView.m in Sources */ = {isa = PBXBuildFile; fileRef = AB70FC19242E54F7006F991B /* ELKNoDataView.m */; };
		AB70FC2B242E54F7006F991B /* ELKSegmentControl.m in Sources */ = {isa = PBXBuildFile; fileRef = AB70FC1D242E54F7006F991B /* ELKSegmentControl.m */; };
		AB70FC2C242E54F7006F991B /* ELKPapawView.m in Sources */ = {isa = PBXBuildFile; fileRef = AB70FC1F242E54F7006F991B /* ELKPapawView.m */; };
		AB70FC39242E5501006F991B /* ELKStarView+ELKUtilChained.m in Sources */ = {isa = PBXBuildFile; fileRef = AB70FC32242E5501006F991B /* ELKStarView+ELKUtilChained.m */; };
		AB70FC3A242E5501006F991B /* UITextView+ELKUtilPlaceHolderChained.m in Sources */ = {isa = PBXBuildFile; fileRef = AB70FC34242E5501006F991B /* UITextView+ELKUtilPlaceHolderChained.m */; };
		AB70FC3B242E5501006F991B /* ELKSegmentControl+ELKUtilChained.m in Sources */ = {isa = PBXBuildFile; fileRef = AB70FC38242E5501006F991B /* ELKSegmentControl+ELKUtilChained.m */; };
		AB70FC42242E6CE2006F991B /* ELKUtilResources.bundle in Resources */ = {isa = PBXBuildFile; fileRef = AB70FC41242E6CE2006F991B /* ELKUtilResources.bundle */; };
/* End PBXBuildFile section */

/* Begin PBXContainerItemProxy section */
		AB70FB47242E52B9006F991B /* PBXContainerItemProxy */ = {
			isa = PBXContainerItemProxy;
			containerPortal = AB70FB23242E52B8006F991B /* Project object */;
			proxyType = 1;
			remoteGlobalIDString = AB70FB2A242E52B8006F991B;
			remoteInfo = ELKUtilKit;
		};
		AB70FB52242E52B9006F991B /* PBXContainerItemProxy */ = {
			isa = PBXContainerItemProxy;
			containerPortal = AB70FB23242E52B8006F991B /* Project object */;
			proxyType = 1;
			remoteGlobalIDString = AB70FB2A242E52B8006F991B;
			remoteInfo = ELKUtilKit;
		};
/* End PBXContainerItemProxy section */

/* Begin PBXFileReference section */
		014456DBAF2D388ADF88DDDC /* libPods-ELKUtilKit.a */ = {isa = PBXFileReference; explicitFileType = archive.ar; includeInIndex = 0; path = "libPods-ELKUtilKit.a"; sourceTree = BUILT_PRODUCTS_DIR; };
		418B2E831407450DDFF65BE6 /* Pods-ELKUtilKit.release.xcconfig */ = {isa = PBXFileReference; includeInIndex = 1; lastKnownFileType = text.xcconfig; name = "Pods-ELKUtilKit.release.xcconfig"; path = "Target Support Files/Pods-ELKUtilKit/Pods-ELKUtilKit.release.xcconfig"; sourceTree = "<group>"; };
		AB70FB2B242E52B8006F991B /* ELKUtilKit.app */ = {isa = PBXFileReference; explicitFileType = wrapper.application; includeInIndex = 0; path = ELKUtilKit.app; sourceTree = BUILT_PRODUCTS_DIR; };
		AB70FB2E242E52B8006F991B /* AppDelegate.h */ = {isa = PBXFileReference; lastKnownFileType = sourcecode.c.h; path = AppDelegate.h; sourceTree = "<group>"; };
		AB70FB2F242E52B8006F991B /* AppDelegate.m */ = {isa = PBXFileReference; lastKnownFileType = sourcecode.c.objc; path = AppDelegate.m; sourceTree = "<group>"; };
		AB70FB34242E52B8006F991B /* ViewController.h */ = {isa = PBXFileReference; lastKnownFileType = sourcecode.c.h; path = ViewController.h; sourceTree = "<group>"; };
		AB70FB35242E52B8006F991B /* ViewController.m */ = {isa = PBXFileReference; lastKnownFileType = sourcecode.c.objc; path = ViewController.m; sourceTree = "<group>"; };
		AB70FB38242E52B8006F991B /* Base */ = {isa = PBXFileReference; lastKnownFileType = file.storyboard; name = Base; path = Base.lproj/Main.storyboard; sourceTree = "<group>"; };
		AB70FB3A242E52B9006F991B /* Assets.xcassets */ = {isa = PBXFileReference; lastKnownFileType = folder.assetcatalog; path = Assets.xcassets; sourceTree = "<group>"; };
		AB70FB3D242E52B9006F991B /* Base */ = {isa = PBXFileReference; lastKnownFileType = file.storyboard; name = Base; path = Base.lproj/LaunchScreen.storyboard; sourceTree = "<group>"; };
		AB70FB3F242E52B9006F991B /* Info.plist */ = {isa = PBXFileReference; lastKnownFileType = text.plist.xml; path = Info.plist; sourceTree = "<group>"; };
		AB70FB40242E52B9006F991B /* main.m */ = {isa = PBXFileReference; lastKnownFileType = sourcecode.c.objc; path = main.m; sourceTree = "<group>"; };
		AB70FB46242E52B9006F991B /* ELKUtilKitTests.xctest */ = {isa = PBXFileReference; explicitFileType = wrapper.cfbundle; includeInIndex = 0; path = ELKUtilKitTests.xctest; sourceTree = BUILT_PRODUCTS_DIR; };
		AB70FB4A242E52B9006F991B /* ELKUtilKitTests.m */ = {isa = PBXFileReference; lastKnownFileType = sourcecode.c.objc; path = ELKUtilKitTests.m; sourceTree = "<group>"; };
		AB70FB4C242E52B9006F991B /* Info.plist */ = {isa = PBXFileReference; lastKnownFileType = text.plist.xml; path = Info.plist; sourceTree = "<group>"; };
		AB70FB51242E52B9006F991B /* ELKUtilKitUITests.xctest */ = {isa = PBXFileReference; explicitFileType = wrapper.cfbundle; includeInIndex = 0; path = ELKUtilKitUITests.xctest; sourceTree = BUILT_PRODUCTS_DIR; };
		AB70FB55242E52B9006F991B /* ELKUtilKitUITests.m */ = {isa = PBXFileReference; lastKnownFileType = sourcecode.c.objc; path = ELKUtilKitUITests.m; sourceTree = "<group>"; };
		AB70FB57242E52B9006F991B /* Info.plist */ = {isa = PBXFileReference; lastKnownFileType = text.plist.xml; path = Info.plist; sourceTree = "<group>"; };
		AB70FBA1242E54A3006F991B /* SecondViewController.m */ = {isa = PBXFileReference; fileEncoding = 4; lastKnownFileType = sourcecode.c.objc; path = SecondViewController.m; sourceTree = "<group>"; };
		AB70FBA2242E54A3006F991B /* SecondViewController.h */ = {isa = PBXFileReference; fileEncoding = 4; lastKnownFileType = sourcecode.c.h; path = SecondViewController.h; sourceTree = "<group>"; };
		AB70FBFA242E54F7006F991B /* ELKUtilKit.h */ = {isa = PBXFileReference; fileEncoding = 4; lastKnownFileType = sourcecode.c.h; path = ELKUtilKit.h; sourceTree = "<group>"; };
		AB70FBFC242E54F7006F991B /* NSBundle+ELKUtilResources.m */ = {isa = PBXFileReference; fileEncoding = 4; lastKnownFileType = sourcecode.c.objc; path = "NSBundle+ELKUtilResources.m"; sourceTree = "<group>"; };
		AB70FBFD242E54F7006F991B /* UIImage+ELKUtilResources.h */ = {isa = PBXFileReference; fileEncoding = 4; lastKnownFileType = sourcecode.c.h; path = "UIImage+ELKUtilResources.h"; sourceTree = "<group>"; };
		AB70FBFE242E54F7006F991B /* NSBundle+ELKUtilResources.h */ = {isa = PBXFileReference; fileEncoding = 4; lastKnownFileType = sourcecode.c.h; path = "NSBundle+ELKUtilResources.h"; sourceTree = "<group>"; };
		AB70FBFF242E54F7006F991B /* UIImage+ELKUtilResources.m */ = {isa = PBXFileReference; fileEncoding = 4; lastKnownFileType = sourcecode.c.objc; path = "UIImage+ELKUtilResources.m"; sourceTree = "<group>"; };
		AB70FC02242E54F7006F991B /* ELKUtilQuant.h */ = {isa = PBXFileReference; fileEncoding = 4; lastKnownFileType = sourcecode.c.h; path = ELKUtilQuant.h; sourceTree = "<group>"; };
		AB70FC03242E54F7006F991B /* ELKUtilQuant.m */ = {isa = PBXFileReference; fileEncoding = 4; lastKnownFileType = sourcecode.c.objc; path = ELKUtilQuant.m; sourceTree = "<group>"; };
		AB70FC05242E54F7006F991B /* ELKUtilSwizzling.h */ = {isa = PBXFileReference; fileEncoding = 4; lastKnownFileType = sourcecode.c.h; path = ELKUtilSwizzling.h; sourceTree = "<group>"; };
		AB70FC06242E54F7006F991B /* ELKUtilSwizzling.m */ = {isa = PBXFileReference; fileEncoding = 4; lastKnownFileType = sourcecode.c.objc; path = ELKUtilSwizzling.m; sourceTree = "<group>"; };
		AB70FC07242E54F7006F991B /* ELKUtilDefinesHeader.h */ = {isa = PBXFileReference; fileEncoding = 4; lastKnownFileType = sourcecode.c.h; path = ELKUtilDefinesHeader.h; sourceTree = "<group>"; };
		AB70FC0E242E54F7006F991B /* ELKDatePickerView.h */ = {isa = PBXFileReference; fileEncoding = 4; lastKnownFileType = sourcecode.c.h; path = ELKDatePickerView.h; sourceTree = "<group>"; };
		AB70FC0F242E54F7006F991B /* ELKDatePickerView.m */ = {isa = PBXFileReference; fileEncoding = 4; lastKnownFileType = sourcecode.c.objc; path = ELKDatePickerView.m; sourceTree = "<group>"; };
		AB70FC11242E54F7006F991B /* ELKStarView.m */ = {isa = PBXFileReference; fileEncoding = 4; lastKnownFileType = sourcecode.c.objc; path = ELKStarView.m; sourceTree = "<group>"; };
		AB70FC12242E54F7006F991B /* ELKFiveStarView.m */ = {isa = PBXFileReference; fileEncoding = 4; lastKnownFileType = sourcecode.c.objc; path = ELKFiveStarView.m; sourceTree = "<group>"; };
		AB70FC13242E54F7006F991B /* ELKFiveStarView.h */ = {isa = PBXFileReference; fileEncoding = 4; lastKnownFileType = sourcecode.c.h; path = ELKFiveStarView.h; sourceTree = "<group>"; };
		AB70FC14242E54F7006F991B /* ELKStarView.h */ = {isa = PBXFileReference; fileEncoding = 4; lastKnownFileType = sourcecode.c.h; path = ELKStarView.h; sourceTree = "<group>"; };
		AB70FC16242E54F7006F991B /* UITextView+ELKPlaceHolder.h */ = {isa = PBXFileReference; fileEncoding = 4; lastKnownFileType = sourcecode.c.h; path = "UITextView+ELKPlaceHolder.h"; sourceTree = "<group>"; };
		AB70FC17242E54F7006F991B /* UITextView+ELKPlaceHolder.m */ = {isa = PBXFileReference; fileEncoding = 4; lastKnownFileType = sourcecode.c.objc; path = "UITextView+ELKPlaceHolder.m"; sourceTree = "<group>"; };
		AB70FC19242E54F7006F991B /* ELKNoDataView.m */ = {isa = PBXFileReference; fileEncoding = 4; lastKnownFileType = sourcecode.c.objc; path = ELKNoDataView.m; sourceTree = "<group>"; };
		AB70FC1A242E54F7006F991B /* ELKNoDataView.h */ = {isa = PBXFileReference; fileEncoding = 4; lastKnownFileType = sourcecode.c.h; path = ELKNoDataView.h; sourceTree = "<group>"; };
		AB70FC1C242E54F7006F991B /* ELKSegmentControl.h */ = {isa = PBXFileReference; fileEncoding = 4; lastKnownFileType = sourcecode.c.h; path = ELKSegmentControl.h; sourceTree = "<group>"; };
		AB70FC1D242E54F7006F991B /* ELKSegmentControl.m */ = {isa = PBXFileReference; fileEncoding = 4; lastKnownFileType = sourcecode.c.objc; path = ELKSegmentControl.m; sourceTree = "<group>"; };
		AB70FC1F242E54F7006F991B /* ELKPapawView.m */ = {isa = PBXFileReference; fileEncoding = 4; lastKnownFileType = sourcecode.c.objc; path = ELKPapawView.m; sourceTree = "<group>"; };
		AB70FC20242E54F7006F991B /* ELKPapawView.h */ = {isa = PBXFileReference; fileEncoding = 4; lastKnownFileType = sourcecode.c.h; path = ELKPapawView.h; sourceTree = "<group>"; };
		AB70FC2E242E5501006F991B /* ELKUtilKitChained.h */ = {isa = PBXFileReference; fileEncoding = 4; lastKnownFileType = sourcecode.c.h; path = ELKUtilKitChained.h; sourceTree = "<group>"; };
		AB70FC31242E5501006F991B /* ELKStarView+ELKUtilChained.h */ = {isa = PBXFileReference; fileEncoding = 4; lastKnownFileType = sourcecode.c.h; path = "ELKStarView+ELKUtilChained.h"; sourceTree = "<group>"; };
		AB70FC32242E5501006F991B /* ELKStarView+ELKUtilChained.m */ = {isa = PBXFileReference; fileEncoding = 4; lastKnownFileType = sourcecode.c.objc; path = "ELKStarView+ELKUtilChained.m"; sourceTree = "<group>"; };
		AB70FC34242E5501006F991B /* UITextView+ELKUtilPlaceHolderChained.m */ = {isa = PBXFileReference; fileEncoding = 4; lastKnownFileType = sourcecode.c.objc; path = "UITextView+ELKUtilPlaceHolderChained.m"; sourceTree = "<group>"; };
		AB70FC35242E5501006F991B /* UITextView+ELKUtilPlaceHolderChained.h */ = {isa = PBXFileReference; fileEncoding = 4; lastKnownFileType = sourcecode.c.h; path = "UITextView+ELKUtilPlaceHolderChained.h"; sourceTree = "<group>"; };
		AB70FC37242E5501006F991B /* ELKSegmentControl+ELKUtilChained.h */ = {isa = PBXFileReference; fileEncoding = 4; lastKnownFileType = sourcecode.c.h; path = "ELKSegmentControl+ELKUtilChained.h"; sourceTree = "<group>"; };
		AB70FC38242E5501006F991B /* ELKSegmentControl+ELKUtilChained.m */ = {isa = PBXFileReference; fileEncoding = 4; lastKnownFileType = sourcecode.c.objc; path = "ELKSegmentControl+ELKUtilChained.m"; sourceTree = "<group>"; };
		AB70FC3E242E5642006F991B /* ELKPrefixHeader.pch */ = {isa = PBXFileReference; lastKnownFileType = sourcecode.c.h; path = ELKPrefixHeader.pch; sourceTree = "<group>"; };
		AB70FC41242E6CE2006F991B /* ELKUtilResources.bundle */ = {isa = PBXFileReference; lastKnownFileType = "wrapper.plug-in"; name = ELKUtilResources.bundle; path = ELKProducts/Release/ELKUtilResources.bundle; sourceTree = SOURCE_ROOT; };
		BC8613332983C5030E0C3212 /* Pods-ELKUtilKit.debug.xcconfig */ = {isa = PBXFileReference; includeInIndex = 1; lastKnownFileType = text.xcconfig; name = "Pods-ELKUtilKit.debug.xcconfig"; path = "Target Support Files/Pods-ELKUtilKit/Pods-ELKUtilKit.debug.xcconfig"; sourceTree = "<group>"; };
/* End PBXFileReference section */

/* Begin PBXFrameworksBuildPhase section */
		AB70FB28242E52B8006F991B /* Frameworks */ = {
			isa = PBXFrameworksBuildPhase;
			buildActionMask = 2147483647;
			files = (
				1A68184047804055688313DB /* libPods-ELKUtilKit.a in Frameworks */,
			);
			runOnlyForDeploymentPostprocessing = 0;
		};
		AB70FB43242E52B9006F991B /* Frameworks */ = {
			isa = PBXFrameworksBuildPhase;
			buildActionMask = 2147483647;
			files = (
			);
			runOnlyForDeploymentPostprocessing = 0;
		};
		AB70FB4E242E52B9006F991B /* Frameworks */ = {
			isa = PBXFrameworksBuildPhase;
			buildActionMask = 2147483647;
			files = (
			);
			runOnlyForDeploymentPostprocessing = 0;
		};
/* End PBXFrameworksBuildPhase section */

/* Begin PBXGroup section */
		2668B87DDD9586E8BFE25EC0 /* Pods */ = {
			isa = PBXGroup;
			children = (
				BC8613332983C5030E0C3212 /* Pods-ELKUtilKit.debug.xcconfig */,
				418B2E831407450DDFF65BE6 /* Pods-ELKUtilKit.release.xcconfig */,
			);
			path = Pods;
			sourceTree = "<group>";
		};
		AB70FB22242E52B8006F991B = {
			isa = PBXGroup;
			children = (
				AB70FB2D242E52B8006F991B /* ELKUtilDemo */,
				AB70FB49242E52B9006F991B /* ELKUtilKitTests */,
				AB70FB54242E52B9006F991B /* ELKUtilKitUITests */,
				AB70FB2C242E52B8006F991B /* Products */,
				2668B87DDD9586E8BFE25EC0 /* Pods */,
				C3D2B8055A5F5FF33BF2A987 /* Frameworks */,
			);
			sourceTree = "<group>";
		};
		AB70FB2C242E52B8006F991B /* Products */ = {
			isa = PBXGroup;
			children = (
				AB70FB2B242E52B8006F991B /* ELKUtilKit.app */,
				AB70FB46242E52B9006F991B /* ELKUtilKitTests.xctest */,
				AB70FB51242E52B9006F991B /* ELKUtilKitUITests.xctest */,
			);
			name = Products;
			sourceTree = "<group>";
		};
		AB70FB2D242E52B8006F991B /* ELKUtilDemo */ = {
			isa = PBXGroup;
			children = (
				AB70FB2E242E52B8006F991B /* AppDelegate.h */,
				AB70FB2F242E52B8006F991B /* AppDelegate.m */,
				AB70FBF9242E54F7006F991B /* ELKUtilKit */,
				AB70FC2D242E5501006F991B /* ELKUtilKitChained */,
				AB70FB63242E52DD006F991B /* Others */,
				AB70FBA2242E54A3006F991B /* SecondViewController.h */,
				AB70FBA1242E54A3006F991B /* SecondViewController.m */,
				AB70FB34242E52B8006F991B /* ViewController.h */,
				AB70FB35242E52B8006F991B /* ViewController.m */,
			);
			path = ELKUtilDemo;
			sourceTree = "<group>";
		};
		AB70FB49242E52B9006F991B /* ELKUtilKitTests */ = {
			isa = PBXGroup;
			children = (
				AB70FB4A242E52B9006F991B /* ELKUtilKitTests.m */,
				AB70FB4C242E52B9006F991B /* Info.plist */,
			);
			path = ELKUtilKitTests;
			sourceTree = "<group>";
		};
		AB70FB54242E52B9006F991B /* ELKUtilKitUITests */ = {
			isa = PBXGroup;
			children = (
				AB70FB55242E52B9006F991B /* ELKUtilKitUITests.m */,
				AB70FB57242E52B9006F991B /* Info.plist */,
			);
			path = ELKUtilKitUITests;
			sourceTree = "<group>";
		};
		AB70FB63242E52DD006F991B /* Others */ = {
			isa = PBXGroup;
			children = (
				AB70FB3A242E52B9006F991B /* Assets.xcassets */,
				AB70FC3E242E5642006F991B /* ELKPrefixHeader.pch */,
				AB70FC41242E6CE2006F991B /* ELKUtilResources.bundle */,
				AB70FB3F242E52B9006F991B /* Info.plist */,
				AB70FB3C242E52B9006F991B /* LaunchScreen.storyboard */,
				AB70FB40242E52B9006F991B /* main.m */,
				AB70FB37242E52B8006F991B /* Main.storyboard */,
			);
			path = Others;
			sourceTree = "<group>";
		};
		AB70FBF9242E54F7006F991B /* ELKUtilKit */ = {
			isa = PBXGroup;
			children = (
				AB70FBFA242E54F7006F991B /* ELKUtilKit.h */,
				AB70FC08242E54F7006F991B /* Modules */,
				AB70FC00242E54F7006F991B /* Utils */,
			);
			name = ELKUtilKit;
			path = ELKUtilKit/ELKUtilKit;
			sourceTree = SOURCE_ROOT;
		};
		AB70FBFB242E54F7006F991B /* Category */ = {
			isa = PBXGroup;
			children = (
				AB70FBFE242E54F7006F991B /* NSBundle+ELKUtilResources.h */,
				AB70FBFC242E54F7006F991B /* NSBundle+ELKUtilResources.m */,
				AB70FBFD242E54F7006F991B /* UIImage+ELKUtilResources.h */,
				AB70FBFF242E54F7006F991B /* UIImage+ELKUtilResources.m */,
			);
			path = Category;
			sourceTree = "<group>";
		};
		AB70FC00242E54F7006F991B /* Utils */ = {
			isa = PBXGroup;
			children = (
				AB70FC07242E54F7006F991B /* ELKUtilDefinesHeader.h */,
				AB70FBFB242E54F7006F991B /* Category */,
				AB70FC01242E54F7006F991B /* Quant */,
				AB70FC04242E54F7006F991B /* Swizzling */,
			);
			path = Utils;
			sourceTree = "<group>";
		};
		AB70FC01242E54F7006F991B /* Quant */ = {
			isa = PBXGroup;
			children = (
				AB70FC02242E54F7006F991B /* ELKUtilQuant.h */,
				AB70FC03242E54F7006F991B /* ELKUtilQuant.m */,
			);
			path = Quant;
			sourceTree = "<group>";
		};
		AB70FC04242E54F7006F991B /* Swizzling */ = {
			isa = PBXGroup;
			children = (
				AB70FC05242E54F7006F991B /* ELKUtilSwizzling.h */,
				AB70FC06242E54F7006F991B /* ELKUtilSwizzling.m */,
			);
			path = Swizzling;
			sourceTree = "<group>";
		};
		AB70FC08242E54F7006F991B /* Modules */ = {
			isa = PBXGroup;
			children = (
				AB70FC18242E54F7006F991B /* ELKNoDataView */,
				AB70FC1E242E54F7006F991B /* ELKPapawView */,
				AB70FC0C242E54F7006F991B /* ELKPicker */,
				AB70FC1B242E54F7006F991B /* ELKSegmentControl */,
				AB70FC10242E54F7006F991B /* ELKStarView */,
				AB70FC15242E54F7006F991B /* ELKTextViewPlaceholder */,
			);
			path = Modules;
			sourceTree = "<group>";
		};
		AB70FC0C242E54F7006F991B /* ELKPicker */ = {
			isa = PBXGroup;
			children = (
				AB70FC0D242E54F7006F991B /* ELKDatePickerView */,
			);
			path = ELKPicker;
			sourceTree = "<group>";
		};
		AB70FC0D242E54F7006F991B /* ELKDatePickerView */ = {
			isa = PBXGroup;
			children = (
				AB70FC0E242E54F7006F991B /* ELKDatePickerView.h */,
				AB70FC0F242E54F7006F991B /* ELKDatePickerView.m */,
			);
			path = ELKDatePickerView;
			sourceTree = "<group>";
		};
		AB70FC10242E54F7006F991B /* ELKStarView */ = {
			isa = PBXGroup;
			children = (
				AB70FC13242E54F7006F991B /* ELKFiveStarView.h */,
				AB70FC12242E54F7006F991B /* ELKFiveStarView.m */,
				AB70FC14242E54F7006F991B /* ELKStarView.h */,
				AB70FC11242E54F7006F991B /* ELKStarView.m */,
			);
			path = ELKStarView;
			sourceTree = "<group>";
		};
		AB70FC15242E54F7006F991B /* ELKTextViewPlaceholder */ = {
			isa = PBXGroup;
			children = (
				AB70FC16242E54F7006F991B /* UITextView+ELKPlaceHolder.h */,
				AB70FC17242E54F7006F991B /* UITextView+ELKPlaceHolder.m */,
			);
			path = ELKTextViewPlaceholder;
			sourceTree = "<group>";
		};
		AB70FC18242E54F7006F991B /* ELKNoDataView */ = {
			isa = PBXGroup;
			children = (
				AB70FC1A242E54F7006F991B /* ELKNoDataView.h */,
				AB70FC19242E54F7006F991B /* ELKNoDataView.m */,
			);
			path = ELKNoDataView;
			sourceTree = "<group>";
		};
		AB70FC1B242E54F7006F991B /* ELKSegmentControl */ = {
			isa = PBXGroup;
			children = (
				AB70FC1C242E54F7006F991B /* ELKSegmentControl.h */,
				AB70FC1D242E54F7006F991B /* ELKSegmentControl.m */,
			);
			path = ELKSegmentControl;
			sourceTree = "<group>";
		};
		AB70FC1E242E54F7006F991B /* ELKPapawView */ = {
			isa = PBXGroup;
			children = (
				AB70FC20242E54F7006F991B /* ELKPapawView.h */,
				AB70FC1F242E54F7006F991B /* ELKPapawView.m */,
			);
			path = ELKPapawView;
			sourceTree = "<group>";
		};
		AB70FC2D242E5501006F991B /* ELKUtilKitChained */ = {
			isa = PBXGroup;
			children = (
				AB70FC2E242E5501006F991B /* ELKUtilKitChained.h */,
				AB70FC2F242E5501006F991B /* Modules */,
			);
			name = ELKUtilKitChained;
			path = ELKUtilKitChained/ELKUtilKitChained;
			sourceTree = SOURCE_ROOT;
		};
		AB70FC2F242E5501006F991B /* Modules */ = {
			isa = PBXGroup;
			children = (
				AB70FC30242E5501006F991B /* ELKStarView */,
				AB70FC33242E5501006F991B /* ELKTextViewPlaceholder */,
				AB70FC36242E5501006F991B /* ELKSegmentControl */,
			);
			path = Modules;
			sourceTree = "<group>";
		};
		AB70FC30242E5501006F991B /* ELKStarView */ = {
			isa = PBXGroup;
			children = (
				AB70FC31242E5501006F991B /* ELKStarView+ELKUtilChained.h */,
				AB70FC32242E5501006F991B /* ELKStarView+ELKUtilChained.m */,
			);
			path = ELKStarView;
			sourceTree = "<group>";
		};
		AB70FC33242E5501006F991B /* ELKTextViewPlaceholder */ = {
			isa = PBXGroup;
			children = (
				AB70FC34242E5501006F991B /* UITextView+ELKUtilPlaceHolderChained.m */,
				AB70FC35242E5501006F991B /* UITextView+ELKUtilPlaceHolderChained.h */,
			);
			path = ELKTextViewPlaceholder;
			sourceTree = "<group>";
		};
		AB70FC36242E5501006F991B /* ELKSegmentControl */ = {
			isa = PBXGroup;
			children = (
				AB70FC37242E5501006F991B /* ELKSegmentControl+ELKUtilChained.h */,
				AB70FC38242E5501006F991B /* ELKSegmentControl+ELKUtilChained.m */,
			);
			path = ELKSegmentControl;
			sourceTree = "<group>";
		};
		C3D2B8055A5F5FF33BF2A987 /* Frameworks */ = {
			isa = PBXGroup;
			children = (
				014456DBAF2D388ADF88DDDC /* libPods-ELKUtilKit.a */,
			);
			name = Frameworks;
			sourceTree = "<group>";
		};
/* End PBXGroup section */

/* Begin PBXNativeTarget section */
		AB70FB2A242E52B8006F991B /* ELKUtilKit */ = {
			isa = PBXNativeTarget;
			buildConfigurationList = AB70FB5A242E52B9006F991B /* Build configuration list for PBXNativeTarget "ELKUtilKit" */;
			buildPhases = (
				2E8BBCADAEB0BE294610699A /* [CP] Check Pods Manifest.lock */,
				AB70FB27242E52B8006F991B /* Sources */,
				AB70FB28242E52B8006F991B /* Frameworks */,
				AB70FB29242E52B8006F991B /* Resources */,
			);
			buildRules = (
			);
			dependencies = (
			);
			name = ELKUtilKit;
			productName = ELKUtilKit;
			productReference = AB70FB2B242E52B8006F991B /* ELKUtilKit.app */;
			productType = "com.apple.product-type.application";
		};
		AB70FB45242E52B9006F991B /* ELKUtilKitTests */ = {
			isa = PBXNativeTarget;
			buildConfigurationList = AB70FB5D242E52B9006F991B /* Build configuration list for PBXNativeTarget "ELKUtilKitTests" */;
			buildPhases = (
				AB70FB42242E52B9006F991B /* Sources */,
				AB70FB43242E52B9006F991B /* Frameworks */,
				AB70FB44242E52B9006F991B /* Resources */,
			);
			buildRules = (
			);
			dependencies = (
				AB70FB48242E52B9006F991B /* PBXTargetDependency */,
			);
			name = ELKUtilKitTests;
			productName = ELKUtilKitTests;
			productReference = AB70FB46242E52B9006F991B /* ELKUtilKitTests.xctest */;
			productType = "com.apple.product-type.bundle.unit-test";
		};
		AB70FB50242E52B9006F991B /* ELKUtilKitUITests */ = {
			isa = PBXNativeTarget;
			buildConfigurationList = AB70FB60242E52B9006F991B /* Build configuration list for PBXNativeTarget "ELKUtilKitUITests" */;
			buildPhases = (
				AB70FB4D242E52B9006F991B /* Sources */,
				AB70FB4E242E52B9006F991B /* Frameworks */,
				AB70FB4F242E52B9006F991B /* Resources */,
			);
			buildRules = (
			);
			dependencies = (
				AB70FB53242E52B9006F991B /* PBXTargetDependency */,
			);
			name = ELKUtilKitUITests;
			productName = ELKUtilKitUITests;
			productReference = AB70FB51242E52B9006F991B /* ELKUtilKitUITests.xctest */;
			productType = "com.apple.product-type.bundle.ui-testing";
		};
/* End PBXNativeTarget section */

/* Begin PBXProject section */
		AB70FB23242E52B8006F991B /* Project object */ = {
			isa = PBXProject;
			attributes = {
				LastUpgradeCheck = 1130;
				ORGANIZATIONNAME = wing;
				TargetAttributes = {
					AB70FB2A242E52B8006F991B = {
						CreatedOnToolsVersion = 11.3.1;
					};
					AB70FB45242E52B9006F991B = {
						CreatedOnToolsVersion = 11.3.1;
						TestTargetID = AB70FB2A242E52B8006F991B;
					};
					AB70FB50242E52B9006F991B = {
						CreatedOnToolsVersion = 11.3.1;
						TestTargetID = AB70FB2A242E52B8006F991B;
					};
				};
			};
			buildConfigurationList = AB70FB26242E52B8006F991B /* Build configuration list for PBXProject "ELKUtilKit" */;
			compatibilityVersion = "Xcode 9.3";
			developmentRegion = en;
			hasScannedForEncodings = 0;
			knownRegions = (
				en,
				Base,
			);
			mainGroup = AB70FB22242E52B8006F991B;
			productRefGroup = AB70FB2C242E52B8006F991B /* Products */;
			projectDirPath = "";
			projectRoot = "";
			targets = (
				AB70FB2A242E52B8006F991B /* ELKUtilKit */,
				AB70FB45242E52B9006F991B /* ELKUtilKitTests */,
				AB70FB50242E52B9006F991B /* ELKUtilKitUITests */,
			);
		};
/* End PBXProject section */

/* Begin PBXResourcesBuildPhase section */
		AB70FB29242E52B8006F991B /* Resources */ = {
			isa = PBXResourcesBuildPhase;
			buildActionMask = 2147483647;
			files = (
				AB70FC42242E6CE2006F991B /* ELKUtilResources.bundle in Resources */,
				AB70FB3E242E52B9006F991B /* LaunchScreen.storyboard in Resources */,
				AB70FB3B242E52B9006F991B /* Assets.xcassets in Resources */,
				AB70FB39242E52B8006F991B /* Main.storyboard in Resources */,
			);
			runOnlyForDeploymentPostprocessing = 0;
		};
		AB70FB44242E52B9006F991B /* Resources */ = {
			isa = PBXResourcesBuildPhase;
			buildActionMask = 2147483647;
			files = (
			);
			runOnlyForDeploymentPostprocessing = 0;
		};
		AB70FB4F242E52B9006F991B /* Resources */ = {
			isa = PBXResourcesBuildPhase;
			buildActionMask = 2147483647;
			files = (
			);
			runOnlyForDeploymentPostprocessing = 0;
		};
/* End PBXResourcesBuildPhase section */

/* Begin PBXShellScriptBuildPhase section */
		2E8BBCADAEB0BE294610699A /* [CP] Check Pods Manifest.lock */ = {
			isa = PBXShellScriptBuildPhase;
			buildActionMask = 2147483647;
			files = (
			);
			inputFileListPaths = (
			);
			inputPaths = (
				"${PODS_PODFILE_DIR_PATH}/Podfile.lock",
				"${PODS_ROOT}/Manifest.lock",
			);
			name = "[CP] Check Pods Manifest.lock";
			outputFileListPaths = (
			);
			outputPaths = (
				"$(DERIVED_FILE_DIR)/Pods-ELKUtilKit-checkManifestLockResult.txt",
			);
			runOnlyForDeploymentPostprocessing = 0;
			shellPath = /bin/sh;
			shellScript = "diff \"${PODS_PODFILE_DIR_PATH}/Podfile.lock\" \"${PODS_ROOT}/Manifest.lock\" > /dev/null\nif [ $? != 0 ] ; then\n    # print error to STDERR\n    echo \"error: The sandbox is not in sync with the Podfile.lock. Run 'pod install' or update your CocoaPods installation.\" >&2\n    exit 1\nfi\n# This output is used by Xcode 'outputs' to avoid re-running this script phase.\necho \"SUCCESS\" > \"${SCRIPT_OUTPUT_FILE_0}\"\n";
			showEnvVarsInLog = 0;
		};
/* End PBXShellScriptBuildPhase section */

/* Begin PBXSourcesBuildPhase section */
		AB70FB27242E52B8006F991B /* Sources */ = {
			isa = PBXSourcesBuildPhase;
			buildActionMask = 2147483647;
			files = (
				AB70FC29242E54F7006F991B /* UITextView+ELKPlaceHolder.m in Sources */,
				AB70FC3A242E5501006F991B /* UITextView+ELKUtilPlaceHolderChained.m in Sources */,
				AB70FC24242E54F7006F991B /* ELKUtilSwizzling.m in Sources */,
				AB70FC2A242E54F7006F991B /* ELKNoDataView.m in Sources */,
				AB70FC3B242E5501006F991B /* ELKSegmentControl+ELKUtilChained.m in Sources */,
				AB70FC22242E54F7006F991B /* UIImage+ELKUtilResources.m in Sources */,
				AB70FC27242E54F7006F991B /* ELKStarView.m in Sources */,
				AB70FC2B242E54F7006F991B /* ELKSegmentControl.m in Sources */,
				AB70FC23242E54F7006F991B /* ELKUtilQuant.m in Sources */,
				AB70FC21242E54F7006F991B /* NSBundle+ELKUtilResources.m in Sources */,
				AB70FBA3242E54A3006F991B /* SecondViewController.m in Sources */,
				AB70FC2C242E54F7006F991B /* ELKPapawView.m in Sources */,
				AB70FB36242E52B8006F991B /* ViewController.m in Sources */,
				AB70FC28242E54F7006F991B /* ELKFiveStarView.m in Sources */,
				AB70FB30242E52B8006F991B /* AppDelegate.m in Sources */,
				AB70FC26242E54F7006F991B /* ELKDatePickerView.m in Sources */,
				AB70FB41242E52B9006F991B /* main.m in Sources */,
				AB70FC39242E5501006F991B /* ELKStarView+ELKUtilChained.m in Sources */,
			);
			runOnlyForDeploymentPostprocessing = 0;
		};
		AB70FB42242E52B9006F991B /* Sources */ = {
			isa = PBXSourcesBuildPhase;
			buildActionMask = 2147483647;
			files = (
				AB70FB4B242E52B9006F991B /* ELKUtilKitTests.m in Sources */,
			);
			runOnlyForDeploymentPostprocessing = 0;
		};
		AB70FB4D242E52B9006F991B /* Sources */ = {
			isa = PBXSourcesBuildPhase;
			buildActionMask = 2147483647;
			files = (
				AB70FB56242E52B9006F991B /* ELKUtilKitUITests.m in Sources */,
			);
			runOnlyForDeploymentPostprocessing = 0;
		};
/* End PBXSourcesBuildPhase section */

/* Begin PBXTargetDependency section */
		AB70FB48242E52B9006F991B /* PBXTargetDependency */ = {
			isa = PBXTargetDependency;
			target = AB70FB2A242E52B8006F991B /* ELKUtilKit */;
			targetProxy = AB70FB47242E52B9006F991B /* PBXContainerItemProxy */;
		};
		AB70FB53242E52B9006F991B /* PBXTargetDependency */ = {
			isa = PBXTargetDependency;
			target = AB70FB2A242E52B8006F991B /* ELKUtilKit */;
			targetProxy = AB70FB52242E52B9006F991B /* PBXContainerItemProxy */;
		};
/* End PBXTargetDependency section */

/* Begin PBXVariantGroup section */
		AB70FB37242E52B8006F991B /* Main.storyboard */ = {
			isa = PBXVariantGroup;
			children = (
				AB70FB38242E52B8006F991B /* Base */,
			);
			name = Main.storyboard;
			sourceTree = "<group>";
		};
		AB70FB3C242E52B9006F991B /* LaunchScreen.storyboard */ = {
			isa = PBXVariantGroup;
			children = (
				AB70FB3D242E52B9006F991B /* Base */,
			);
			name = LaunchScreen.storyboard;
			sourceTree = "<group>";
		};
/* End PBXVariantGroup section */

/* Begin XCBuildConfiguration section */
		AB70FB58242E52B9006F991B /* Debug */ = {
			isa = XCBuildConfiguration;
			buildSettings = {
				ALWAYS_SEARCH_USER_PATHS = NO;
				CLANG_ANALYZER_NONNULL = YES;
				CLANG_ANALYZER_NUMBER_OBJECT_CONVERSION = YES_AGGRESSIVE;
				CLANG_CXX_LANGUAGE_STANDARD = "gnu++14";
				CLANG_CXX_LIBRARY = "libc++";
				CLANG_ENABLE_MODULES = YES;
				CLANG_ENABLE_OBJC_ARC = YES;
				CLANG_ENABLE_OBJC_WEAK = YES;
				CLANG_WARN_BLOCK_CAPTURE_AUTORELEASING = YES;
				CLANG_WARN_BOOL_CONVERSION = YES;
				CLANG_WARN_COMMA = YES;
				CLANG_WARN_CONSTANT_CONVERSION = YES;
				CLANG_WARN_DEPRECATED_OBJC_IMPLEMENTATIONS = YES;
				CLANG_WARN_DIRECT_OBJC_ISA_USAGE = YES_ERROR;
				CLANG_WARN_DOCUMENTATION_COMMENTS = YES;
				CLANG_WARN_EMPTY_BODY = YES;
				CLANG_WARN_ENUM_CONVERSION = YES;
				CLANG_WARN_INFINITE_RECURSION = YES;
				CLANG_WARN_INT_CONVERSION = YES;
				CLANG_WARN_NON_LITERAL_NULL_CONVERSION = YES;
				CLANG_WARN_OBJC_IMPLICIT_RETAIN_SELF = YES;
				CLANG_WARN_OBJC_LITERAL_CONVERSION = YES;
				CLANG_WARN_OBJC_ROOT_CLASS = YES_ERROR;
				CLANG_WARN_RANGE_LOOP_ANALYSIS = YES;
				CLANG_WARN_STRICT_PROTOTYPES = YES;
				CLANG_WARN_SUSPICIOUS_MOVE = YES;
				CLANG_WARN_UNGUARDED_AVAILABILITY = YES_AGGRESSIVE;
				CLANG_WARN_UNREACHABLE_CODE = YES;
				CLANG_WARN__DUPLICATE_METHOD_MATCH = YES;
				COPY_PHASE_STRIP = NO;
				DEBUG_INFORMATION_FORMAT = dwarf;
				ENABLE_STRICT_OBJC_MSGSEND = YES;
				ENABLE_TESTABILITY = YES;
				GCC_C_LANGUAGE_STANDARD = gnu11;
				GCC_DYNAMIC_NO_PIC = NO;
				GCC_NO_COMMON_BLOCKS = YES;
				GCC_OPTIMIZATION_LEVEL = 0;
				GCC_PREPROCESSOR_DEFINITIONS = (
					"DEBUG=1",
					"$(inherited)",
				);
				GCC_WARN_64_TO_32_BIT_CONVERSION = YES;
				GCC_WARN_ABOUT_RETURN_TYPE = YES_ERROR;
				GCC_WARN_UNDECLARED_SELECTOR = YES;
				GCC_WARN_UNINITIALIZED_AUTOS = YES_AGGRESSIVE;
				GCC_WARN_UNUSED_FUNCTION = YES;
				GCC_WARN_UNUSED_VARIABLE = YES;
				IPHONEOS_DEPLOYMENT_TARGET = 9.0;
				MTL_ENABLE_DEBUG_INFO = INCLUDE_SOURCE;
				MTL_FAST_MATH = YES;
				ONLY_ACTIVE_ARCH = YES;
				SDKROOT = iphoneos;
			};
			name = Debug;
		};
		AB70FB59242E52B9006F991B /* Release */ = {
			isa = XCBuildConfiguration;
			buildSettings = {
				ALWAYS_SEARCH_USER_PATHS = NO;
				CLANG_ANALYZER_NONNULL = YES;
				CLANG_ANALYZER_NUMBER_OBJECT_CONVERSION = YES_AGGRESSIVE;
				CLANG_CXX_LANGUAGE_STANDARD = "gnu++14";
				CLANG_CXX_LIBRARY = "libc++";
				CLANG_ENABLE_MODULES = YES;
				CLANG_ENABLE_OBJC_ARC = YES;
				CLANG_ENABLE_OBJC_WEAK = YES;
				CLANG_WARN_BLOCK_CAPTURE_AUTORELEASING = YES;
				CLANG_WARN_BOOL_CONVERSION = YES;
				CLANG_WARN_COMMA = YES;
				CLANG_WARN_CONSTANT_CONVERSION = YES;
				CLANG_WARN_DEPRECATED_OBJC_IMPLEMENTATIONS = YES;
				CLANG_WARN_DIRECT_OBJC_ISA_USAGE = YES_ERROR;
				CLANG_WARN_DOCUMENTATION_COMMENTS = YES;
				CLANG_WARN_EMPTY_BODY = YES;
				CLANG_WARN_ENUM_CONVERSION = YES;
				CLANG_WARN_INFINITE_RECURSION = YES;
				CLANG_WARN_INT_CONVERSION = YES;
				CLANG_WARN_NON_LITERAL_NULL_CONVERSION = YES;
				CLANG_WARN_OBJC_IMPLICIT_RETAIN_SELF = YES;
				CLANG_WARN_OBJC_LITERAL_CONVERSION = YES;
				CLANG_WARN_OBJC_ROOT_CLASS = YES_ERROR;
				CLANG_WARN_RANGE_LOOP_ANALYSIS = YES;
				CLANG_WARN_STRICT_PROTOTYPES = YES;
				CLANG_WARN_SUSPICIOUS_MOVE = YES;
				CLANG_WARN_UNGUARDED_AVAILABILITY = YES_AGGRESSIVE;
				CLANG_WARN_UNREACHABLE_CODE = YES;
				CLANG_WARN__DUPLICATE_METHOD_MATCH = YES;
				COPY_PHASE_STRIP = NO;
				DEBUG_INFORMATION_FORMAT = "dwarf-with-dsym";
				ENABLE_NS_ASSERTIONS = NO;
				ENABLE_STRICT_OBJC_MSGSEND = YES;
				GCC_C_LANGUAGE_STANDARD = gnu11;
				GCC_NO_COMMON_BLOCKS = YES;
				GCC_WARN_64_TO_32_BIT_CONVERSION = YES;
				GCC_WARN_ABOUT_RETURN_TYPE = YES_ERROR;
				GCC_WARN_UNDECLARED_SELECTOR = YES;
				GCC_WARN_UNINITIALIZED_AUTOS = YES_AGGRESSIVE;
				GCC_WARN_UNUSED_FUNCTION = YES;
				GCC_WARN_UNUSED_VARIABLE = YES;
				IPHONEOS_DEPLOYMENT_TARGET = 9.0;
				MTL_ENABLE_DEBUG_INFO = NO;
				MTL_FAST_MATH = YES;
				SDKROOT = iphoneos;
				VALIDATE_PRODUCT = YES;
			};
			name = Release;
		};
		AB70FB5B242E52B9006F991B /* Debug */ = {
			isa = XCBuildConfiguration;
			baseConfigurationReference = BC8613332983C5030E0C3212 /* Pods-ELKUtilKit.debug.xcconfig */;
			buildSettings = {
				ASSETCATALOG_COMPILER_APPICON_NAME = AppIcon;
				CODE_SIGN_STYLE = Automatic;
				DEVELOPMENT_TEAM = J8BTB638K2;
				GCC_PREFIX_HEADER = "$(SRCROOT)/ELKUtilDemo/Others/ELKPrefixHeader.pch";
				INFOPLIST_FILE = ELKUtilDemo/Others/Info.plist;
				LD_RUNPATH_SEARCH_PATHS = (
					"$(inherited)",
					"@executable_path/Frameworks",
				);
				PRODUCT_BUNDLE_IDENTIFIER = com.elk.ELKUtilKit;
				PRODUCT_NAME = "$(TARGET_NAME)";
				TARGETED_DEVICE_FAMILY = "1,2";
			};
			name = Debug;
		};
		AB70FB5C242E52B9006F991B /* Release */ = {
			isa = XCBuildConfiguration;
			baseConfigurationReference = 418B2E831407450DDFF65BE6 /* Pods-ELKUtilKit.release.xcconfig */;
			buildSettings = {
				ASSETCATALOG_COMPILER_APPICON_NAME = AppIcon;
				CODE_SIGN_STYLE = Automatic;
				DEVELOPMENT_TEAM = J8BTB638K2;
				GCC_PREFIX_HEADER = "$(SRCROOT)/ELKUtilDemo/Others/ELKPrefixHeader.pch";
				INFOPLIST_FILE = ELKUtilDemo/Others/Info.plist;
				LD_RUNPATH_SEARCH_PATHS = (
					"$(inherited)",
					"@executable_path/Frameworks",
				);
				PRODUCT_BUNDLE_IDENTIFIER = com.elk.ELKUtilKit;
				PRODUCT_NAME = "$(TARGET_NAME)";
				TARGETED_DEVICE_FAMILY = "1,2";
			};
			name = Release;
		};
		AB70FB5E242E52B9006F991B /* Debug */ = {
			isa = XCBuildConfiguration;
			buildSettings = {
				BUNDLE_LOADER = "$(TEST_HOST)";
				CODE_SIGN_STYLE = Automatic;
				DEVELOPMENT_TEAM = J8BTB638K2;
				INFOPLIST_FILE = ELKUtilKitTests/Info.plist;
				IPHONEOS_DEPLOYMENT_TARGET = 13.2;
				LD_RUNPATH_SEARCH_PATHS = (
					"$(inherited)",
					"@executable_path/Frameworks",
					"@loader_path/Frameworks",
				);
				PRODUCT_BUNDLE_IDENTIFIER = com.elk.ELKUtilKitTests;
				PRODUCT_NAME = "$(TARGET_NAME)";
				TARGETED_DEVICE_FAMILY = "1,2";
				TEST_HOST = "$(BUILT_PRODUCTS_DIR)/ELKUtilKit.app/ELKUtilKit";
			};
			name = Debug;
		};
		AB70FB5F242E52B9006F991B /* Release */ = {
			isa = XCBuildConfiguration;
			buildSettings = {
				BUNDLE_LOADER = "$(TEST_HOST)";
				CODE_SIGN_STYLE = Automatic;
				DEVELOPMENT_TEAM = J8BTB638K2;
				INFOPLIST_FILE = ELKUtilKitTests/Info.plist;
				IPHONEOS_DEPLOYMENT_TARGET = 13.2;
				LD_RUNPATH_SEARCH_PATHS = (
					"$(inherited)",
					"@executable_path/Frameworks",
					"@loader_path/Frameworks",
				);
				PRODUCT_BUNDLE_IDENTIFIER = com.elk.ELKUtilKitTests;
				PRODUCT_NAME = "$(TARGET_NAME)";
				TARGETED_DEVICE_FAMILY = "1,2";
				TEST_HOST = "$(BUILT_PRODUCTS_DIR)/ELKUtilKit.app/ELKUtilKit";
			};
			name = Release;
		};
		AB70FB61242E52B9006F991B /* Debug */ = {
			isa = XCBuildConfiguration;
			buildSettings = {
				CODE_SIGN_STYLE = Automatic;
				DEVELOPMENT_TEAM = J8BTB638K2;
				INFOPLIST_FILE = ELKUtilKitUITests/Info.plist;
				LD_RUNPATH_SEARCH_PATHS = (
					"$(inherited)",
					"@executable_path/Frameworks",
					"@loader_path/Frameworks",
				);
				PRODUCT_BUNDLE_IDENTIFIER = com.elk.ELKUtilKitUITests;
				PRODUCT_NAME = "$(TARGET_NAME)";
				TARGETED_DEVICE_FAMILY = "1,2";
				TEST_TARGET_NAME = ELKUtilKit;
			};
			name = Debug;
		};
		AB70FB62242E52B9006F991B /* Release */ = {
			isa = XCBuildConfiguration;
			buildSettings = {
				CODE_SIGN_STYLE = Automatic;
				DEVELOPMENT_TEAM = J8BTB638K2;
				INFOPLIST_FILE = ELKUtilKitUITests/Info.plist;
				LD_RUNPATH_SEARCH_PATHS = (
					"$(inherited)",
					"@executable_path/Frameworks",
					"@loader_path/Frameworks",
				);
				PRODUCT_BUNDLE_IDENTIFIER = com.elk.ELKUtilKitUITests;
				PRODUCT_NAME = "$(TARGET_NAME)";
				TARGETED_DEVICE_FAMILY = "1,2";
				TEST_TARGET_NAME = ELKUtilKit;
			};
			name = Release;
		};
/* End XCBuildConfiguration section */

/* Begin XCConfigurationList section */
		AB70FB26242E52B8006F991B /* Build configuration list for PBXProject "ELKUtilKit" */ = {
			isa = XCConfigurationList;
			buildConfigurations = (
				AB70FB58242E52B9006F991B /* Debug */,
				AB70FB59242E52B9006F991B /* Release */,
			);
			defaultConfigurationIsVisible = 0;
			defaultConfigurationName = Release;
		};
		AB70FB5A242E52B9006F991B /* Build configuration list for PBXNativeTarget "ELKUtilKit" */ = {
			isa = XCConfigurationList;
			buildConfigurations = (
				AB70FB5B242E52B9006F991B /* Debug */,
				AB70FB5C242E52B9006F991B /* Release */,
			);
			defaultConfigurationIsVisible = 0;
			defaultConfigurationName = Release;
		};
		AB70FB5D242E52B9006F991B /* Build configuration list for PBXNativeTarget "ELKUtilKitTests" */ = {
			isa = XCConfigurationList;
			buildConfigurations = (
				AB70FB5E242E52B9006F991B /* Debug */,
				AB70FB5F242E52B9006F991B /* Release */,
			);
			defaultConfigurationIsVisible = 0;
			defaultConfigurationName = Release;
		};
		AB70FB60242E52B9006F991B /* Build configuration list for PBXNativeTarget "ELKUtilKitUITests" */ = {
			isa = XCConfigurationList;
			buildConfigurations = (
				AB70FB61242E52B9006F991B /* Debug */,
				AB70FB62242E52B9006F991B /* Release */,
			);
			defaultConfigurationIsVisible = 0;
			defaultConfigurationName = Release;
		};
/* End XCConfigurationList section */
	};
	rootObject = AB70FB23242E52B8006F991B /* Project object */;
}
