// !$*UTF8*$!
{
	archiveVersion = 1;
	classes = {
	};
	objectVersion = 50;
	objects = {

/* Begin PBXBuildFile section */
		3C2B264DC824F84BCEEE35E8 /* libPods-ELKUtilKit.a in Frameworks */ = {isa = PBXBuildFile; fileRef = 749059F5E7B12917CA1E3F29 /* libPods-ELKUtilKit.a */; };
		AB2C4B4E243E05A800C7D898 /* AppDelegate.m in Sources */ = {isa = PBXBuildFile; fileRef = AB2C4B4D243E05A800C7D898 /* AppDelegate.m */; };
		AB2C4B54243E05A800C7D898 /* ViewController.m in Sources */ = {isa = PBXBuildFile; fileRef = AB2C4B53243E05A800C7D898 /* ViewController.m */; };
		AB2C4B57243E05A800C7D898 /* Main.storyboard in Resources */ = {isa = PBXBuildFile; fileRef = AB2C4B55243E05A800C7D898 /* Main.storyboard */; };
		AB2C4B59243E05A900C7D898 /* Assets.xcassets in Resources */ = {isa = PBXBuildFile; fileRef = AB2C4B58243E05A900C7D898 /* Assets.xcassets */; };
		AB2C4B5C243E05A900C7D898 /* LaunchScreen.storyboard in Resources */ = {isa = PBXBuildFile; fileRef = AB2C4B5A243E05A900C7D898 /* LaunchScreen.storyboard */; };
		AB2C4B5F243E05A900C7D898 /* main.m in Sources */ = {isa = PBXBuildFile; fileRef = AB2C4B5E243E05A900C7D898 /* main.m */; };
		AB2C4B69243E05AA00C7D898 /* ELKUtilKitTests.m in Sources */ = {isa = PBXBuildFile; fileRef = AB2C4B68243E05AA00C7D898 /* ELKUtilKitTests.m */; };
		AB2C4B74243E05AA00C7D898 /* ELKUtilKitUITests.m in Sources */ = {isa = PBXBuildFile; fileRef = AB2C4B73243E05AA00C7D898 /* ELKUtilKitUITests.m */; };
		AB2C4BA0243E083700C7D898 /* SecondViewController.m in Sources */ = {isa = PBXBuildFile; fileRef = AB2C4B9F243E083700C7D898 /* SecondViewController.m */; };
		AB2C4BD3243E0B0200C7D898 /* NSBundle+ELKUtilResources.m in Sources */ = {isa = PBXBuildFile; fileRef = AB2C4BC4243E0B0200C7D898 /* NSBundle+ELKUtilResources.m */; };
		AB2C4BD4243E0B0200C7D898 /* UIImage+ELKUtilResources.m in Sources */ = {isa = PBXBuildFile; fileRef = AB2C4BC7243E0B0200C7D898 /* UIImage+ELKUtilResources.m */; };
		AB2C4BD6243E0B0200C7D898 /* ELKStarView.m in Sources */ = {isa = PBXBuildFile; fileRef = AB2C4BCE243E0B0200C7D898 /* ELKStarView.m */; };
		AB2C4BD7243E0B0200C7D898 /* ELKFiveStarView.m in Sources */ = {isa = PBXBuildFile; fileRef = AB2C4BCF243E0B0200C7D898 /* ELKFiveStarView.m */; };
/* End PBXBuildFile section */

/* Begin PBXContainerItemProxy section */
		AB2C4B65243E05AA00C7D898 /* PBXContainerItemProxy */ = {
			isa = PBXContainerItemProxy;
			containerPortal = AB2C4B41243E05A800C7D898 /* Project object */;
			proxyType = 1;
			remoteGlobalIDString = AB2C4B48243E05A800C7D898;
			remoteInfo = ELKUtilKit;
		};
		AB2C4B70243E05AA00C7D898 /* PBXContainerItemProxy */ = {
			isa = PBXContainerItemProxy;
			containerPortal = AB2C4B41243E05A800C7D898 /* Project object */;
			proxyType = 1;
			remoteGlobalIDString = AB2C4B48243E05A800C7D898;
			remoteInfo = ELKUtilKit;
		};
/* End PBXContainerItemProxy section */

/* Begin PBXFileReference section */
		1EFB044A9C549BB2958DC6FF /* Pods-ELKUtilKit.debug.xcconfig */ = {isa = PBXFileReference; includeInIndex = 1; lastKnownFileType = text.xcconfig; name = "Pods-ELKUtilKit.debug.xcconfig"; path = "Target Support Files/Pods-ELKUtilKit/Pods-ELKUtilKit.debug.xcconfig"; sourceTree = "<group>"; };
		749059F5E7B12917CA1E3F29 /* libPods-ELKUtilKit.a */ = {isa = PBXFileReference; explicitFileType = archive.ar; includeInIndex = 0; path = "libPods-ELKUtilKit.a"; sourceTree = BUILT_PRODUCTS_DIR; };
		9718A51AB8C9303195EEC52A /* Pods-ELKUtilKit.release.xcconfig */ = {isa = PBXFileReference; includeInIndex = 1; lastKnownFileType = text.xcconfig; name = "Pods-ELKUtilKit.release.xcconfig"; path = "Target Support Files/Pods-ELKUtilKit/Pods-ELKUtilKit.release.xcconfig"; sourceTree = "<group>"; };
		AB2C4B49243E05A800C7D898 /* ELKUtilKit.app */ = {isa = PBXFileReference; explicitFileType = wrapper.application; includeInIndex = 0; path = ELKUtilKit.app; sourceTree = BUILT_PRODUCTS_DIR; };
		AB2C4B4C243E05A800C7D898 /* AppDelegate.h */ = {isa = PBXFileReference; lastKnownFileType = sourcecode.c.h; path = AppDelegate.h; sourceTree = "<group>"; };
		AB2C4B4D243E05A800C7D898 /* AppDelegate.m */ = {isa = PBXFileReference; lastKnownFileType = sourcecode.c.objc; path = AppDelegate.m; sourceTree = "<group>"; };
		AB2C4B52243E05A800C7D898 /* ViewController.h */ = {isa = PBXFileReference; lastKnownFileType = sourcecode.c.h; path = ViewController.h; sourceTree = "<group>"; };
		AB2C4B53243E05A800C7D898 /* ViewController.m */ = {isa = PBXFileReference; lastKnownFileType = sourcecode.c.objc; path = ViewController.m; sourceTree = "<group>"; };
		AB2C4B56243E05A800C7D898 /* Base */ = {isa = PBXFileReference; lastKnownFileType = file.storyboard; name = Base; path = Base.lproj/Main.storyboard; sourceTree = "<group>"; };
		AB2C4B58243E05A900C7D898 /* Assets.xcassets */ = {isa = PBXFileReference; lastKnownFileType = folder.assetcatalog; path = Assets.xcassets; sourceTree = "<group>"; };
		AB2C4B5B243E05A900C7D898 /* Base */ = {isa = PBXFileReference; lastKnownFileType = file.storyboard; name = Base; path = Base.lproj/LaunchScreen.storyboard; sourceTree = "<group>"; };
		AB2C4B5D243E05A900C7D898 /* Info.plist */ = {isa = PBXFileReference; lastKnownFileType = text.plist.xml; path = Info.plist; sourceTree = "<group>"; };
		AB2C4B5E243E05A900C7D898 /* main.m */ = {isa = PBXFileReference; lastKnownFileType = sourcecode.c.objc; path = main.m; sourceTree = "<group>"; };
		AB2C4B64243E05AA00C7D898 /* ELKUtilKitTests.xctest */ = {isa = PBXFileReference; explicitFileType = wrapper.cfbundle; includeInIndex = 0; path = ELKUtilKitTests.xctest; sourceTree = BUILT_PRODUCTS_DIR; };
		AB2C4B68243E05AA00C7D898 /* ELKUtilKitTests.m */ = {isa = PBXFileReference; lastKnownFileType = sourcecode.c.objc; path = ELKUtilKitTests.m; sourceTree = "<group>"; };
		AB2C4B6A243E05AA00C7D898 /* Info.plist */ = {isa = PBXFileReference; lastKnownFileType = text.plist.xml; path = Info.plist; sourceTree = "<group>"; };
		AB2C4B6F243E05AA00C7D898 /* ELKUtilKitUITests.xctest */ = {isa = PBXFileReference; explicitFileType = wrapper.cfbundle; includeInIndex = 0; path = ELKUtilKitUITests.xctest; sourceTree = BUILT_PRODUCTS_DIR; };
		AB2C4B73243E05AA00C7D898 /* ELKUtilKitUITests.m */ = {isa = PBXFileReference; lastKnownFileType = sourcecode.c.objc; path = ELKUtilKitUITests.m; sourceTree = "<group>"; };
		AB2C4B75243E05AA00C7D898 /* Info.plist */ = {isa = PBXFileReference; lastKnownFileType = text.plist.xml; path = Info.plist; sourceTree = "<group>"; };
		AB2C4B9E243E083700C7D898 /* SecondViewController.h */ = {isa = PBXFileReference; fileEncoding = 4; lastKnownFileType = sourcecode.c.h; path = SecondViewController.h; sourceTree = "<group>"; };
		AB2C4B9F243E083700C7D898 /* SecondViewController.m */ = {isa = PBXFileReference; fileEncoding = 4; lastKnownFileType = sourcecode.c.objc; path = SecondViewController.m; sourceTree = "<group>"; };
		AB2C4BA2243E08A200C7D898 /* ELKPrefixHeader.pch */ = {isa = PBXFileReference; lastKnownFileType = sourcecode.c.h; path = ELKPrefixHeader.pch; sourceTree = "<group>"; };
		AB2C4BBE243E0B0200C7D898 /* ELKUtilKit.h */ = {isa = PBXFileReference; fileEncoding = 4; lastKnownFileType = sourcecode.c.h; path = ELKUtilKit.h; sourceTree = "<group>"; };
		AB2C4BC4243E0B0200C7D898 /* NSBundle+ELKUtilResources.m */ = {isa = PBXFileReference; fileEncoding = 4; lastKnownFileType = sourcecode.c.objc; path = "NSBundle+ELKUtilResources.m"; sourceTree = "<group>"; };
		AB2C4BC5243E0B0200C7D898 /* UIImage+ELKUtilResources.h */ = {isa = PBXFileReference; fileEncoding = 4; lastKnownFileType = sourcecode.c.h; path = "UIImage+ELKUtilResources.h"; sourceTree = "<group>"; };
		AB2C4BC6243E0B0200C7D898 /* NSBundle+ELKUtilResources.h */ = {isa = PBXFileReference; fileEncoding = 4; lastKnownFileType = sourcecode.c.h; path = "NSBundle+ELKUtilResources.h"; sourceTree = "<group>"; };
		AB2C4BC7243E0B0200C7D898 /* UIImage+ELKUtilResources.m */ = {isa = PBXFileReference; fileEncoding = 4; lastKnownFileType = sourcecode.c.objc; path = "UIImage+ELKUtilResources.m"; sourceTree = "<group>"; };
		AB2C4BC8243E0B0200C7D898 /* ELKUtilDefinesHeader.h */ = {isa = PBXFileReference; fileEncoding = 4; lastKnownFileType = sourcecode.c.h; path = ELKUtilDefinesHeader.h; sourceTree = "<group>"; };
		AB2C4BCE243E0B0200C7D898 /* ELKStarView.m */ = {isa = PBXFileReference; fileEncoding = 4; lastKnownFileType = sourcecode.c.objc; path = ELKStarView.m; sourceTree = "<group>"; };
		AB2C4BCF243E0B0200C7D898 /* ELKFiveStarView.m */ = {isa = PBXFileReference; fileEncoding = 4; lastKnownFileType = sourcecode.c.objc; path = ELKFiveStarView.m; sourceTree = "<group>"; };
		AB2C4BD0243E0B0200C7D898 /* ELKFiveStarView.h */ = {isa = PBXFileReference; fileEncoding = 4; lastKnownFileType = sourcecode.c.h; path = ELKFiveStarView.h; sourceTree = "<group>"; };
		AB2C4BD1243E0B0200C7D898 /* ELKStarView.h */ = {isa = PBXFileReference; fileEncoding = 4; lastKnownFileType = sourcecode.c.h; path = ELKStarView.h; sourceTree = "<group>"; };
/* End PBXFileReference section */

/* Begin PBXFrameworksBuildPhase section */
		AB2C4B46243E05A800C7D898 /* Frameworks */ = {
			isa = PBXFrameworksBuildPhase;
			buildActionMask = 2147483647;
			files = (
				3C2B264DC824F84BCEEE35E8 /* libPods-ELKUtilKit.a in Frameworks */,
			);
			runOnlyForDeploymentPostprocessing = 0;
		};
		AB2C4B61243E05AA00C7D898 /* Frameworks */ = {
			isa = PBXFrameworksBuildPhase;
			buildActionMask = 2147483647;
			files = (
			);
			runOnlyForDeploymentPostprocessing = 0;
		};
		AB2C4B6C243E05AA00C7D898 /* Frameworks */ = {
			isa = PBXFrameworksBuildPhase;
			buildActionMask = 2147483647;
			files = (
			);
			runOnlyForDeploymentPostprocessing = 0;
		};
/* End PBXFrameworksBuildPhase section */

/* Begin PBXGroup section */
		80CD479ED5F11CEEBE6FD95F /* Frameworks */ = {
			isa = PBXGroup;
			children = (
				749059F5E7B12917CA1E3F29 /* libPods-ELKUtilKit.a */,
			);
			name = Frameworks;
			sourceTree = "<group>";
		};
		A6B2BDB270065C20D5D4DB47 /* Pods */ = {
			isa = PBXGroup;
			children = (
				1EFB044A9C549BB2958DC6FF /* Pods-ELKUtilKit.debug.xcconfig */,
				9718A51AB8C9303195EEC52A /* Pods-ELKUtilKit.release.xcconfig */,
			);
			name = Pods;
			path = ../Pods;
			sourceTree = "<group>";
		};
		AB2C4B40243E05A800C7D898 = {
			isa = PBXGroup;
			children = (
				AB2C4B4B243E05A800C7D898 /* ELKUtilKitDemo */,
				AB2C4B67243E05AA00C7D898 /* ELKUtilKitTests */,
				AB2C4B72243E05AA00C7D898 /* ELKUtilKitUITests */,
				AB2C4B4A243E05A800C7D898 /* Products */,
				A6B2BDB270065C20D5D4DB47 /* Pods */,
				80CD479ED5F11CEEBE6FD95F /* Frameworks */,
			);
			sourceTree = "<group>";
		};
		AB2C4B4A243E05A800C7D898 /* Products */ = {
			isa = PBXGroup;
			children = (
				AB2C4B49243E05A800C7D898 /* ELKUtilKit.app */,
				AB2C4B64243E05AA00C7D898 /* ELKUtilKitTests.xctest */,
				AB2C4B6F243E05AA00C7D898 /* ELKUtilKitUITests.xctest */,
			);
			name = Products;
			sourceTree = "<group>";
		};
		AB2C4B4B243E05A800C7D898 /* ELKUtilKitDemo */ = {
			isa = PBXGroup;
			children = (
				AB2C4B4C243E05A800C7D898 /* AppDelegate.h */,
				AB2C4B4D243E05A800C7D898 /* AppDelegate.m */,
				AB2C4BBD243E0B0200C7D898 /* ELKUtilKit */,
				AB2C4BA1243E083E00C7D898 /* Others */,
				AB2C4B9E243E083700C7D898 /* SecondViewController.h */,
				AB2C4B9F243E083700C7D898 /* SecondViewController.m */,
				AB2C4B52243E05A800C7D898 /* ViewController.h */,
				AB2C4B53243E05A800C7D898 /* ViewController.m */,
			);
			path = ELKUtilKitDemo;
			sourceTree = "<group>";
		};
		AB2C4B67243E05AA00C7D898 /* ELKUtilKitTests */ = {
			isa = PBXGroup;
			children = (
				AB2C4B68243E05AA00C7D898 /* ELKUtilKitTests.m */,
				AB2C4B6A243E05AA00C7D898 /* Info.plist */,
			);
			path = ELKUtilKitTests;
			sourceTree = "<group>";
		};
		AB2C4B72243E05AA00C7D898 /* ELKUtilKitUITests */ = {
			isa = PBXGroup;
			children = (
				AB2C4B73243E05AA00C7D898 /* ELKUtilKitUITests.m */,
				AB2C4B75243E05AA00C7D898 /* Info.plist */,
			);
			path = ELKUtilKitUITests;
			sourceTree = "<group>";
		};
		AB2C4BA1243E083E00C7D898 /* Others */ = {
			isa = PBXGroup;
			children = (
				AB2C4B58243E05A900C7D898 /* Assets.xcassets */,
				AB2C4BA2243E08A200C7D898 /* ELKPrefixHeader.pch */,
				AB2C4B5D243E05A900C7D898 /* Info.plist */,
				AB2C4B5A243E05A900C7D898 /* LaunchScreen.storyboard */,
				AB2C4B5E243E05A900C7D898 /* main.m */,
				AB2C4B55243E05A800C7D898 /* Main.storyboard */,
			);
			path = Others;
			sourceTree = "<group>";
		};
		AB2C4BBD243E0B0200C7D898 /* ELKUtilKit */ = {
			isa = PBXGroup;
			children = (
				AB2C4BBE243E0B0200C7D898 /* ELKUtilKit.h */,
				AB2C4BCC243E0B0200C7D898 /* Modules */,
				AB2C4BBF243E0B0200C7D898 /* Utils */,
			);
			name = ELKUtilKit;
			path = ELKUtilKit/ELKUtilKit;
			sourceTree = SOURCE_ROOT;
		};
		AB2C4BBF243E0B0200C7D898 /* Utils */ = {
			isa = PBXGroup;
			children = (
				AB2C4BC8243E0B0200C7D898 /* ELKUtilDefinesHeader.h */,
				AB2C4BC3243E0B0200C7D898 /* Category */,
			);
			path = Utils;
			sourceTree = "<group>";
		};
		AB2C4BC3243E0B0200C7D898 /* Category */ = {
			isa = PBXGroup;
			children = (
				AB2C4BC6243E0B0200C7D898 /* NSBundle+ELKUtilResources.h */,
				AB2C4BC4243E0B0200C7D898 /* NSBundle+ELKUtilResources.m */,
				AB2C4BC5243E0B0200C7D898 /* UIImage+ELKUtilResources.h */,
				AB2C4BC7243E0B0200C7D898 /* UIImage+ELKUtilResources.m */,
			);
			path = Category;
			sourceTree = "<group>";
		};
		AB2C4BCC243E0B0200C7D898 /* Modules */ = {
			isa = PBXGroup;
			children = (
				AB2C4BCD243E0B0200C7D898 /* ELKStarView */,
			);
			path = Modules;
			sourceTree = "<group>";
		};
		AB2C4BCD243E0B0200C7D898 /* ELKStarView */ = {
			isa = PBXGroup;
			children = (
				AB2C4BCE243E0B0200C7D898 /* ELKStarView.m */,
				AB2C4BCF243E0B0200C7D898 /* ELKFiveStarView.m */,
				AB2C4BD0243E0B0200C7D898 /* ELKFiveStarView.h */,
				AB2C4BD1243E0B0200C7D898 /* ELKStarView.h */,
			);
			path = ELKStarView;
			sourceTree = "<group>";
		};
/* End PBXGroup section */

/* Begin PBXNativeTarget section */
		AB2C4B48243E05A800C7D898 /* ELKUtilKit */ = {
			isa = PBXNativeTarget;
			buildConfigurationList = AB2C4B78243E05AA00C7D898 /* Build configuration list for PBXNativeTarget "ELKUtilKit" */;
			buildPhases = (
				45BD459F22BB6FDCDB870DCE /* [CP] Check Pods Manifest.lock */,
				AB2C4B45243E05A800C7D898 /* Sources */,
				AB2C4B46243E05A800C7D898 /* Frameworks */,
				AB2C4B47243E05A800C7D898 /* Resources */,
			);
			buildRules = (
			);
			dependencies = (
			);
			name = ELKUtilKit;
			productName = ELKUtilKit;
			productReference = AB2C4B49243E05A800C7D898 /* ELKUtilKit.app */;
			productType = "com.apple.product-type.application";
		};
		AB2C4B63243E05AA00C7D898 /* ELKUtilKitTests */ = {
			isa = PBXNativeTarget;
			buildConfigurationList = AB2C4B7B243E05AA00C7D898 /* Build configuration list for PBXNativeTarget "ELKUtilKitTests" */;
			buildPhases = (
				AB2C4B60243E05AA00C7D898 /* Sources */,
				AB2C4B61243E05AA00C7D898 /* Frameworks */,
				AB2C4B62243E05AA00C7D898 /* Resources */,
			);
			buildRules = (
			);
			dependencies = (
				AB2C4B66243E05AA00C7D898 /* PBXTargetDependency */,
			);
			name = ELKUtilKitTests;
			productName = ELKUtilKitTests;
			productReference = AB2C4B64243E05AA00C7D898 /* ELKUtilKitTests.xctest */;
			productType = "com.apple.product-type.bundle.unit-test";
		};
		AB2C4B6E243E05AA00C7D898 /* ELKUtilKitUITests */ = {
			isa = PBXNativeTarget;
			buildConfigurationList = AB2C4B7E243E05AA00C7D898 /* Build configuration list for PBXNativeTarget "ELKUtilKitUITests" */;
			buildPhases = (
				AB2C4B6B243E05AA00C7D898 /* Sources */,
				AB2C4B6C243E05AA00C7D898 /* Frameworks */,
				AB2C4B6D243E05AA00C7D898 /* Resources */,
			);
			buildRules = (
			);
			dependencies = (
				AB2C4B71243E05AA00C7D898 /* PBXTargetDependency */,
			);
			name = ELKUtilKitUITests;
			productName = ELKUtilKitUITests;
			productReference = AB2C4B6F243E05AA00C7D898 /* ELKUtilKitUITests.xctest */;
			productType = "com.apple.product-type.bundle.ui-testing";
		};
/* End PBXNativeTarget section */

/* Begin PBXProject section */
		AB2C4B41243E05A800C7D898 /* Project object */ = {
			isa = PBXProject;
			attributes = {
				LastUpgradeCheck = 1140;
				ORGANIZATIONNAME = wing;
				TargetAttributes = {
					AB2C4B48243E05A800C7D898 = {
						CreatedOnToolsVersion = 11.4;
					};
					AB2C4B63243E05AA00C7D898 = {
						CreatedOnToolsVersion = 11.4;
						TestTargetID = AB2C4B48243E05A800C7D898;
					};
					AB2C4B6E243E05AA00C7D898 = {
						CreatedOnToolsVersion = 11.4;
						TestTargetID = AB2C4B48243E05A800C7D898;
					};
				};
			};
			buildConfigurationList = AB2C4B44243E05A800C7D898 /* Build configuration list for PBXProject "ELKUtilKit" */;
			compatibilityVersion = "Xcode 9.3";
			developmentRegion = en;
			hasScannedForEncodings = 0;
			knownRegions = (
				en,
				Base,
			);
			mainGroup = AB2C4B40243E05A800C7D898;
			productRefGroup = AB2C4B4A243E05A800C7D898 /* Products */;
			projectDirPath = "";
			projectRoot = "";
			targets = (
				AB2C4B48243E05A800C7D898 /* ELKUtilKit */,
				AB2C4B63243E05AA00C7D898 /* ELKUtilKitTests */,
				AB2C4B6E243E05AA00C7D898 /* ELKUtilKitUITests */,
			);
		};
/* End PBXProject section */

/* Begin PBXResourcesBuildPhase section */
		AB2C4B47243E05A800C7D898 /* Resources */ = {
			isa = PBXResourcesBuildPhase;
			buildActionMask = 2147483647;
			files = (
				AB2C4B5C243E05A900C7D898 /* LaunchScreen.storyboard in Resources */,
				AB2C4B59243E05A900C7D898 /* Assets.xcassets in Resources */,
				AB2C4B57243E05A800C7D898 /* Main.storyboard in Resources */,
			);
			runOnlyForDeploymentPostprocessing = 0;
		};
		AB2C4B62243E05AA00C7D898 /* Resources */ = {
			isa = PBXResourcesBuildPhase;
			buildActionMask = 2147483647;
			files = (
			);
			runOnlyForDeploymentPostprocessing = 0;
		};
		AB2C4B6D243E05AA00C7D898 /* Resources */ = {
			isa = PBXResourcesBuildPhase;
			buildActionMask = 2147483647;
			files = (
			);
			runOnlyForDeploymentPostprocessing = 0;
		};
/* End PBXResourcesBuildPhase section */

/* Begin PBXShellScriptBuildPhase section */
		45BD459F22BB6FDCDB870DCE /* [CP] Check Pods Manifest.lock */ = {
			isa = PBXShellScriptBuildPhase;
			buildActionMask = 2147483647;
			files = (
			);
			inputFileListPaths = (
			);
			inputPaths = (
				"${PODS_PODFILE_DIR_PATH}/Podfile.lock",
				"${PODS_ROOT}/Manifest.lock",
			);
			name = "[CP] Check Pods Manifest.lock";
			outputFileListPaths = (
			);
			outputPaths = (
				"$(DERIVED_FILE_DIR)/Pods-ELKUtilKit-checkManifestLockResult.txt",
			);
			runOnlyForDeploymentPostprocessing = 0;
			shellPath = /bin/sh;
			shellScript = "diff \"${PODS_PODFILE_DIR_PATH}/Podfile.lock\" \"${PODS_ROOT}/Manifest.lock\" > /dev/null\nif [ $? != 0 ] ; then\n    # print error to STDERR\n    echo \"error: The sandbox is not in sync with the Podfile.lock. Run 'pod install' or update your CocoaPods installation.\" >&2\n    exit 1\nfi\n# This output is used by Xcode 'outputs' to avoid re-running this script phase.\necho \"SUCCESS\" > \"${SCRIPT_OUTPUT_FILE_0}\"\n";
			showEnvVarsInLog = 0;
		};
/* End PBXShellScriptBuildPhase section */

/* Begin PBXSourcesBuildPhase section */
		AB2C4B45243E05A800C7D898 /* Sources */ = {
			isa = PBXSourcesBuildPhase;
			buildActionMask = 2147483647;
			files = (
				AB2C4BA0243E083700C7D898 /* SecondViewController.m in Sources */,
				AB2C4B54243E05A800C7D898 /* ViewController.m in Sources */,
				AB2C4BD6243E0B0200C7D898 /* ELKStarView.m in Sources */,
				AB2C4B4E243E05A800C7D898 /* AppDelegate.m in Sources */,
				AB2C4BD7243E0B0200C7D898 /* ELKFiveStarView.m in Sources */,
				AB2C4BD3243E0B0200C7D898 /* NSBundle+ELKUtilResources.m in Sources */,
				AB2C4BD4243E0B0200C7D898 /* UIImage+ELKUtilResources.m in Sources */,
				AB2C4B5F243E05A900C7D898 /* main.m in Sources */,
			);
			runOnlyForDeploymentPostprocessing = 0;
		};
		AB2C4B60243E05AA00C7D898 /* Sources */ = {
			isa = PBXSourcesBuildPhase;
			buildActionMask = 2147483647;
			files = (
				AB2C4B69243E05AA00C7D898 /* ELKUtilKitTests.m in Sources */,
			);
			runOnlyForDeploymentPostprocessing = 0;
		};
		AB2C4B6B243E05AA00C7D898 /* Sources */ = {
			isa = PBXSourcesBuildPhase;
			buildActionMask = 2147483647;
			files = (
				AB2C4B74243E05AA00C7D898 /* ELKUtilKitUITests.m in Sources */,
			);
			runOnlyForDeploymentPostprocessing = 0;
		};
/* End PBXSourcesBuildPhase section */

/* Begin PBXTargetDependency section */
		AB2C4B66243E05AA00C7D898 /* PBXTargetDependency */ = {
			isa = PBXTargetDependency;
			target = AB2C4B48243E05A800C7D898 /* ELKUtilKit */;
			targetProxy = AB2C4B65243E05AA00C7D898 /* PBXContainerItemProxy */;
		};
		AB2C4B71243E05AA00C7D898 /* PBXTargetDependency */ = {
			isa = PBXTargetDependency;
			target = AB2C4B48243E05A800C7D898 /* ELKUtilKit */;
			targetProxy = AB2C4B70243E05AA00C7D898 /* PBXContainerItemProxy */;
		};
/* End PBXTargetDependency section */

/* Begin PBXVariantGroup section */
		AB2C4B55243E05A800C7D898 /* Main.storyboard */ = {
			isa = PBXVariantGroup;
			children = (
				AB2C4B56243E05A800C7D898 /* Base */,
			);
			name = Main.storyboard;
			sourceTree = "<group>";
		};
		AB2C4B5A243E05A900C7D898 /* LaunchScreen.storyboard */ = {
			isa = PBXVariantGroup;
			children = (
				AB2C4B5B243E05A900C7D898 /* Base */,
			);
			name = LaunchScreen.storyboard;
			sourceTree = "<group>";
		};
/* End PBXVariantGroup section */

/* Begin XCBuildConfiguration section */
		AB2C4B76243E05AA00C7D898 /* Debug */ = {
			isa = XCBuildConfiguration;
			buildSettings = {
				ALWAYS_SEARCH_USER_PATHS = NO;
				CLANG_ANALYZER_NONNULL = YES;
				CLANG_ANALYZER_NUMBER_OBJECT_CONVERSION = YES_AGGRESSIVE;
				CLANG_CXX_LANGUAGE_STANDARD = "gnu++14";
				CLANG_CXX_LIBRARY = "libc++";
				CLANG_ENABLE_MODULES = YES;
				CLANG_ENABLE_OBJC_ARC = YES;
				CLANG_ENABLE_OBJC_WEAK = YES;
				CLANG_WARN_BLOCK_CAPTURE_AUTORELEASING = YES;
				CLANG_WARN_BOOL_CONVERSION = YES;
				CLANG_WARN_COMMA = YES;
				CLANG_WARN_CONSTANT_CONVERSION = YES;
				CLANG_WARN_DEPRECATED_OBJC_IMPLEMENTATIONS = YES;
				CLANG_WARN_DIRECT_OBJC_ISA_USAGE = YES_ERROR;
				CLANG_WARN_DOCUMENTATION_COMMENTS = YES;
				CLANG_WARN_EMPTY_BODY = YES;
				CLANG_WARN_ENUM_CONVERSION = YES;
				CLANG_WARN_INFINITE_RECURSION = YES;
				CLANG_WARN_INT_CONVERSION = YES;
				CLANG_WARN_NON_LITERAL_NULL_CONVERSION = YES;
				CLANG_WARN_OBJC_IMPLICIT_RETAIN_SELF = YES;
				CLANG_WARN_OBJC_LITERAL_CONVERSION = YES;
				CLANG_WARN_OBJC_ROOT_CLASS = YES_ERROR;
				CLANG_WARN_RANGE_LOOP_ANALYSIS = YES;
				CLANG_WARN_STRICT_PROTOTYPES = YES;
				CLANG_WARN_SUSPICIOUS_MOVE = YES;
				CLANG_WARN_UNGUARDED_AVAILABILITY = YES_AGGRESSIVE;
				CLANG_WARN_UNREACHABLE_CODE = YES;
				CLANG_WARN__DUPLICATE_METHOD_MATCH = YES;
				COPY_PHASE_STRIP = NO;
				DEBUG_INFORMATION_FORMAT = dwarf;
				ENABLE_STRICT_OBJC_MSGSEND = YES;
				ENABLE_TESTABILITY = YES;
				GCC_C_LANGUAGE_STANDARD = gnu11;
				GCC_DYNAMIC_NO_PIC = NO;
				GCC_NO_COMMON_BLOCKS = YES;
				GCC_OPTIMIZATION_LEVEL = 0;
				GCC_PREPROCESSOR_DEFINITIONS = (
					"DEBUG=1",
					"$(inherited)",
				);
				GCC_WARN_64_TO_32_BIT_CONVERSION = YES;
				GCC_WARN_ABOUT_RETURN_TYPE = YES_ERROR;
				GCC_WARN_UNDECLARED_SELECTOR = YES;
				GCC_WARN_UNINITIALIZED_AUTOS = YES_AGGRESSIVE;
				GCC_WARN_UNUSED_FUNCTION = YES;
				GCC_WARN_UNUSED_VARIABLE = YES;
				IPHONEOS_DEPLOYMENT_TARGET = 9.0;
				MTL_ENABLE_DEBUG_INFO = INCLUDE_SOURCE;
				MTL_FAST_MATH = YES;
				ONLY_ACTIVE_ARCH = YES;
				SDKROOT = iphoneos;
			};
			name = Debug;
		};
		AB2C4B77243E05AA00C7D898 /* Release */ = {
			isa = XCBuildConfiguration;
			buildSettings = {
				ALWAYS_SEARCH_USER_PATHS = NO;
				CLANG_ANALYZER_NONNULL = YES;
				CLANG_ANALYZER_NUMBER_OBJECT_CONVERSION = YES_AGGRESSIVE;
				CLANG_CXX_LANGUAGE_STANDARD = "gnu++14";
				CLANG_CXX_LIBRARY = "libc++";
				CLANG_ENABLE_MODULES = YES;
				CLANG_ENABLE_OBJC_ARC = YES;
				CLANG_ENABLE_OBJC_WEAK = YES;
				CLANG_WARN_BLOCK_CAPTURE_AUTORELEASING = YES;
				CLANG_WARN_BOOL_CONVERSION = YES;
				CLANG_WARN_COMMA = YES;
				CLANG_WARN_CONSTANT_CONVERSION = YES;
				CLANG_WARN_DEPRECATED_OBJC_IMPLEMENTATIONS = YES;
				CLANG_WARN_DIRECT_OBJC_ISA_USAGE = YES_ERROR;
				CLANG_WARN_DOCUMENTATION_COMMENTS = YES;
				CLANG_WARN_EMPTY_BODY = YES;
				CLANG_WARN_ENUM_CONVERSION = YES;
				CLANG_WARN_INFINITE_RECURSION = YES;
				CLANG_WARN_INT_CONVERSION = YES;
				CLANG_WARN_NON_LITERAL_NULL_CONVERSION = YES;
				CLANG_WARN_OBJC_IMPLICIT_RETAIN_SELF = YES;
				CLANG_WARN_OBJC_LITERAL_CONVERSION = YES;
				CLANG_WARN_OBJC_ROOT_CLASS = YES_ERROR;
				CLANG_WARN_RANGE_LOOP_ANALYSIS = YES;
				CLANG_WARN_STRICT_PROTOTYPES = YES;
				CLANG_WARN_SUSPICIOUS_MOVE = YES;
				CLANG_WARN_UNGUARDED_AVAILABILITY = YES_AGGRESSIVE;
				CLANG_WARN_UNREACHABLE_CODE = YES;
				CLANG_WARN__DUPLICATE_METHOD_MATCH = YES;
				COPY_PHASE_STRIP = NO;
				DEBUG_INFORMATION_FORMAT = "dwarf-with-dsym";
				ENABLE_NS_ASSERTIONS = NO;
				ENABLE_STRICT_OBJC_MSGSEND = YES;
				GCC_C_LANGUAGE_STANDARD = gnu11;
				GCC_NO_COMMON_BLOCKS = YES;
				GCC_WARN_64_TO_32_BIT_CONVERSION = YES;
				GCC_WARN_ABOUT_RETURN_TYPE = YES_ERROR;
				GCC_WARN_UNDECLARED_SELECTOR = YES;
				GCC_WARN_UNINITIALIZED_AUTOS = YES_AGGRESSIVE;
				GCC_WARN_UNUSED_FUNCTION = YES;
				GCC_WARN_UNUSED_VARIABLE = YES;
				IPHONEOS_DEPLOYMENT_TARGET = 9.0;
				MTL_ENABLE_DEBUG_INFO = NO;
				MTL_FAST_MATH = YES;
				SDKROOT = iphoneos;
				VALIDATE_PRODUCT = YES;
			};
			name = Release;
		};
		AB2C4B79243E05AA00C7D898 /* Debug */ = {
			isa = XCBuildConfiguration;
			baseConfigurationReference = 1EFB044A9C549BB2958DC6FF /* Pods-ELKUtilKit.debug.xcconfig */;
			buildSettings = {
				ASSETCATALOG_COMPILER_APPICON_NAME = AppIcon;
				CODE_SIGN_STYLE = Automatic;
				DEVELOPMENT_TEAM = J8BTB638K2;
				GCC_PREFIX_HEADER = ELKUtilKitDemo/Others/ELKPrefixHeader.pch;
				INFOPLIST_FILE = ELKUtilKitDemo/Others/Info.plist;
				IPHONEOS_DEPLOYMENT_TARGET = 9.0;
				LD_RUNPATH_SEARCH_PATHS = (
					"$(inherited)",
					"@executable_path/Frameworks",
				);
				PRODUCT_BUNDLE_IDENTIFIER = com.elk.ELKUtilKit;
				PRODUCT_NAME = "$(TARGET_NAME)";
				TARGETED_DEVICE_FAMILY = "1,2";
			};
			name = Debug;
		};
		AB2C4B7A243E05AA00C7D898 /* Release */ = {
			isa = XCBuildConfiguration;
			baseConfigurationReference = 9718A51AB8C9303195EEC52A /* Pods-ELKUtilKit.release.xcconfig */;
			buildSettings = {
				ASSETCATALOG_COMPILER_APPICON_NAME = AppIcon;
				CODE_SIGN_STYLE = Automatic;
				DEVELOPMENT_TEAM = J8BTB638K2;
				GCC_PREFIX_HEADER = ELKUtilKitDemo/Others/ELKPrefixHeader.pch;
				INFOPLIST_FILE = ELKUtilKitDemo/Others/Info.plist;
				IPHONEOS_DEPLOYMENT_TARGET = 9.0;
				LD_RUNPATH_SEARCH_PATHS = (
					"$(inherited)",
					"@executable_path/Frameworks",
				);
				PRODUCT_BUNDLE_IDENTIFIER = com.elk.ELKUtilKit;
				PRODUCT_NAME = "$(TARGET_NAME)";
				TARGETED_DEVICE_FAMILY = "1,2";
			};
			name = Release;
		};
		AB2C4B7C243E05AA00C7D898 /* Debug */ = {
			isa = XCBuildConfiguration;
			buildSettings = {
				BUNDLE_LOADER = "$(TEST_HOST)";
				CODE_SIGN_STYLE = Automatic;
				DEVELOPMENT_TEAM = J8BTB638K2;
				INFOPLIST_FILE = ELKUtilKitTests/Info.plist;
				IPHONEOS_DEPLOYMENT_TARGET = 13.4;
				LD_RUNPATH_SEARCH_PATHS = (
					"$(inherited)",
					"@executable_path/Frameworks",
					"@loader_path/Frameworks",
				);
				PRODUCT_BUNDLE_IDENTIFIER = com.elk.ELKUtilKitTests;
				PRODUCT_NAME = "$(TARGET_NAME)";
				TARGETED_DEVICE_FAMILY = "1,2";
				TEST_HOST = "$(BUILT_PRODUCTS_DIR)/ELKUtilKit.app/ELKUtilKit";
			};
			name = Debug;
		};
		AB2C4B7D243E05AA00C7D898 /* Release */ = {
			isa = XCBuildConfiguration;
			buildSettings = {
				BUNDLE_LOADER = "$(TEST_HOST)";
				CODE_SIGN_STYLE = Automatic;
				DEVELOPMENT_TEAM = J8BTB638K2;
				INFOPLIST_FILE = ELKUtilKitTests/Info.plist;
				IPHONEOS_DEPLOYMENT_TARGET = 13.4;
				LD_RUNPATH_SEARCH_PATHS = (
					"$(inherited)",
					"@executable_path/Frameworks",
					"@loader_path/Frameworks",
				);
				PRODUCT_BUNDLE_IDENTIFIER = com.elk.ELKUtilKitTests;
				PRODUCT_NAME = "$(TARGET_NAME)";
				TARGETED_DEVICE_FAMILY = "1,2";
				TEST_HOST = "$(BUILT_PRODUCTS_DIR)/ELKUtilKit.app/ELKUtilKit";
			};
			name = Release;
		};
		AB2C4B7F243E05AA00C7D898 /* Debug */ = {
			isa = XCBuildConfiguration;
			buildSettings = {
				CODE_SIGN_STYLE = Automatic;
				DEVELOPMENT_TEAM = J8BTB638K2;
				INFOPLIST_FILE = ELKUtilKitUITests/Info.plist;
				LD_RUNPATH_SEARCH_PATHS = (
					"$(inherited)",
					"@executable_path/Frameworks",
					"@loader_path/Frameworks",
				);
				PRODUCT_BUNDLE_IDENTIFIER = com.elk.ELKUtilKitUITests;
				PRODUCT_NAME = "$(TARGET_NAME)";
				TARGETED_DEVICE_FAMILY = "1,2";
				TEST_TARGET_NAME = ELKUtilKit;
			};
			name = Debug;
		};
		AB2C4B80243E05AA00C7D898 /* Release */ = {
			isa = XCBuildConfiguration;
			buildSettings = {
				CODE_SIGN_STYLE = Automatic;
				DEVELOPMENT_TEAM = J8BTB638K2;
				INFOPLIST_FILE = ELKUtilKitUITests/Info.plist;
				LD_RUNPATH_SEARCH_PATHS = (
					"$(inherited)",
					"@executable_path/Frameworks",
					"@loader_path/Frameworks",
				);
				PRODUCT_BUNDLE_IDENTIFIER = com.elk.ELKUtilKitUITests;
				PRODUCT_NAME = "$(TARGET_NAME)";
				TARGETED_DEVICE_FAMILY = "1,2";
				TEST_TARGET_NAME = ELKUtilKit;
			};
			name = Release;
		};
/* End XCBuildConfiguration section */

/* Begin XCConfigurationList section */
		AB2C4B44243E05A800C7D898 /* Build configuration list for PBXProject "ELKUtilKit" */ = {
			isa = XCConfigurationList;
			buildConfigurations = (
				AB2C4B76243E05AA00C7D898 /* Debug */,
				AB2C4B77243E05AA00C7D898 /* Release */,
			);
			defaultConfigurationIsVisible = 0;
			defaultConfigurationName = Release;
		};
		AB2C4B78243E05AA00C7D898 /* Build configuration list for PBXNativeTarget "ELKUtilKit" */ = {
			isa = XCConfigurationList;
			buildConfigurations = (
				AB2C4B79243E05AA00C7D898 /* Debug */,
				AB2C4B7A243E05AA00C7D898 /* Release */,
			);
			defaultConfigurationIsVisible = 0;
			defaultConfigurationName = Release;
		};
		AB2C4B7B243E05AA00C7D898 /* Build configuration list for PBXNativeTarget "ELKUtilKitTests" */ = {
			isa = XCConfigurationList;
			buildConfigurations = (
				AB2C4B7C243E05AA00C7D898 /* Debug */,
				AB2C4B7D243E05AA00C7D898 /* Release */,
			);
			defaultConfigurationIsVisible = 0;
			defaultConfigurationName = Release;
		};
		AB2C4B7E243E05AA00C7D898 /* Build configuration list for PBXNativeTarget "ELKUtilKitUITests" */ = {
			isa = XCConfigurationList;
			buildConfigurations = (
				AB2C4B7F243E05AA00C7D898 /* Debug */,
				AB2C4B80243E05AA00C7D898 /* Release */,
			);
			defaultConfigurationIsVisible = 0;
			defaultConfigurationName = Release;
		};
/* End XCConfigurationList section */
	};
	rootObject = AB2C4B41243E05A800C7D898 /* Project object */;
}
