// !$*UTF8*$!
{
	archiveVersion = 1;
	classes = {
	};
	objectVersion = 50;
	objects = {

/* Begin PBXBuildFile section */
		078B958406C1D0C634AADDDF /* libPods-ELKUtilKit.a in Frameworks */ = {isa = PBXBuildFile; fileRef = 775411FE18540D3DB31B395E /* libPods-ELKUtilKit.a */; };
		AB716AFA242E092500804253 /* ELKUtilKit.framework in Frameworks */ = {isa = PBXBuildFile; fileRef = AB716AF0242E092500804253 /* ELKUtilKit.framework */; };
		AB716AFF242E092500804253 /* ELKUtilKitTests.m in Sources */ = {isa = PBXBuildFile; fileRef = AB716AFE242E092500804253 /* ELKUtilKitTests.m */; };
		AB716B4C242E0C6000804253 /* ELKUtilResources.bundle in Resources */ = {isa = PBXBuildFile; fileRef = AB716B4B242E0C6000804253 /* ELKUtilResources.bundle */; };
		AB716BB8242E0C9A00804253 /* ELKGalleryShowView.h in Headers */ = {isa = PBXBuildFile; fileRef = AB716B92242E0C9900804253 /* ELKGalleryShowView.h */; settings = {ATTRIBUTES = (Public, ); }; };
		AB716BB9242E0C9A00804253 /* ELKGalleryShowView.m in Sources */ = {isa = PBXBuildFile; fileRef = AB716B93242E0C9900804253 /* ELKGalleryShowView.m */; };
		AB716BBA242E0C9A00804253 /* ELKDatePickerView.h in Headers */ = {isa = PBXBuildFile; fileRef = AB716B96242E0C9900804253 /* ELKDatePickerView.h */; settings = {ATTRIBUTES = (Public, ); }; };
		AB716BBB242E0C9A00804253 /* ELKDatePickerView.m in Sources */ = {isa = PBXBuildFile; fileRef = AB716B97242E0C9900804253 /* ELKDatePickerView.m */; };
		AB716BBC242E0C9A00804253 /* ELKStarView.m in Sources */ = {isa = PBXBuildFile; fileRef = AB716B99242E0C9900804253 /* ELKStarView.m */; };
		AB716BBD242E0C9A00804253 /* ELKFiveStarView.m in Sources */ = {isa = PBXBuildFile; fileRef = AB716B9A242E0C9900804253 /* ELKFiveStarView.m */; };
		AB716BBE242E0C9A00804253 /* ELKFiveStarView.h in Headers */ = {isa = PBXBuildFile; fileRef = AB716B9B242E0C9900804253 /* ELKFiveStarView.h */; settings = {ATTRIBUTES = (Public, ); }; };
		AB716BBF242E0C9A00804253 /* ELKStarView.h in Headers */ = {isa = PBXBuildFile; fileRef = AB716B9C242E0C9900804253 /* ELKStarView.h */; settings = {ATTRIBUTES = (Public, ); }; };
		AB716BC0242E0C9A00804253 /* UITextView+ELKPlaceHolder.h in Headers */ = {isa = PBXBuildFile; fileRef = AB716B9E242E0C9900804253 /* UITextView+ELKPlaceHolder.h */; settings = {ATTRIBUTES = (Public, ); }; };
		AB716BC1242E0C9A00804253 /* UITextView+ELKPlaceHolder.m in Sources */ = {isa = PBXBuildFile; fileRef = AB716B9F242E0C9900804253 /* UITextView+ELKPlaceHolder.m */; };
		AB716BC2242E0C9A00804253 /* ELKNoDataView.m in Sources */ = {isa = PBXBuildFile; fileRef = AB716BA1242E0C9900804253 /* ELKNoDataView.m */; };
		AB716BC3242E0C9A00804253 /* ELKNoDataView.h in Headers */ = {isa = PBXBuildFile; fileRef = AB716BA2242E0C9900804253 /* ELKNoDataView.h */; settings = {ATTRIBUTES = (Public, ); }; };
		AB716BC4242E0C9A00804253 /* ELKSegmentControl.h in Headers */ = {isa = PBXBuildFile; fileRef = AB716BA4242E0C9900804253 /* ELKSegmentControl.h */; settings = {ATTRIBUTES = (Public, ); }; };
		AB716BC5242E0C9A00804253 /* ELKSegmentControl.m in Sources */ = {isa = PBXBuildFile; fileRef = AB716BA5242E0C9900804253 /* ELKSegmentControl.m */; };
		AB716BC6242E0C9A00804253 /* ELKPapawView.m in Sources */ = {isa = PBXBuildFile; fileRef = AB716BA7242E0C9900804253 /* ELKPapawView.m */; };
		AB716BC7242E0C9A00804253 /* ELKPapawView.h in Headers */ = {isa = PBXBuildFile; fileRef = AB716BA8242E0C9900804253 /* ELKPapawView.h */; settings = {ATTRIBUTES = (Public, ); }; };
		AB716BC8242E0C9A00804253 /* NSBundle+ELKUtilResources.m in Sources */ = {isa = PBXBuildFile; fileRef = AB716BAA242E0C9A00804253 /* NSBundle+ELKUtilResources.m */; };
		AB716BC9242E0C9A00804253 /* UIImage+ELKUtilResources.h in Headers */ = {isa = PBXBuildFile; fileRef = AB716BAB242E0C9A00804253 /* UIImage+ELKUtilResources.h */; settings = {ATTRIBUTES = (Public, ); }; };
		AB716BCA242E0C9A00804253 /* NSBundle+ELKUtilResources.h in Headers */ = {isa = PBXBuildFile; fileRef = AB716BAC242E0C9A00804253 /* NSBundle+ELKUtilResources.h */; settings = {ATTRIBUTES = (Public, ); }; };
		AB716BCB242E0C9A00804253 /* UIImage+ELKUtilResources.m in Sources */ = {isa = PBXBuildFile; fileRef = AB716BAD242E0C9A00804253 /* UIImage+ELKUtilResources.m */; };
		AB716BCC242E0C9A00804253 /* ELKUtilQuant.h in Headers */ = {isa = PBXBuildFile; fileRef = AB716BB0242E0C9A00804253 /* ELKUtilQuant.h */; settings = {ATTRIBUTES = (Public, ); }; };
		AB716BCD242E0C9A00804253 /* ELKUtilQuant.m in Sources */ = {isa = PBXBuildFile; fileRef = AB716BB1242E0C9A00804253 /* ELKUtilQuant.m */; };
		AB716BCE242E0C9A00804253 /* ELKUtilSwizzling.h in Headers */ = {isa = PBXBuildFile; fileRef = AB716BB3242E0C9A00804253 /* ELKUtilSwizzling.h */; settings = {ATTRIBUTES = (Public, ); }; };
		AB716BCF242E0C9A00804253 /* ELKUtilSwizzling.m in Sources */ = {isa = PBXBuildFile; fileRef = AB716BB4242E0C9A00804253 /* ELKUtilSwizzling.m */; };
		AB716BD0242E0C9A00804253 /* ELKUtilKit.h in Headers */ = {isa = PBXBuildFile; fileRef = AB716BB6242E0C9A00804253 /* ELKUtilKit.h */; settings = {ATTRIBUTES = (Public, ); }; };
		AB716BD1242E0C9A00804253 /* ELKUtilDefinesHeader.h in Headers */ = {isa = PBXBuildFile; fileRef = AB716BB7242E0C9A00804253 /* ELKUtilDefinesHeader.h */; settings = {ATTRIBUTES = (Public, ); }; };
		AB716BEA242E103500804253 /* ELKUtilKitPrefixHeader.pch in Headers */ = {isa = PBXBuildFile; fileRef = AB716BE9242E103500804253 /* ELKUtilKitPrefixHeader.pch */; };
/* End PBXBuildFile section */

/* Begin PBXContainerItemProxy section */
		AB716AFB242E092500804253 /* PBXContainerItemProxy */ = {
			isa = PBXContainerItemProxy;
			containerPortal = AB716AE7242E092500804253 /* Project object */;
			proxyType = 1;
			remoteGlobalIDString = AB716AEF242E092500804253;
			remoteInfo = ELKUtilKit;
		};
/* End PBXContainerItemProxy section */

/* Begin PBXFileReference section */
		2902D1E333423F67C35F77D0 /* Pods-ELKUtilKit.release.xcconfig */ = {isa = PBXFileReference; includeInIndex = 1; lastKnownFileType = text.xcconfig; name = "Pods-ELKUtilKit.release.xcconfig"; path = "Target Support Files/Pods-ELKUtilKit/Pods-ELKUtilKit.release.xcconfig"; sourceTree = "<group>"; };
		775411FE18540D3DB31B395E /* libPods-ELKUtilKit.a */ = {isa = PBXFileReference; explicitFileType = archive.ar; includeInIndex = 0; path = "libPods-ELKUtilKit.a"; sourceTree = BUILT_PRODUCTS_DIR; };
		AB716AF0242E092500804253 /* ELKUtilKit.framework */ = {isa = PBXFileReference; explicitFileType = wrapper.framework; includeInIndex = 0; path = ELKUtilKit.framework; sourceTree = BUILT_PRODUCTS_DIR; };
		AB716AF4242E092500804253 /* Info.plist */ = {isa = PBXFileReference; lastKnownFileType = text.plist.xml; path = Info.plist; sourceTree = "<group>"; };
		AB716AF9242E092500804253 /* ELKUtilKitTests.xctest */ = {isa = PBXFileReference; explicitFileType = wrapper.cfbundle; includeInIndex = 0; path = ELKUtilKitTests.xctest; sourceTree = BUILT_PRODUCTS_DIR; };
		AB716AFE242E092500804253 /* ELKUtilKitTests.m */ = {isa = PBXFileReference; lastKnownFileType = sourcecode.c.objc; path = ELKUtilKitTests.m; sourceTree = "<group>"; };
		AB716B00242E092500804253 /* Info.plist */ = {isa = PBXFileReference; lastKnownFileType = text.plist.xml; path = Info.plist; sourceTree = "<group>"; };
		AB716B4B242E0C6000804253 /* ELKUtilResources.bundle */ = {isa = PBXFileReference; lastKnownFileType = "wrapper.plug-in"; name = ELKUtilResources.bundle; path = ../../ELKProducts/Release/ELKUtilResources.bundle; sourceTree = "<group>"; };
		AB716B92242E0C9900804253 /* ELKGalleryShowView.h */ = {isa = PBXFileReference; fileEncoding = 4; lastKnownFileType = sourcecode.c.h; path = ELKGalleryShowView.h; sourceTree = "<group>"; };
		AB716B93242E0C9900804253 /* ELKGalleryShowView.m */ = {isa = PBXFileReference; fileEncoding = 4; lastKnownFileType = sourcecode.c.objc; path = ELKGalleryShowView.m; sourceTree = "<group>"; };
		AB716B96242E0C9900804253 /* ELKDatePickerView.h */ = {isa = PBXFileReference; fileEncoding = 4; lastKnownFileType = sourcecode.c.h; path = ELKDatePickerView.h; sourceTree = "<group>"; };
		AB716B97242E0C9900804253 /* ELKDatePickerView.m */ = {isa = PBXFileReference; fileEncoding = 4; lastKnownFileType = sourcecode.c.objc; path = ELKDatePickerView.m; sourceTree = "<group>"; };
		AB716B99242E0C9900804253 /* ELKStarView.m */ = {isa = PBXFileReference; fileEncoding = 4; lastKnownFileType = sourcecode.c.objc; path = ELKStarView.m; sourceTree = "<group>"; };
		AB716B9A242E0C9900804253 /* ELKFiveStarView.m */ = {isa = PBXFileReference; fileEncoding = 4; lastKnownFileType = sourcecode.c.objc; path = ELKFiveStarView.m; sourceTree = "<group>"; };
		AB716B9B242E0C9900804253 /* ELKFiveStarView.h */ = {isa = PBXFileReference; fileEncoding = 4; lastKnownFileType = sourcecode.c.h; path = ELKFiveStarView.h; sourceTree = "<group>"; };
		AB716B9C242E0C9900804253 /* ELKStarView.h */ = {isa = PBXFileReference; fileEncoding = 4; lastKnownFileType = sourcecode.c.h; path = ELKStarView.h; sourceTree = "<group>"; };
		AB716B9E242E0C9900804253 /* UITextView+ELKPlaceHolder.h */ = {isa = PBXFileReference; fileEncoding = 4; lastKnownFileType = sourcecode.c.h; path = "UITextView+ELKPlaceHolder.h"; sourceTree = "<group>"; };
		AB716B9F242E0C9900804253 /* UITextView+ELKPlaceHolder.m */ = {isa = PBXFileReference; fileEncoding = 4; lastKnownFileType = sourcecode.c.objc; path = "UITextView+ELKPlaceHolder.m"; sourceTree = "<group>"; };
		AB716BA1242E0C9900804253 /* ELKNoDataView.m */ = {isa = PBXFileReference; fileEncoding = 4; lastKnownFileType = sourcecode.c.objc; path = ELKNoDataView.m; sourceTree = "<group>"; };
		AB716BA2242E0C9900804253 /* ELKNoDataView.h */ = {isa = PBXFileReference; fileEncoding = 4; lastKnownFileType = sourcecode.c.h; path = ELKNoDataView.h; sourceTree = "<group>"; };
		AB716BA4242E0C9900804253 /* ELKSegmentControl.h */ = {isa = PBXFileReference; fileEncoding = 4; lastKnownFileType = sourcecode.c.h; path = ELKSegmentControl.h; sourceTree = "<group>"; };
		AB716BA5242E0C9900804253 /* ELKSegmentControl.m */ = {isa = PBXFileReference; fileEncoding = 4; lastKnownFileType = sourcecode.c.objc; path = ELKSegmentControl.m; sourceTree = "<group>"; };
		AB716BA7242E0C9900804253 /* ELKPapawView.m */ = {isa = PBXFileReference; fileEncoding = 4; lastKnownFileType = sourcecode.c.objc; path = ELKPapawView.m; sourceTree = "<group>"; };
		AB716BA8242E0C9900804253 /* ELKPapawView.h */ = {isa = PBXFileReference; fileEncoding = 4; lastKnownFileType = sourcecode.c.h; path = ELKPapawView.h; sourceTree = "<group>"; };
		AB716BAA242E0C9A00804253 /* NSBundle+ELKUtilResources.m */ = {isa = PBXFileReference; fileEncoding = 4; lastKnownFileType = sourcecode.c.objc; path = "NSBundle+ELKUtilResources.m"; sourceTree = "<group>"; };
		AB716BAB242E0C9A00804253 /* UIImage+ELKUtilResources.h */ = {isa = PBXFileReference; fileEncoding = 4; lastKnownFileType = sourcecode.c.h; path = "UIImage+ELKUtilResources.h"; sourceTree = "<group>"; };
		AB716BAC242E0C9A00804253 /* NSBundle+ELKUtilResources.h */ = {isa = PBXFileReference; fileEncoding = 4; lastKnownFileType = sourcecode.c.h; path = "NSBundle+ELKUtilResources.h"; sourceTree = "<group>"; };
		AB716BAD242E0C9A00804253 /* UIImage+ELKUtilResources.m */ = {isa = PBXFileReference; fileEncoding = 4; lastKnownFileType = sourcecode.c.objc; path = "UIImage+ELKUtilResources.m"; sourceTree = "<group>"; };
		AB716BB0242E0C9A00804253 /* ELKUtilQuant.h */ = {isa = PBXFileReference; fileEncoding = 4; lastKnownFileType = sourcecode.c.h; path = ELKUtilQuant.h; sourceTree = "<group>"; };
		AB716BB1242E0C9A00804253 /* ELKUtilQuant.m */ = {isa = PBXFileReference; fileEncoding = 4; lastKnownFileType = sourcecode.c.objc; path = ELKUtilQuant.m; sourceTree = "<group>"; };
		AB716BB3242E0C9A00804253 /* ELKUtilSwizzling.h */ = {isa = PBXFileReference; fileEncoding = 4; lastKnownFileType = sourcecode.c.h; path = ELKUtilSwizzling.h; sourceTree = "<group>"; };
		AB716BB4242E0C9A00804253 /* ELKUtilSwizzling.m */ = {isa = PBXFileReference; fileEncoding = 4; lastKnownFileType = sourcecode.c.objc; path = ELKUtilSwizzling.m; sourceTree = "<group>"; };
		AB716BB6242E0C9A00804253 /* ELKUtilKit.h */ = {isa = PBXFileReference; fileEncoding = 4; lastKnownFileType = sourcecode.c.h; path = ELKUtilKit.h; sourceTree = "<group>"; };
		AB716BB7242E0C9A00804253 /* ELKUtilDefinesHeader.h */ = {isa = PBXFileReference; fileEncoding = 4; lastKnownFileType = sourcecode.c.h; path = ELKUtilDefinesHeader.h; sourceTree = "<group>"; };
		AB716BE9242E103500804253 /* ELKUtilKitPrefixHeader.pch */ = {isa = PBXFileReference; lastKnownFileType = sourcecode.c.h; path = ELKUtilKitPrefixHeader.pch; sourceTree = "<group>"; };
		B15DF6F6DCF7737AC953E3BD /* Pods-ELKUtilKit.debug.xcconfig */ = {isa = PBXFileReference; includeInIndex = 1; lastKnownFileType = text.xcconfig; name = "Pods-ELKUtilKit.debug.xcconfig"; path = "Target Support Files/Pods-ELKUtilKit/Pods-ELKUtilKit.debug.xcconfig"; sourceTree = "<group>"; };
/* End PBXFileReference section */

/* Begin PBXFrameworksBuildPhase section */
		AB716AED242E092500804253 /* Frameworks */ = {
			isa = PBXFrameworksBuildPhase;
			buildActionMask = 2147483647;
			files = (
				078B958406C1D0C634AADDDF /* libPods-ELKUtilKit.a in Frameworks */,
			);
			runOnlyForDeploymentPostprocessing = 0;
		};
		AB716AF6242E092500804253 /* Frameworks */ = {
			isa = PBXFrameworksBuildPhase;
			buildActionMask = 2147483647;
			files = (
				AB716AFA242E092500804253 /* ELKUtilKit.framework in Frameworks */,
			);
			runOnlyForDeploymentPostprocessing = 0;
		};
/* End PBXFrameworksBuildPhase section */

/* Begin PBXGroup section */
		97B9492044F0D51F22BCE4EC /* Pods */ = {
			isa = PBXGroup;
			children = (
				B15DF6F6DCF7737AC953E3BD /* Pods-ELKUtilKit.debug.xcconfig */,
				2902D1E333423F67C35F77D0 /* Pods-ELKUtilKit.release.xcconfig */,
			);
			name = Pods;
			path = ../Pods;
			sourceTree = "<group>";
		};
		AB716AE6242E092500804253 = {
			isa = PBXGroup;
			children = (
				AB716AF2242E092500804253 /* ELKUtilKit */,
				AB716AFD242E092500804253 /* ELKUtilKitTests */,
				CD65696AFC4240E216F167D2 /* Frameworks */,
				AB716B4A242E0C3000804253 /* Others */,
				97B9492044F0D51F22BCE4EC /* Pods */,
				AB716AF1242E092500804253 /* Products */,
			);
			sourceTree = "<group>";
		};
		AB716AF1242E092500804253 /* Products */ = {
			isa = PBXGroup;
			children = (
				AB716AF0242E092500804253 /* ELKUtilKit.framework */,
				AB716AF9242E092500804253 /* ELKUtilKitTests.xctest */,
			);
			name = Products;
			sourceTree = "<group>";
		};
		AB716AF2242E092500804253 /* ELKUtilKit */ = {
			isa = PBXGroup;
			children = (
				AB716BA9242E0C9A00804253 /* Category */,
				AB716BB7242E0C9A00804253 /* ELKUtilDefinesHeader.h */,
				AB716BB6242E0C9A00804253 /* ELKUtilKit.h */,
				AB716B90242E0C9900804253 /* Modules */,
				AB716BAE242E0C9A00804253 /* Utils */,
			);
			path = ELKUtilKit;
			sourceTree = "<group>";
		};
		AB716AFD242E092500804253 /* ELKUtilKitTests */ = {
			isa = PBXGroup;
			children = (
				AB716AFE242E092500804253 /* ELKUtilKitTests.m */,
				AB716B00242E092500804253 /* Info.plist */,
			);
			path = ELKUtilKitTests;
			sourceTree = "<group>";
		};
		AB716B4A242E0C3000804253 /* Others */ = {
			isa = PBXGroup;
			children = (
				AB716BE9242E103500804253 /* ELKUtilKitPrefixHeader.pch */,
				AB716B4B242E0C6000804253 /* ELKUtilResources.bundle */,
				AB716AF4242E092500804253 /* Info.plist */,
			);
			path = Others;
			sourceTree = "<group>";
		};
		AB716B90242E0C9900804253 /* Modules */ = {
			isa = PBXGroup;
			children = (
				AB716B91242E0C9900804253 /* ELKGalleryView */,
				AB716B94242E0C9900804253 /* ELKPicker */,
				AB716B98242E0C9900804253 /* ELKStarView */,
				AB716B9D242E0C9900804253 /* ELKTextViewPlaceholder */,
				AB716BA0242E0C9900804253 /* ELKNoDataView */,
				AB716BA3242E0C9900804253 /* ELKSegmentControl */,
				AB716BA6242E0C9900804253 /* ELKPapawView */,
			);
			path = Modules;
			sourceTree = "<group>";
		};
		AB716B91242E0C9900804253 /* ELKGalleryView */ = {
			isa = PBXGroup;
			children = (
				AB716B92242E0C9900804253 /* ELKGalleryShowView.h */,
				AB716B93242E0C9900804253 /* ELKGalleryShowView.m */,
			);
			path = ELKGalleryView;
			sourceTree = "<group>";
		};
		AB716B94242E0C9900804253 /* ELKPicker */ = {
			isa = PBXGroup;
			children = (
				AB716B95242E0C9900804253 /* ELKDatePickerView */,
			);
			path = ELKPicker;
			sourceTree = "<group>";
		};
		AB716B95242E0C9900804253 /* ELKDatePickerView */ = {
			isa = PBXGroup;
			children = (
				AB716B96242E0C9900804253 /* ELKDatePickerView.h */,
				AB716B97242E0C9900804253 /* ELKDatePickerView.m */,
			);
			path = ELKDatePickerView;
			sourceTree = "<group>";
		};
		AB716B98242E0C9900804253 /* ELKStarView */ = {
			isa = PBXGroup;
			children = (
				AB716B99242E0C9900804253 /* ELKStarView.m */,
				AB716B9A242E0C9900804253 /* ELKFiveStarView.m */,
				AB716B9B242E0C9900804253 /* ELKFiveStarView.h */,
				AB716B9C242E0C9900804253 /* ELKStarView.h */,
			);
			path = ELKStarView;
			sourceTree = "<group>";
		};
		AB716B9D242E0C9900804253 /* ELKTextViewPlaceholder */ = {
			isa = PBXGroup;
			children = (
				AB716B9E242E0C9900804253 /* UITextView+ELKPlaceHolder.h */,
				AB716B9F242E0C9900804253 /* UITextView+ELKPlaceHolder.m */,
			);
			path = ELKTextViewPlaceholder;
			sourceTree = "<group>";
		};
		AB716BA0242E0C9900804253 /* ELKNoDataView */ = {
			isa = PBXGroup;
			children = (
				AB716BA1242E0C9900804253 /* ELKNoDataView.m */,
				AB716BA2242E0C9900804253 /* ELKNoDataView.h */,
			);
			path = ELKNoDataView;
			sourceTree = "<group>";
		};
		AB716BA3242E0C9900804253 /* ELKSegmentControl */ = {
			isa = PBXGroup;
			children = (
				AB716BA4242E0C9900804253 /* ELKSegmentControl.h */,
				AB716BA5242E0C9900804253 /* ELKSegmentControl.m */,
			);
			path = ELKSegmentControl;
			sourceTree = "<group>";
		};
		AB716BA6242E0C9900804253 /* ELKPapawView */ = {
			isa = PBXGroup;
			children = (
				AB716BA7242E0C9900804253 /* ELKPapawView.m */,
				AB716BA8242E0C9900804253 /* ELKPapawView.h */,
			);
			path = ELKPapawView;
			sourceTree = "<group>";
		};
		AB716BA9242E0C9A00804253 /* Category */ = {
			isa = PBXGroup;
			children = (
				AB716BAA242E0C9A00804253 /* NSBundle+ELKUtilResources.m */,
				AB716BAB242E0C9A00804253 /* UIImage+ELKUtilResources.h */,
				AB716BAC242E0C9A00804253 /* NSBundle+ELKUtilResources.h */,
				AB716BAD242E0C9A00804253 /* UIImage+ELKUtilResources.m */,
			);
			path = Category;
			sourceTree = "<group>";
		};
		AB716BAE242E0C9A00804253 /* Utils */ = {
			isa = PBXGroup;
			children = (
				AB716BAF242E0C9A00804253 /* Quant */,
				AB716BB2242E0C9A00804253 /* Swizzling */,
				AB716BB5242E0C9A00804253 /* Tool */,
			);
			path = Utils;
			sourceTree = "<group>";
		};
		AB716BAF242E0C9A00804253 /* Quant */ = {
			isa = PBXGroup;
			children = (
				AB716BB0242E0C9A00804253 /* ELKUtilQuant.h */,
				AB716BB1242E0C9A00804253 /* ELKUtilQuant.m */,
			);
			path = Quant;
			sourceTree = "<group>";
		};
		AB716BB2242E0C9A00804253 /* Swizzling */ = {
			isa = PBXGroup;
			children = (
				AB716BB3242E0C9A00804253 /* ELKUtilSwizzling.h */,
				AB716BB4242E0C9A00804253 /* ELKUtilSwizzling.m */,
			);
			path = Swizzling;
			sourceTree = "<group>";
		};
		AB716BB5242E0C9A00804253 /* Tool */ = {
			isa = PBXGroup;
			children = (
			);
			path = Tool;
			sourceTree = "<group>";
		};
		CD65696AFC4240E216F167D2 /* Frameworks */ = {
			isa = PBXGroup;
			children = (
				775411FE18540D3DB31B395E /* libPods-ELKUtilKit.a */,
			);
			name = Frameworks;
			sourceTree = "<group>";
		};
/* End PBXGroup section */

/* Begin PBXHeadersBuildPhase section */
		AB716AEB242E092500804253 /* Headers */ = {
			isa = PBXHeadersBuildPhase;
			buildActionMask = 2147483647;
			files = (
				AB716BCA242E0C9A00804253 /* NSBundle+ELKUtilResources.h in Headers */,
				AB716BBF242E0C9A00804253 /* ELKStarView.h in Headers */,
				AB716BBA242E0C9A00804253 /* ELKDatePickerView.h in Headers */,
				AB716BC9242E0C9A00804253 /* UIImage+ELKUtilResources.h in Headers */,
				AB716BC4242E0C9A00804253 /* ELKSegmentControl.h in Headers */,
				AB716BBE242E0C9A00804253 /* ELKFiveStarView.h in Headers */,
				AB716BD0242E0C9A00804253 /* ELKUtilKit.h in Headers */,
				AB716BD1242E0C9A00804253 /* ELKUtilDefinesHeader.h in Headers */,
				AB716BC7242E0C9A00804253 /* ELKPapawView.h in Headers */,
				AB716BCE242E0C9A00804253 /* ELKUtilSwizzling.h in Headers */,
				AB716BC3242E0C9A00804253 /* ELKNoDataView.h in Headers */,
				AB716BEA242E103500804253 /* ELKUtilKitPrefixHeader.pch in Headers */,
				AB716BB8242E0C9A00804253 /* ELKGalleryShowView.h in Headers */,
				AB716BC0242E0C9A00804253 /* UITextView+ELKPlaceHolder.h in Headers */,
				AB716BCC242E0C9A00804253 /* ELKUtilQuant.h in Headers */,
			);
			runOnlyForDeploymentPostprocessing = 0;
		};
/* End PBXHeadersBuildPhase section */

/* Begin PBXNativeTarget section */
		AB716AEF242E092500804253 /* ELKUtilKit */ = {
			isa = PBXNativeTarget;
			buildConfigurationList = AB716B04242E092500804253 /* Build configuration list for PBXNativeTarget "ELKUtilKit" */;
			buildPhases = (
				0A562EAC3D4A133B456C8CF5 /* [CP] Check Pods Manifest.lock */,
				AB716AEB242E092500804253 /* Headers */,
				AB716AEC242E092500804253 /* Sources */,
				AB716AED242E092500804253 /* Frameworks */,
				AB716AEE242E092500804253 /* Resources */,
			);
			buildRules = (
			);
			dependencies = (
			);
			name = ELKUtilKit;
			productName = ELKUtilKit;
			productReference = AB716AF0242E092500804253 /* ELKUtilKit.framework */;
			productType = "com.apple.product-type.framework";
		};
		AB716AF8242E092500804253 /* ELKUtilKitTests */ = {
			isa = PBXNativeTarget;
			buildConfigurationList = AB716B07242E092500804253 /* Build configuration list for PBXNativeTarget "ELKUtilKitTests" */;
			buildPhases = (
				AB716AF5242E092500804253 /* Sources */,
				AB716AF6242E092500804253 /* Frameworks */,
				AB716AF7242E092500804253 /* Resources */,
			);
			buildRules = (
			);
			dependencies = (
				AB716AFC242E092500804253 /* PBXTargetDependency */,
			);
			name = ELKUtilKitTests;
			productName = ELKUtilKitTests;
			productReference = AB716AF9242E092500804253 /* ELKUtilKitTests.xctest */;
			productType = "com.apple.product-type.bundle.unit-test";
		};
/* End PBXNativeTarget section */

/* Begin PBXProject section */
		AB716AE7242E092500804253 /* Project object */ = {
			isa = PBXProject;
			attributes = {
				LastUpgradeCheck = 1130;
				ORGANIZATIONNAME = wing;
				TargetAttributes = {
					AB716AEF242E092500804253 = {
						CreatedOnToolsVersion = 11.3.1;
					};
					AB716AF8242E092500804253 = {
						CreatedOnToolsVersion = 11.3.1;
					};
				};
			};
			buildConfigurationList = AB716AEA242E092500804253 /* Build configuration list for PBXProject "ELKUtilKit" */;
			compatibilityVersion = "Xcode 9.3";
			developmentRegion = en;
			hasScannedForEncodings = 0;
			knownRegions = (
				en,
				Base,
			);
			mainGroup = AB716AE6242E092500804253;
			productRefGroup = AB716AF1242E092500804253 /* Products */;
			projectDirPath = "";
			projectRoot = "";
			targets = (
				AB716AEF242E092500804253 /* ELKUtilKit */,
				AB716AF8242E092500804253 /* ELKUtilKitTests */,
			);
		};
/* End PBXProject section */

/* Begin PBXResourcesBuildPhase section */
		AB716AEE242E092500804253 /* Resources */ = {
			isa = PBXResourcesBuildPhase;
			buildActionMask = 2147483647;
			files = (
				AB716B4C242E0C6000804253 /* ELKUtilResources.bundle in Resources */,
			);
			runOnlyForDeploymentPostprocessing = 0;
		};
		AB716AF7242E092500804253 /* Resources */ = {
			isa = PBXResourcesBuildPhase;
			buildActionMask = 2147483647;
			files = (
			);
			runOnlyForDeploymentPostprocessing = 0;
		};
/* End PBXResourcesBuildPhase section */

/* Begin PBXShellScriptBuildPhase section */
		0A562EAC3D4A133B456C8CF5 /* [CP] Check Pods Manifest.lock */ = {
			isa = PBXShellScriptBuildPhase;
			buildActionMask = 2147483647;
			files = (
			);
			inputFileListPaths = (
			);
			inputPaths = (
				"${PODS_PODFILE_DIR_PATH}/Podfile.lock",
				"${PODS_ROOT}/Manifest.lock",
			);
			name = "[CP] Check Pods Manifest.lock";
			outputFileListPaths = (
			);
			outputPaths = (
				"$(DERIVED_FILE_DIR)/Pods-ELKUtilKit-checkManifestLockResult.txt",
			);
			runOnlyForDeploymentPostprocessing = 0;
			shellPath = /bin/sh;
			shellScript = "diff \"${PODS_PODFILE_DIR_PATH}/Podfile.lock\" \"${PODS_ROOT}/Manifest.lock\" > /dev/null\nif [ $? != 0 ] ; then\n    # print error to STDERR\n    echo \"error: The sandbox is not in sync with the Podfile.lock. Run 'pod install' or update your CocoaPods installation.\" >&2\n    exit 1\nfi\n# This output is used by Xcode 'outputs' to avoid re-running this script phase.\necho \"SUCCESS\" > \"${SCRIPT_OUTPUT_FILE_0}\"\n";
			showEnvVarsInLog = 0;
		};
/* End PBXShellScriptBuildPhase section */

/* Begin PBXSourcesBuildPhase section */
		AB716AEC242E092500804253 /* Sources */ = {
			isa = PBXSourcesBuildPhase;
			buildActionMask = 2147483647;
			files = (
				AB716BC8242E0C9A00804253 /* NSBundle+ELKUtilResources.m in Sources */,
				AB716BC2242E0C9A00804253 /* ELKNoDataView.m in Sources */,
				AB716BC6242E0C9A00804253 /* ELKPapawView.m in Sources */,
				AB716BBC242E0C9A00804253 /* ELKStarView.m in Sources */,
				AB716BB9242E0C9A00804253 /* ELKGalleryShowView.m in Sources */,
				AB716BC5242E0C9A00804253 /* ELKSegmentControl.m in Sources */,
				AB716BCB242E0C9A00804253 /* UIImage+ELKUtilResources.m in Sources */,
				AB716BCD242E0C9A00804253 /* ELKUtilQuant.m in Sources */,
				AB716BCF242E0C9A00804253 /* ELKUtilSwizzling.m in Sources */,
				AB716BBB242E0C9A00804253 /* ELKDatePickerView.m in Sources */,
				AB716BBD242E0C9A00804253 /* ELKFiveStarView.m in Sources */,
				AB716BC1242E0C9A00804253 /* UITextView+ELKPlaceHolder.m in Sources */,
			);
			runOnlyForDeploymentPostprocessing = 0;
		};
		AB716AF5242E092500804253 /* Sources */ = {
			isa = PBXSourcesBuildPhase;
			buildActionMask = 2147483647;
			files = (
				AB716AFF242E092500804253 /* ELKUtilKitTests.m in Sources */,
			);
			runOnlyForDeploymentPostprocessing = 0;
		};
/* End PBXSourcesBuildPhase section */

/* Begin PBXTargetDependency section */
		AB716AFC242E092500804253 /* PBXTargetDependency */ = {
			isa = PBXTargetDependency;
			target = AB716AEF242E092500804253 /* ELKUtilKit */;
			targetProxy = AB716AFB242E092500804253 /* PBXContainerItemProxy */;
		};
/* End PBXTargetDependency section */

/* Begin XCBuildConfiguration section */
		AB716B02242E092500804253 /* Debug */ = {
			isa = XCBuildConfiguration;
			buildSettings = {
				ALWAYS_SEARCH_USER_PATHS = NO;
				CLANG_ANALYZER_NONNULL = YES;
				CLANG_ANALYZER_NUMBER_OBJECT_CONVERSION = YES_AGGRESSIVE;
				CLANG_CXX_LANGUAGE_STANDARD = "gnu++14";
				CLANG_CXX_LIBRARY = "libc++";
				CLANG_ENABLE_MODULES = YES;
				CLANG_ENABLE_OBJC_ARC = YES;
				CLANG_ENABLE_OBJC_WEAK = YES;
				CLANG_WARN_BLOCK_CAPTURE_AUTORELEASING = YES;
				CLANG_WARN_BOOL_CONVERSION = YES;
				CLANG_WARN_COMMA = YES;
				CLANG_WARN_CONSTANT_CONVERSION = YES;
				CLANG_WARN_DEPRECATED_OBJC_IMPLEMENTATIONS = YES;
				CLANG_WARN_DIRECT_OBJC_ISA_USAGE = YES_ERROR;
				CLANG_WARN_DOCUMENTATION_COMMENTS = YES;
				CLANG_WARN_EMPTY_BODY = YES;
				CLANG_WARN_ENUM_CONVERSION = YES;
				CLANG_WARN_INFINITE_RECURSION = YES;
				CLANG_WARN_INT_CONVERSION = YES;
				CLANG_WARN_NON_LITERAL_NULL_CONVERSION = YES;
				CLANG_WARN_OBJC_IMPLICIT_RETAIN_SELF = YES;
				CLANG_WARN_OBJC_LITERAL_CONVERSION = YES;
				CLANG_WARN_OBJC_ROOT_CLASS = YES_ERROR;
				CLANG_WARN_RANGE_LOOP_ANALYSIS = YES;
				CLANG_WARN_STRICT_PROTOTYPES = YES;
				CLANG_WARN_SUSPICIOUS_MOVE = YES;
				CLANG_WARN_UNGUARDED_AVAILABILITY = YES_AGGRESSIVE;
				CLANG_WARN_UNREACHABLE_CODE = YES;
				CLANG_WARN__DUPLICATE_METHOD_MATCH = YES;
				COPY_PHASE_STRIP = NO;
				CURRENT_PROJECT_VERSION = 1;
				DEBUG_INFORMATION_FORMAT = dwarf;
				ENABLE_STRICT_OBJC_MSGSEND = YES;
				ENABLE_TESTABILITY = YES;
				GCC_C_LANGUAGE_STANDARD = gnu11;
				GCC_DYNAMIC_NO_PIC = NO;
				GCC_NO_COMMON_BLOCKS = YES;
				GCC_OPTIMIZATION_LEVEL = 0;
				GCC_PREPROCESSOR_DEFINITIONS = (
					"DEBUG=1",
					"$(inherited)",
				);
				GCC_WARN_64_TO_32_BIT_CONVERSION = YES;
				GCC_WARN_ABOUT_RETURN_TYPE = YES_ERROR;
				GCC_WARN_UNDECLARED_SELECTOR = YES;
				GCC_WARN_UNINITIALIZED_AUTOS = YES_AGGRESSIVE;
				GCC_WARN_UNUSED_FUNCTION = YES;
				GCC_WARN_UNUSED_VARIABLE = YES;
				IPHONEOS_DEPLOYMENT_TARGET = 9.0;
				MTL_ENABLE_DEBUG_INFO = INCLUDE_SOURCE;
				MTL_FAST_MATH = YES;
				ONLY_ACTIVE_ARCH = YES;
				SDKROOT = iphoneos;
				VERSIONING_SYSTEM = "apple-generic";
				VERSION_INFO_PREFIX = "";
			};
			name = Debug;
		};
		AB716B03242E092500804253 /* Release */ = {
			isa = XCBuildConfiguration;
			buildSettings = {
				ALWAYS_SEARCH_USER_PATHS = NO;
				CLANG_ANALYZER_NONNULL = YES;
				CLANG_ANALYZER_NUMBER_OBJECT_CONVERSION = YES_AGGRESSIVE;
				CLANG_CXX_LANGUAGE_STANDARD = "gnu++14";
				CLANG_CXX_LIBRARY = "libc++";
				CLANG_ENABLE_MODULES = YES;
				CLANG_ENABLE_OBJC_ARC = YES;
				CLANG_ENABLE_OBJC_WEAK = YES;
				CLANG_WARN_BLOCK_CAPTURE_AUTORELEASING = YES;
				CLANG_WARN_BOOL_CONVERSION = YES;
				CLANG_WARN_COMMA = YES;
				CLANG_WARN_CONSTANT_CONVERSION = YES;
				CLANG_WARN_DEPRECATED_OBJC_IMPLEMENTATIONS = YES;
				CLANG_WARN_DIRECT_OBJC_ISA_USAGE = YES_ERROR;
				CLANG_WARN_DOCUMENTATION_COMMENTS = YES;
				CLANG_WARN_EMPTY_BODY = YES;
				CLANG_WARN_ENUM_CONVERSION = YES;
				CLANG_WARN_INFINITE_RECURSION = YES;
				CLANG_WARN_INT_CONVERSION = YES;
				CLANG_WARN_NON_LITERAL_NULL_CONVERSION = YES;
				CLANG_WARN_OBJC_IMPLICIT_RETAIN_SELF = YES;
				CLANG_WARN_OBJC_LITERAL_CONVERSION = YES;
				CLANG_WARN_OBJC_ROOT_CLASS = YES_ERROR;
				CLANG_WARN_RANGE_LOOP_ANALYSIS = YES;
				CLANG_WARN_STRICT_PROTOTYPES = YES;
				CLANG_WARN_SUSPICIOUS_MOVE = YES;
				CLANG_WARN_UNGUARDED_AVAILABILITY = YES_AGGRESSIVE;
				CLANG_WARN_UNREACHABLE_CODE = YES;
				CLANG_WARN__DUPLICATE_METHOD_MATCH = YES;
				COPY_PHASE_STRIP = NO;
				CURRENT_PROJECT_VERSION = 1;
				DEBUG_INFORMATION_FORMAT = "dwarf-with-dsym";
				ENABLE_NS_ASSERTIONS = NO;
				ENABLE_STRICT_OBJC_MSGSEND = YES;
				GCC_C_LANGUAGE_STANDARD = gnu11;
				GCC_NO_COMMON_BLOCKS = YES;
				GCC_WARN_64_TO_32_BIT_CONVERSION = YES;
				GCC_WARN_ABOUT_RETURN_TYPE = YES_ERROR;
				GCC_WARN_UNDECLARED_SELECTOR = YES;
				GCC_WARN_UNINITIALIZED_AUTOS = YES_AGGRESSIVE;
				GCC_WARN_UNUSED_FUNCTION = YES;
				GCC_WARN_UNUSED_VARIABLE = YES;
				IPHONEOS_DEPLOYMENT_TARGET = 9.0;
				MTL_ENABLE_DEBUG_INFO = NO;
				MTL_FAST_MATH = YES;
				SDKROOT = iphoneos;
				VALIDATE_PRODUCT = YES;
				VERSIONING_SYSTEM = "apple-generic";
				VERSION_INFO_PREFIX = "";
			};
			name = Release;
		};
		AB716B05242E092500804253 /* Debug */ = {
			isa = XCBuildConfiguration;
			baseConfigurationReference = B15DF6F6DCF7737AC953E3BD /* Pods-ELKUtilKit.debug.xcconfig */;
			buildSettings = {
				CODE_SIGN_STYLE = Automatic;
				DEFINES_MODULE = YES;
				DEVELOPMENT_TEAM = J8BTB638K2;
				DYLIB_COMPATIBILITY_VERSION = 1;
				DYLIB_CURRENT_VERSION = 1;
				DYLIB_INSTALL_NAME_BASE = "@rpath";
				GCC_PREFIX_HEADER = "$(SRCROOT)/Others/ELKUtilKitPrefixHeader.pch";
				INFOPLIST_FILE = Others/Info.plist;
				INSTALL_PATH = "$(LOCAL_LIBRARY_DIR)/Frameworks";
				LD_RUNPATH_SEARCH_PATHS = (
					"$(inherited)",
					"@executable_path/Frameworks",
					"@loader_path/Frameworks",
				);
				MACH_O_TYPE = staticlib;
				PRODUCT_BUNDLE_IDENTIFIER = com.elk.ELKUtilKit;
				PRODUCT_NAME = "$(TARGET_NAME:c99extidentifier)";
				SKIP_INSTALL = YES;
				TARGETED_DEVICE_FAMILY = 1;
			};
			name = Debug;
		};
		AB716B06242E092500804253 /* Release */ = {
			isa = XCBuildConfiguration;
			baseConfigurationReference = 2902D1E333423F67C35F77D0 /* Pods-ELKUtilKit.release.xcconfig */;
			buildSettings = {
				CODE_SIGN_STYLE = Automatic;
				DEFINES_MODULE = YES;
				DEVELOPMENT_TEAM = J8BTB638K2;
				DYLIB_COMPATIBILITY_VERSION = 1;
				DYLIB_CURRENT_VERSION = 1;
				DYLIB_INSTALL_NAME_BASE = "@rpath";
				GCC_PREFIX_HEADER = "$(SRCROOT)/Others/ELKUtilKitPrefixHeader.pch";
				INFOPLIST_FILE = Others/Info.plist;
				INSTALL_PATH = "$(LOCAL_LIBRARY_DIR)/Frameworks";
				LD_RUNPATH_SEARCH_PATHS = (
					"$(inherited)",
					"@executable_path/Frameworks",
					"@loader_path/Frameworks",
				);
				MACH_O_TYPE = staticlib;
				PRODUCT_BUNDLE_IDENTIFIER = com.elk.ELKUtilKit;
				PRODUCT_NAME = "$(TARGET_NAME:c99extidentifier)";
				SKIP_INSTALL = YES;
				TARGETED_DEVICE_FAMILY = 1;
			};
			name = Release;
		};
		AB716B08242E092500804253 /* Debug */ = {
			isa = XCBuildConfiguration;
			buildSettings = {
				CODE_SIGN_STYLE = Automatic;
				DEVELOPMENT_TEAM = J8BTB638K2;
				INFOPLIST_FILE = ELKUtilKitTests/Info.plist;
				LD_RUNPATH_SEARCH_PATHS = (
					"$(inherited)",
					"@executable_path/Frameworks",
					"@loader_path/Frameworks",
				);
				PRODUCT_BUNDLE_IDENTIFIER = com.elk.ELKUtilKitTests;
				PRODUCT_NAME = "$(TARGET_NAME)";
				TARGETED_DEVICE_FAMILY = "1,2";
			};
			name = Debug;
		};
		AB716B09242E092500804253 /* Release */ = {
			isa = XCBuildConfiguration;
			buildSettings = {
				CODE_SIGN_STYLE = Automatic;
				DEVELOPMENT_TEAM = J8BTB638K2;
				INFOPLIST_FILE = ELKUtilKitTests/Info.plist;
				LD_RUNPATH_SEARCH_PATHS = (
					"$(inherited)",
					"@executable_path/Frameworks",
					"@loader_path/Frameworks",
				);
				PRODUCT_BUNDLE_IDENTIFIER = com.elk.ELKUtilKitTests;
				PRODUCT_NAME = "$(TARGET_NAME)";
				TARGETED_DEVICE_FAMILY = "1,2";
			};
			name = Release;
		};
/* End XCBuildConfiguration section */

/* Begin XCConfigurationList section */
		AB716AEA242E092500804253 /* Build configuration list for PBXProject "ELKUtilKit" */ = {
			isa = XCConfigurationList;
			buildConfigurations = (
				AB716B02242E092500804253 /* Debug */,
				AB716B03242E092500804253 /* Release */,
			);
			defaultConfigurationIsVisible = 0;
			defaultConfigurationName = Release;
		};
		AB716B04242E092500804253 /* Build configuration list for PBXNativeTarget "ELKUtilKit" */ = {
			isa = XCConfigurationList;
			buildConfigurations = (
				AB716B05242E092500804253 /* Debug */,
				AB716B06242E092500804253 /* Release */,
			);
			defaultConfigurationIsVisible = 0;
			defaultConfigurationName = Release;
		};
		AB716B07242E092500804253 /* Build configuration list for PBXNativeTarget "ELKUtilKitTests" */ = {
			isa = XCConfigurationList;
			buildConfigurations = (
				AB716B08242E092500804253 /* Debug */,
				AB716B09242E092500804253 /* Release */,
			);
			defaultConfigurationIsVisible = 0;
			defaultConfigurationName = Release;
		};
/* End XCConfigurationList section */
	};
	rootObject = AB716AE7242E092500804253 /* Project object */;
}
