// !$*UTF8*$!
{
	archiveVersion = 1;
	classes = {
	};
	objectVersion = 50;
	objects = {

/* Begin PBXBuildFile section */
		120FDD628548374E8704D1B2 /* libPods-ELKUtilDemo.a in Frameworks */ = {isa = PBXBuildFile; fileRef = 602F7981EC87D3AF1859436A /* libPods-ELKUtilDemo.a */; };
		AB70FAD4242E4AB8006F991B /* ELKUtilResources.bundle in Resources */ = {isa = PBXBuildFile; fileRef = AB70FAD3242E4AB8006F991B /* ELKUtilResources.bundle */; };
		AB716A72242E071900804253 /* AppDelegate.m in Sources */ = {isa = PBXBuildFile; fileRef = AB716A71242E071900804253 /* AppDelegate.m */; };
		AB716A78242E071900804253 /* ViewController.m in Sources */ = {isa = PBXBuildFile; fileRef = AB716A77242E071900804253 /* ViewController.m */; };
		AB716A7B242E071900804253 /* Main.storyboard in Resources */ = {isa = PBXBuildFile; fileRef = AB716A79242E071900804253 /* Main.storyboard */; };
		AB716A7D242E071A00804253 /* Assets.xcassets in Resources */ = {isa = PBXBuildFile; fileRef = AB716A7C242E071A00804253 /* Assets.xcassets */; };
		AB716A80242E071A00804253 /* LaunchScreen.storyboard in Resources */ = {isa = PBXBuildFile; fileRef = AB716A7E242E071A00804253 /* LaunchScreen.storyboard */; };
		AB716A83242E071A00804253 /* main.m in Sources */ = {isa = PBXBuildFile; fileRef = AB716A82242E071A00804253 /* main.m */; };
		AB716A8D242E071A00804253 /* ELKUtilDemoTests.m in Sources */ = {isa = PBXBuildFile; fileRef = AB716A8C242E071A00804253 /* ELKUtilDemoTests.m */; };
		AB716A98242E071A00804253 /* ELKUtilDemoUITests.m in Sources */ = {isa = PBXBuildFile; fileRef = AB716A97242E071A00804253 /* ELKUtilDemoUITests.m */; };
		AB716BF5242E11A600804253 /* SecondViewController.m in Sources */ = {isa = PBXBuildFile; fileRef = AB716BF3242E11A500804253 /* SecondViewController.m */; };
		AB716CA8242E253800804253 /* NSBundle+ELKUtilResources.m in Sources */ = {isa = PBXBuildFile; fileRef = AB716C83242E253800804253 /* NSBundle+ELKUtilResources.m */; };
		AB716CA9242E253800804253 /* UIImage+ELKUtilResources.m in Sources */ = {isa = PBXBuildFile; fileRef = AB716C86242E253800804253 /* UIImage+ELKUtilResources.m */; };
		AB716CAA242E253800804253 /* ELKUtilQuant.m in Sources */ = {isa = PBXBuildFile; fileRef = AB716C8A242E253800804253 /* ELKUtilQuant.m */; };
		AB716CAB242E253800804253 /* ELKUtilSwizzling.m in Sources */ = {isa = PBXBuildFile; fileRef = AB716C8D242E253800804253 /* ELKUtilSwizzling.m */; };
		AB716CAC242E253800804253 /* ELKGalleryShowView.m in Sources */ = {isa = PBXBuildFile; fileRef = AB716C92242E253800804253 /* ELKGalleryShowView.m */; };
		AB716CAD242E253800804253 /* ELKDatePickerView.m in Sources */ = {isa = PBXBuildFile; fileRef = AB716C96242E253800804253 /* ELKDatePickerView.m */; };
		AB716CAE242E253800804253 /* ELKStarView.m in Sources */ = {isa = PBXBuildFile; fileRef = AB716C98242E253800804253 /* ELKStarView.m */; };
		AB716CAF242E253800804253 /* ELKFiveStarView.m in Sources */ = {isa = PBXBuildFile; fileRef = AB716C99242E253800804253 /* ELKFiveStarView.m */; };
		AB716CB0242E253800804253 /* UITextView+ELKPlaceHolder.m in Sources */ = {isa = PBXBuildFile; fileRef = AB716C9E242E253800804253 /* UITextView+ELKPlaceHolder.m */; };
		AB716CB1242E253800804253 /* ELKNoDataView.m in Sources */ = {isa = PBXBuildFile; fileRef = AB716CA0242E253800804253 /* ELKNoDataView.m */; };
		AB716CB2242E253800804253 /* ELKSegmentControl.m in Sources */ = {isa = PBXBuildFile; fileRef = AB716CA4242E253800804253 /* ELKSegmentControl.m */; };
		AB716CB3242E253800804253 /* ELKPapawView.m in Sources */ = {isa = PBXBuildFile; fileRef = AB716CA6242E253800804253 /* ELKPapawView.m */; };
		AB716CC0242E254300804253 /* ELKStarView+ELKUtilChained.m in Sources */ = {isa = PBXBuildFile; fileRef = AB716CB9242E254300804253 /* ELKStarView+ELKUtilChained.m */; };
		AB716CC1242E254300804253 /* UITextView+ELKUtilPlaceHolderChained.m in Sources */ = {isa = PBXBuildFile; fileRef = AB716CBB242E254300804253 /* UITextView+ELKUtilPlaceHolderChained.m */; };
		AB716CC2242E254300804253 /* ELKSegmentControl+ELKUtilChained.m in Sources */ = {isa = PBXBuildFile; fileRef = AB716CBF242E254300804253 /* ELKSegmentControl+ELKUtilChained.m */; };
/* End PBXBuildFile section */

/* Begin PBXContainerItemProxy section */
		AB716A89242E071A00804253 /* PBXContainerItemProxy */ = {
			isa = PBXContainerItemProxy;
			containerPortal = AB716A65242E071900804253 /* Project object */;
			proxyType = 1;
			remoteGlobalIDString = AB716A6C242E071900804253;
			remoteInfo = ELKUtilDemo;
		};
		AB716A94242E071A00804253 /* PBXContainerItemProxy */ = {
			isa = PBXContainerItemProxy;
			containerPortal = AB716A65242E071900804253 /* Project object */;
			proxyType = 1;
			remoteGlobalIDString = AB716A6C242E071900804253;
			remoteInfo = ELKUtilDemo;
		};
/* End PBXContainerItemProxy section */

/* Begin PBXFileReference section */
		014354006FA101173B34FB23 /* Pods-ELKUtilDemo.debug.xcconfig */ = {isa = PBXFileReference; includeInIndex = 1; lastKnownFileType = text.xcconfig; name = "Pods-ELKUtilDemo.debug.xcconfig"; path = "Target Support Files/Pods-ELKUtilDemo/Pods-ELKUtilDemo.debug.xcconfig"; sourceTree = "<group>"; };
		602F7981EC87D3AF1859436A /* libPods-ELKUtilDemo.a */ = {isa = PBXFileReference; explicitFileType = archive.ar; includeInIndex = 0; path = "libPods-ELKUtilDemo.a"; sourceTree = BUILT_PRODUCTS_DIR; };
		AB70FAD3242E4AB8006F991B /* ELKUtilResources.bundle */ = {isa = PBXFileReference; lastKnownFileType = "wrapper.plug-in"; name = ELKUtilResources.bundle; path = ELKUtilDemo/ELKUtilKit/ELKProducts/Release/ELKUtilResources.bundle; sourceTree = SOURCE_ROOT; };
		AB716A6D242E071900804253 /* ELKUtilDemo.app */ = {isa = PBXFileReference; explicitFileType = wrapper.application; includeInIndex = 0; path = ELKUtilDemo.app; sourceTree = BUILT_PRODUCTS_DIR; };
		AB716A70242E071900804253 /* AppDelegate.h */ = {isa = PBXFileReference; lastKnownFileType = sourcecode.c.h; path = AppDelegate.h; sourceTree = "<group>"; };
		AB716A71242E071900804253 /* AppDelegate.m */ = {isa = PBXFileReference; lastKnownFileType = sourcecode.c.objc; path = AppDelegate.m; sourceTree = "<group>"; };
		AB716A76242E071900804253 /* ViewController.h */ = {isa = PBXFileReference; lastKnownFileType = sourcecode.c.h; path = ViewController.h; sourceTree = "<group>"; };
		AB716A77242E071900804253 /* ViewController.m */ = {isa = PBXFileReference; lastKnownFileType = sourcecode.c.objc; path = ViewController.m; sourceTree = "<group>"; };
		AB716A7A242E071900804253 /* Base */ = {isa = PBXFileReference; lastKnownFileType = file.storyboard; name = Base; path = Base.lproj/Main.storyboard; sourceTree = "<group>"; };
		AB716A7C242E071A00804253 /* Assets.xcassets */ = {isa = PBXFileReference; lastKnownFileType = folder.assetcatalog; path = Assets.xcassets; sourceTree = "<group>"; };
		AB716A7F242E071A00804253 /* Base */ = {isa = PBXFileReference; lastKnownFileType = file.storyboard; name = Base; path = Base.lproj/LaunchScreen.storyboard; sourceTree = "<group>"; };
		AB716A81242E071A00804253 /* Info.plist */ = {isa = PBXFileReference; lastKnownFileType = text.plist.xml; path = Info.plist; sourceTree = "<group>"; };
		AB716A82242E071A00804253 /* main.m */ = {isa = PBXFileReference; lastKnownFileType = sourcecode.c.objc; path = main.m; sourceTree = "<group>"; };
		AB716A88242E071A00804253 /* ELKUtilDemoTests.xctest */ = {isa = PBXFileReference; explicitFileType = wrapper.cfbundle; includeInIndex = 0; path = ELKUtilDemoTests.xctest; sourceTree = BUILT_PRODUCTS_DIR; };
		AB716A8C242E071A00804253 /* ELKUtilDemoTests.m */ = {isa = PBXFileReference; lastKnownFileType = sourcecode.c.objc; path = ELKUtilDemoTests.m; sourceTree = "<group>"; };
		AB716A8E242E071A00804253 /* Info.plist */ = {isa = PBXFileReference; lastKnownFileType = text.plist.xml; path = Info.plist; sourceTree = "<group>"; };
		AB716A93242E071A00804253 /* ELKUtilDemoUITests.xctest */ = {isa = PBXFileReference; explicitFileType = wrapper.cfbundle; includeInIndex = 0; path = ELKUtilDemoUITests.xctest; sourceTree = BUILT_PRODUCTS_DIR; };
		AB716A97242E071A00804253 /* ELKUtilDemoUITests.m */ = {isa = PBXFileReference; lastKnownFileType = sourcecode.c.objc; path = ELKUtilDemoUITests.m; sourceTree = "<group>"; };
		AB716A99242E071A00804253 /* Info.plist */ = {isa = PBXFileReference; lastKnownFileType = text.plist.xml; path = Info.plist; sourceTree = "<group>"; };
		AB716BEC242E110C00804253 /* ELKUtilDemoPrefixHeader.pch */ = {isa = PBXFileReference; lastKnownFileType = sourcecode.c.h; path = ELKUtilDemoPrefixHeader.pch; sourceTree = "<group>"; };
		AB716BED242E116800804253 /* ELKUtilKit.framework */ = {isa = PBXFileReference; explicitFileType = wrapper.framework; path = ELKUtilKit.framework; sourceTree = BUILT_PRODUCTS_DIR; };
		AB716BEF242E116800804253 /* ELKUtilKitChained.framework */ = {isa = PBXFileReference; explicitFileType = wrapper.framework; path = ELKUtilKitChained.framework; sourceTree = BUILT_PRODUCTS_DIR; };
		AB716BF3242E11A500804253 /* SecondViewController.m */ = {isa = PBXFileReference; fileEncoding = 4; lastKnownFileType = sourcecode.c.objc; path = SecondViewController.m; sourceTree = "<group>"; };
		AB716BF4242E11A500804253 /* SecondViewController.h */ = {isa = PBXFileReference; fileEncoding = 4; lastKnownFileType = sourcecode.c.h; path = SecondViewController.h; sourceTree = "<group>"; };
		AB716C81242E253800804253 /* ELKUtilKit.h */ = {isa = PBXFileReference; fileEncoding = 4; lastKnownFileType = sourcecode.c.h; path = ELKUtilKit.h; sourceTree = "<group>"; };
		AB716C83242E253800804253 /* NSBundle+ELKUtilResources.m */ = {isa = PBXFileReference; fileEncoding = 4; lastKnownFileType = sourcecode.c.objc; path = "NSBundle+ELKUtilResources.m"; sourceTree = "<group>"; };
		AB716C84242E253800804253 /* UIImage+ELKUtilResources.h */ = {isa = PBXFileReference; fileEncoding = 4; lastKnownFileType = sourcecode.c.h; path = "UIImage+ELKUtilResources.h"; sourceTree = "<group>"; };
		AB716C85242E253800804253 /* NSBundle+ELKUtilResources.h */ = {isa = PBXFileReference; fileEncoding = 4; lastKnownFileType = sourcecode.c.h; path = "NSBundle+ELKUtilResources.h"; sourceTree = "<group>"; };
		AB716C86242E253800804253 /* UIImage+ELKUtilResources.m */ = {isa = PBXFileReference; fileEncoding = 4; lastKnownFileType = sourcecode.c.objc; path = "UIImage+ELKUtilResources.m"; sourceTree = "<group>"; };
		AB716C89242E253800804253 /* ELKUtilQuant.h */ = {isa = PBXFileReference; fileEncoding = 4; lastKnownFileType = sourcecode.c.h; path = ELKUtilQuant.h; sourceTree = "<group>"; };
		AB716C8A242E253800804253 /* ELKUtilQuant.m */ = {isa = PBXFileReference; fileEncoding = 4; lastKnownFileType = sourcecode.c.objc; path = ELKUtilQuant.m; sourceTree = "<group>"; };
		AB716C8C242E253800804253 /* ELKUtilSwizzling.h */ = {isa = PBXFileReference; fileEncoding = 4; lastKnownFileType = sourcecode.c.h; path = ELKUtilSwizzling.h; sourceTree = "<group>"; };
		AB716C8D242E253800804253 /* ELKUtilSwizzling.m */ = {isa = PBXFileReference; fileEncoding = 4; lastKnownFileType = sourcecode.c.objc; path = ELKUtilSwizzling.m; sourceTree = "<group>"; };
		AB716C8E242E253800804253 /* ELKUtilDefinesHeader.h */ = {isa = PBXFileReference; fileEncoding = 4; lastKnownFileType = sourcecode.c.h; path = ELKUtilDefinesHeader.h; sourceTree = "<group>"; };
		AB716C91242E253800804253 /* ELKGalleryShowView.h */ = {isa = PBXFileReference; fileEncoding = 4; lastKnownFileType = sourcecode.c.h; path = ELKGalleryShowView.h; sourceTree = "<group>"; };
		AB716C92242E253800804253 /* ELKGalleryShowView.m */ = {isa = PBXFileReference; fileEncoding = 4; lastKnownFileType = sourcecode.c.objc; path = ELKGalleryShowView.m; sourceTree = "<group>"; };
		AB716C95242E253800804253 /* ELKDatePickerView.h */ = {isa = PBXFileReference; fileEncoding = 4; lastKnownFileType = sourcecode.c.h; path = ELKDatePickerView.h; sourceTree = "<group>"; };
		AB716C96242E253800804253 /* ELKDatePickerView.m */ = {isa = PBXFileReference; fileEncoding = 4; lastKnownFileType = sourcecode.c.objc; path = ELKDatePickerView.m; sourceTree = "<group>"; };
		AB716C98242E253800804253 /* ELKStarView.m */ = {isa = PBXFileReference; fileEncoding = 4; lastKnownFileType = sourcecode.c.objc; path = ELKStarView.m; sourceTree = "<group>"; };
		AB716C99242E253800804253 /* ELKFiveStarView.m */ = {isa = PBXFileReference; fileEncoding = 4; lastKnownFileType = sourcecode.c.objc; path = ELKFiveStarView.m; sourceTree = "<group>"; };
		AB716C9A242E253800804253 /* ELKFiveStarView.h */ = {isa = PBXFileReference; fileEncoding = 4; lastKnownFileType = sourcecode.c.h; path = ELKFiveStarView.h; sourceTree = "<group>"; };
		AB716C9B242E253800804253 /* ELKStarView.h */ = {isa = PBXFileReference; fileEncoding = 4; lastKnownFileType = sourcecode.c.h; path = ELKStarView.h; sourceTree = "<group>"; };
		AB716C9D242E253800804253 /* UITextView+ELKPlaceHolder.h */ = {isa = PBXFileReference; fileEncoding = 4; lastKnownFileType = sourcecode.c.h; path = "UITextView+ELKPlaceHolder.h"; sourceTree = "<group>"; };
		AB716C9E242E253800804253 /* UITextView+ELKPlaceHolder.m */ = {isa = PBXFileReference; fileEncoding = 4; lastKnownFileType = sourcecode.c.objc; path = "UITextView+ELKPlaceHolder.m"; sourceTree = "<group>"; };
		AB716CA0242E253800804253 /* ELKNoDataView.m */ = {isa = PBXFileReference; fileEncoding = 4; lastKnownFileType = sourcecode.c.objc; path = ELKNoDataView.m; sourceTree = "<group>"; };
		AB716CA1242E253800804253 /* ELKNoDataView.h */ = {isa = PBXFileReference; fileEncoding = 4; lastKnownFileType = sourcecode.c.h; path = ELKNoDataView.h; sourceTree = "<group>"; };
		AB716CA3242E253800804253 /* ELKSegmentControl.h */ = {isa = PBXFileReference; fileEncoding = 4; lastKnownFileType = sourcecode.c.h; path = ELKSegmentControl.h; sourceTree = "<group>"; };
		AB716CA4242E253800804253 /* ELKSegmentControl.m */ = {isa = PBXFileReference; fileEncoding = 4; lastKnownFileType = sourcecode.c.objc; path = ELKSegmentControl.m; sourceTree = "<group>"; };
		AB716CA6242E253800804253 /* ELKPapawView.m */ = {isa = PBXFileReference; fileEncoding = 4; lastKnownFileType = sourcecode.c.objc; path = ELKPapawView.m; sourceTree = "<group>"; };
		AB716CA7242E253800804253 /* ELKPapawView.h */ = {isa = PBXFileReference; fileEncoding = 4; lastKnownFileType = sourcecode.c.h; path = ELKPapawView.h; sourceTree = "<group>"; };
		AB716CB5242E254300804253 /* ELKUtilKitChained.h */ = {isa = PBXFileReference; fileEncoding = 4; lastKnownFileType = sourcecode.c.h; path = ELKUtilKitChained.h; sourceTree = "<group>"; };
		AB716CB8242E254300804253 /* ELKStarView+ELKUtilChained.h */ = {isa = PBXFileReference; fileEncoding = 4; lastKnownFileType = sourcecode.c.h; path = "ELKStarView+ELKUtilChained.h"; sourceTree = "<group>"; };
		AB716CB9242E254300804253 /* ELKStarView+ELKUtilChained.m */ = {isa = PBXFileReference; fileEncoding = 4; lastKnownFileType = sourcecode.c.objc; path = "ELKStarView+ELKUtilChained.m"; sourceTree = "<group>"; };
		AB716CBB242E254300804253 /* UITextView+ELKUtilPlaceHolderChained.m */ = {isa = PBXFileReference; fileEncoding = 4; lastKnownFileType = sourcecode.c.objc; path = "UITextView+ELKUtilPlaceHolderChained.m"; sourceTree = "<group>"; };
		AB716CBC242E254300804253 /* UITextView+ELKUtilPlaceHolderChained.h */ = {isa = PBXFileReference; fileEncoding = 4; lastKnownFileType = sourcecode.c.h; path = "UITextView+ELKUtilPlaceHolderChained.h"; sourceTree = "<group>"; };
		AB716CBE242E254300804253 /* ELKSegmentControl+ELKUtilChained.h */ = {isa = PBXFileReference; fileEncoding = 4; lastKnownFileType = sourcecode.c.h; path = "ELKSegmentControl+ELKUtilChained.h"; sourceTree = "<group>"; };
		AB716CBF242E254300804253 /* ELKSegmentControl+ELKUtilChained.m */ = {isa = PBXFileReference; fileEncoding = 4; lastKnownFileType = sourcecode.c.objc; path = "ELKSegmentControl+ELKUtilChained.m"; sourceTree = "<group>"; };
		DA58263FCEF00663828A6F3A /* Pods-ELKUtilDemo.release.xcconfig */ = {isa = PBXFileReference; includeInIndex = 1; lastKnownFileType = text.xcconfig; name = "Pods-ELKUtilDemo.release.xcconfig"; path = "Target Support Files/Pods-ELKUtilDemo/Pods-ELKUtilDemo.release.xcconfig"; sourceTree = "<group>"; };
/* End PBXFileReference section */

/* Begin PBXFrameworksBuildPhase section */
		AB716A6A242E071900804253 /* Frameworks */ = {
			isa = PBXFrameworksBuildPhase;
			buildActionMask = 2147483647;
			files = (
				120FDD628548374E8704D1B2 /* libPods-ELKUtilDemo.a in Frameworks */,
			);
			runOnlyForDeploymentPostprocessing = 0;
		};
		AB716A85242E071A00804253 /* Frameworks */ = {
			isa = PBXFrameworksBuildPhase;
			buildActionMask = 2147483647;
			files = (
			);
			runOnlyForDeploymentPostprocessing = 0;
		};
		AB716A90242E071A00804253 /* Frameworks */ = {
			isa = PBXFrameworksBuildPhase;
			buildActionMask = 2147483647;
			files = (
			);
			runOnlyForDeploymentPostprocessing = 0;
		};
/* End PBXFrameworksBuildPhase section */

/* Begin PBXGroup section */
		0E510E542AF69F84AB71672C /* Pods */ = {
			isa = PBXGroup;
			children = (
				014354006FA101173B34FB23 /* Pods-ELKUtilDemo.debug.xcconfig */,
				DA58263FCEF00663828A6F3A /* Pods-ELKUtilDemo.release.xcconfig */,
			);
			name = Pods;
			path = ../Pods;
			sourceTree = "<group>";
		};
		3987EDA47C70617298CD87A6 /* Frameworks */ = {
			isa = PBXGroup;
			children = (
				AB716BED242E116800804253 /* ELKUtilKit.framework */,
				AB716BEF242E116800804253 /* ELKUtilKitChained.framework */,
				602F7981EC87D3AF1859436A /* libPods-ELKUtilDemo.a */,
			);
			name = Frameworks;
			sourceTree = "<group>";
		};
		AB716A64242E071900804253 = {
			isa = PBXGroup;
			children = (
				AB716A6F242E071900804253 /* ELKUtilDemo */,
				AB716A8B242E071A00804253 /* ELKUtilDemoTests */,
				AB716A96242E071A00804253 /* ELKUtilDemoUITests */,
				AB716A6E242E071900804253 /* Products */,
				0E510E542AF69F84AB71672C /* Pods */,
				3987EDA47C70617298CD87A6 /* Frameworks */,
			);
			sourceTree = "<group>";
		};
		AB716A6E242E071900804253 /* Products */ = {
			isa = PBXGroup;
			children = (
				AB716A6D242E071900804253 /* ELKUtilDemo.app */,
				AB716A88242E071A00804253 /* ELKUtilDemoTests.xctest */,
				AB716A93242E071A00804253 /* ELKUtilDemoUITests.xctest */,
			);
			name = Products;
			sourceTree = "<group>";
		};
		AB716A6F242E071900804253 /* ELKUtilDemo */ = {
			isa = PBXGroup;
			children = (
				AB716A70242E071900804253 /* AppDelegate.h */,
				AB716A71242E071900804253 /* AppDelegate.m */,
				AB716C80242E253800804253 /* ELKUtilKit */,
				AB716CB4242E254300804253 /* ELKUtilKitChained */,
				AB716BF4242E11A500804253 /* SecondViewController.h */,
				AB716BF3242E11A500804253 /* SecondViewController.m */,
				AB716A76242E071900804253 /* ViewController.h */,
				AB716A77242E071900804253 /* ViewController.m */,
				AB716BEB242E10F300804253 /* ZOthers */,
			);
			path = ELKUtilDemo;
			sourceTree = "<group>";
		};
		AB716A8B242E071A00804253 /* ELKUtilDemoTests */ = {
			isa = PBXGroup;
			children = (
				AB716A8C242E071A00804253 /* ELKUtilDemoTests.m */,
				AB716A8E242E071A00804253 /* Info.plist */,
			);
			path = ELKUtilDemoTests;
			sourceTree = "<group>";
		};
		AB716A96242E071A00804253 /* ELKUtilDemoUITests */ = {
			isa = PBXGroup;
			children = (
				AB716A97242E071A00804253 /* ELKUtilDemoUITests.m */,
				AB716A99242E071A00804253 /* Info.plist */,
			);
			path = ELKUtilDemoUITests;
			sourceTree = "<group>";
		};
		AB716BEB242E10F300804253 /* ZOthers */ = {
			isa = PBXGroup;
			children = (
				AB716A7C242E071A00804253 /* Assets.xcassets */,
				AB716BEC242E110C00804253 /* ELKUtilDemoPrefixHeader.pch */,
				AB70FAD3242E4AB8006F991B /* ELKUtilResources.bundle */,
				AB716A81242E071A00804253 /* Info.plist */,
				AB716A7E242E071A00804253 /* LaunchScreen.storyboard */,
				AB716A82242E071A00804253 /* main.m */,
				AB716A79242E071900804253 /* Main.storyboard */,
			);
			path = ZOthers;
			sourceTree = "<group>";
		};
		AB716C80242E253800804253 /* ELKUtilKit */ = {
			isa = PBXGroup;
			children = (
				AB716C82242E253800804253 /* Category */,
				AB716C8E242E253800804253 /* ELKUtilDefinesHeader.h */,
				AB716C81242E253800804253 /* ELKUtilKit.h */,
				AB716C8F242E253800804253 /* Modules */,
				AB716C87242E253800804253 /* Utils */,
			);
			name = ELKUtilKit;
			path = ELKUtilKit/ELKUtilKit;
			sourceTree = "<group>";
		};
		AB716C82242E253800804253 /* Category */ = {
			isa = PBXGroup;
			children = (
				AB716C83242E253800804253 /* NSBundle+ELKUtilResources.m */,
				AB716C84242E253800804253 /* UIImage+ELKUtilResources.h */,
				AB716C85242E253800804253 /* NSBundle+ELKUtilResources.h */,
				AB716C86242E253800804253 /* UIImage+ELKUtilResources.m */,
			);
			path = Category;
			sourceTree = "<group>";
		};
		AB716C87242E253800804253 /* Utils */ = {
			isa = PBXGroup;
			children = (
				AB716C88242E253800804253 /* Quant */,
				AB716C8B242E253800804253 /* Swizzling */,
			);
			path = Utils;
			sourceTree = "<group>";
		};
		AB716C88242E253800804253 /* Quant */ = {
			isa = PBXGroup;
			children = (
				AB716C89242E253800804253 /* ELKUtilQuant.h */,
				AB716C8A242E253800804253 /* ELKUtilQuant.m */,
			);
			path = Quant;
			sourceTree = "<group>";
		};
		AB716C8B242E253800804253 /* Swizzling */ = {
			isa = PBXGroup;
			children = (
				AB716C8C242E253800804253 /* ELKUtilSwizzling.h */,
				AB716C8D242E253800804253 /* ELKUtilSwizzling.m */,
			);
			path = Swizzling;
			sourceTree = "<group>";
		};
		AB716C8F242E253800804253 /* Modules */ = {
			isa = PBXGroup;
			children = (
				AB716C90242E253800804253 /* ELKGalleryView */,
				AB716C93242E253800804253 /* ELKPicker */,
				AB716C97242E253800804253 /* ELKStarView */,
				AB716C9C242E253800804253 /* ELKTextViewPlaceholder */,
				AB716C9F242E253800804253 /* ELKNoDataView */,
				AB716CA2242E253800804253 /* ELKSegmentControl */,
				AB716CA5242E253800804253 /* ELKPapawView */,
			);
			path = Modules;
			sourceTree = "<group>";
		};
		AB716C90242E253800804253 /* ELKGalleryView */ = {
			isa = PBXGroup;
			children = (
				AB716C91242E253800804253 /* ELKGalleryShowView.h */,
				AB716C92242E253800804253 /* ELKGalleryShowView.m */,
			);
			path = ELKGalleryView;
			sourceTree = "<group>";
		};
		AB716C93242E253800804253 /* ELKPicker */ = {
			isa = PBXGroup;
			children = (
				AB716C94242E253800804253 /* ELKDatePickerView */,
			);
			path = ELKPicker;
			sourceTree = "<group>";
		};
		AB716C94242E253800804253 /* ELKDatePickerView */ = {
			isa = PBXGroup;
			children = (
				AB716C95242E253800804253 /* ELKDatePickerView.h */,
				AB716C96242E253800804253 /* ELKDatePickerView.m */,
			);
			path = ELKDatePickerView;
			sourceTree = "<group>";
		};
		AB716C97242E253800804253 /* ELKStarView */ = {
			isa = PBXGroup;
			children = (
				AB716C98242E253800804253 /* ELKStarView.m */,
				AB716C99242E253800804253 /* ELKFiveStarView.m */,
				AB716C9A242E253800804253 /* ELKFiveStarView.h */,
				AB716C9B242E253800804253 /* ELKStarView.h */,
			);
			path = ELKStarView;
			sourceTree = "<group>";
		};
		AB716C9C242E253800804253 /* ELKTextViewPlaceholder */ = {
			isa = PBXGroup;
			children = (
				AB716C9D242E253800804253 /* UITextView+ELKPlaceHolder.h */,
				AB716C9E242E253800804253 /* UITextView+ELKPlaceHolder.m */,
			);
			path = ELKTextViewPlaceholder;
			sourceTree = "<group>";
		};
		AB716C9F242E253800804253 /* ELKNoDataView */ = {
			isa = PBXGroup;
			children = (
				AB716CA0242E253800804253 /* ELKNoDataView.m */,
				AB716CA1242E253800804253 /* ELKNoDataView.h */,
			);
			path = ELKNoDataView;
			sourceTree = "<group>";
		};
		AB716CA2242E253800804253 /* ELKSegmentControl */ = {
			isa = PBXGroup;
			children = (
				AB716CA3242E253800804253 /* ELKSegmentControl.h */,
				AB716CA4242E253800804253 /* ELKSegmentControl.m */,
			);
			path = ELKSegmentControl;
			sourceTree = "<group>";
		};
		AB716CA5242E253800804253 /* ELKPapawView */ = {
			isa = PBXGroup;
			children = (
				AB716CA6242E253800804253 /* ELKPapawView.m */,
				AB716CA7242E253800804253 /* ELKPapawView.h */,
			);
			path = ELKPapawView;
			sourceTree = "<group>";
		};
		AB716CB4242E254300804253 /* ELKUtilKitChained */ = {
			isa = PBXGroup;
			children = (
				AB716CB5242E254300804253 /* ELKUtilKitChained.h */,
				AB716CB6242E254300804253 /* Modules */,
			);
			name = ELKUtilKitChained;
			path = ELKUtilKitChained/ELKUtilKitChained;
			sourceTree = "<group>";
		};
		AB716CB6242E254300804253 /* Modules */ = {
			isa = PBXGroup;
			children = (
				AB716CB7242E254300804253 /* ELKStarView */,
				AB716CBA242E254300804253 /* ELKTextViewPlaceholder */,
				AB716CBD242E254300804253 /* ELKSegmentControl */,
			);
			path = Modules;
			sourceTree = "<group>";
		};
		AB716CB7242E254300804253 /* ELKStarView */ = {
			isa = PBXGroup;
			children = (
				AB716CB8242E254300804253 /* ELKStarView+ELKUtilChained.h */,
				AB716CB9242E254300804253 /* ELKStarView+ELKUtilChained.m */,
			);
			path = ELKStarView;
			sourceTree = "<group>";
		};
		AB716CBA242E254300804253 /* ELKTextViewPlaceholder */ = {
			isa = PBXGroup;
			children = (
				AB716CBB242E254300804253 /* UITextView+ELKUtilPlaceHolderChained.m */,
				AB716CBC242E254300804253 /* UITextView+ELKUtilPlaceHolderChained.h */,
			);
			path = ELKTextViewPlaceholder;
			sourceTree = "<group>";
		};
		AB716CBD242E254300804253 /* ELKSegmentControl */ = {
			isa = PBXGroup;
			children = (
				AB716CBE242E254300804253 /* ELKSegmentControl+ELKUtilChained.h */,
				AB716CBF242E254300804253 /* ELKSegmentControl+ELKUtilChained.m */,
			);
			path = ELKSegmentControl;
			sourceTree = "<group>";
		};
/* End PBXGroup section */

/* Begin PBXNativeTarget section */
		AB716A6C242E071900804253 /* ELKUtilDemo */ = {
			isa = PBXNativeTarget;
			buildConfigurationList = AB716A9C242E071A00804253 /* Build configuration list for PBXNativeTarget "ELKUtilDemo" */;
			buildPhases = (
				49418CA11D56BB59A35CE8CA /* [CP] Check Pods Manifest.lock */,
				AB716A69242E071900804253 /* Sources */,
				AB716A6A242E071900804253 /* Frameworks */,
				AB716A6B242E071900804253 /* Resources */,
			);
			buildRules = (
			);
			dependencies = (
			);
			name = ELKUtilDemo;
			productName = ELKUtilDemo;
			productReference = AB716A6D242E071900804253 /* ELKUtilDemo.app */;
			productType = "com.apple.product-type.application";
		};
		AB716A87242E071A00804253 /* ELKUtilDemoTests */ = {
			isa = PBXNativeTarget;
			buildConfigurationList = AB716A9F242E071A00804253 /* Build configuration list for PBXNativeTarget "ELKUtilDemoTests" */;
			buildPhases = (
				AB716A84242E071A00804253 /* Sources */,
				AB716A85242E071A00804253 /* Frameworks */,
				AB716A86242E071A00804253 /* Resources */,
			);
			buildRules = (
			);
			dependencies = (
				AB716A8A242E071A00804253 /* PBXTargetDependency */,
			);
			name = ELKUtilDemoTests;
			productName = ELKUtilDemoTests;
			productReference = AB716A88242E071A00804253 /* ELKUtilDemoTests.xctest */;
			productType = "com.apple.product-type.bundle.unit-test";
		};
		AB716A92242E071A00804253 /* ELKUtilDemoUITests */ = {
			isa = PBXNativeTarget;
			buildConfigurationList = AB716AA2242E071A00804253 /* Build configuration list for PBXNativeTarget "ELKUtilDemoUITests" */;
			buildPhases = (
				AB716A8F242E071A00804253 /* Sources */,
				AB716A90242E071A00804253 /* Frameworks */,
				AB716A91242E071A00804253 /* Resources */,
			);
			buildRules = (
			);
			dependencies = (
				AB716A95242E071A00804253 /* PBXTargetDependency */,
			);
			name = ELKUtilDemoUITests;
			productName = ELKUtilDemoUITests;
			productReference = AB716A93242E071A00804253 /* ELKUtilDemoUITests.xctest */;
			productType = "com.apple.product-type.bundle.ui-testing";
		};
/* End PBXNativeTarget section */

/* Begin PBXProject section */
		AB716A65242E071900804253 /* Project object */ = {
			isa = PBXProject;
			attributes = {
				LastUpgradeCheck = 1130;
				ORGANIZATIONNAME = wing;
				TargetAttributes = {
					AB716A6C242E071900804253 = {
						CreatedOnToolsVersion = 11.3.1;
					};
					AB716A87242E071A00804253 = {
						CreatedOnToolsVersion = 11.3.1;
						TestTargetID = AB716A6C242E071900804253;
					};
					AB716A92242E071A00804253 = {
						CreatedOnToolsVersion = 11.3.1;
						TestTargetID = AB716A6C242E071900804253;
					};
				};
			};
			buildConfigurationList = AB716A68242E071900804253 /* Build configuration list for PBXProject "ELKUtilDemo" */;
			compatibilityVersion = "Xcode 9.3";
			developmentRegion = en;
			hasScannedForEncodings = 0;
			knownRegions = (
				en,
				Base,
			);
			mainGroup = AB716A64242E071900804253;
			productRefGroup = AB716A6E242E071900804253 /* Products */;
			projectDirPath = "";
			projectRoot = "";
			targets = (
				AB716A6C242E071900804253 /* ELKUtilDemo */,
				AB716A87242E071A00804253 /* ELKUtilDemoTests */,
				AB716A92242E071A00804253 /* ELKUtilDemoUITests */,
			);
		};
/* End PBXProject section */

/* Begin PBXResourcesBuildPhase section */
		AB716A6B242E071900804253 /* Resources */ = {
			isa = PBXResourcesBuildPhase;
			buildActionMask = 2147483647;
			files = (
				AB70FAD4242E4AB8006F991B /* ELKUtilResources.bundle in Resources */,
				AB716A80242E071A00804253 /* LaunchScreen.storyboard in Resources */,
				AB716A7D242E071A00804253 /* Assets.xcassets in Resources */,
				AB716A7B242E071900804253 /* Main.storyboard in Resources */,
			);
			runOnlyForDeploymentPostprocessing = 0;
		};
		AB716A86242E071A00804253 /* Resources */ = {
			isa = PBXResourcesBuildPhase;
			buildActionMask = 2147483647;
			files = (
			);
			runOnlyForDeploymentPostprocessing = 0;
		};
		AB716A91242E071A00804253 /* Resources */ = {
			isa = PBXResourcesBuildPhase;
			buildActionMask = 2147483647;
			files = (
			);
			runOnlyForDeploymentPostprocessing = 0;
		};
/* End PBXResourcesBuildPhase section */

/* Begin PBXShellScriptBuildPhase section */
		49418CA11D56BB59A35CE8CA /* [CP] Check Pods Manifest.lock */ = {
			isa = PBXShellScriptBuildPhase;
			buildActionMask = 2147483647;
			files = (
			);
			inputFileListPaths = (
			);
			inputPaths = (
				"${PODS_PODFILE_DIR_PATH}/Podfile.lock",
				"${PODS_ROOT}/Manifest.lock",
			);
			name = "[CP] Check Pods Manifest.lock";
			outputFileListPaths = (
			);
			outputPaths = (
				"$(DERIVED_FILE_DIR)/Pods-ELKUtilDemo-checkManifestLockResult.txt",
			);
			runOnlyForDeploymentPostprocessing = 0;
			shellPath = /bin/sh;
			shellScript = "diff \"${PODS_PODFILE_DIR_PATH}/Podfile.lock\" \"${PODS_ROOT}/Manifest.lock\" > /dev/null\nif [ $? != 0 ] ; then\n    # print error to STDERR\n    echo \"error: The sandbox is not in sync with the Podfile.lock. Run 'pod install' or update your CocoaPods installation.\" >&2\n    exit 1\nfi\n# This output is used by Xcode 'outputs' to avoid re-running this script phase.\necho \"SUCCESS\" > \"${SCRIPT_OUTPUT_FILE_0}\"\n";
			showEnvVarsInLog = 0;
		};
/* End PBXShellScriptBuildPhase section */

/* Begin PBXSourcesBuildPhase section */
		AB716A69242E071900804253 /* Sources */ = {
			isa = PBXSourcesBuildPhase;
			buildActionMask = 2147483647;
			files = (
				AB716CB0242E253800804253 /* UITextView+ELKPlaceHolder.m in Sources */,
				AB716CC1242E254300804253 /* UITextView+ELKUtilPlaceHolderChained.m in Sources */,
				AB716CAB242E253800804253 /* ELKUtilSwizzling.m in Sources */,
				AB716CB1242E253800804253 /* ELKNoDataView.m in Sources */,
				AB716CC2242E254300804253 /* ELKSegmentControl+ELKUtilChained.m in Sources */,
				AB716CA9242E253800804253 /* UIImage+ELKUtilResources.m in Sources */,
				AB716CAE242E253800804253 /* ELKStarView.m in Sources */,
				AB716CB2242E253800804253 /* ELKSegmentControl.m in Sources */,
				AB716CAA242E253800804253 /* ELKUtilQuant.m in Sources */,
				AB716CA8242E253800804253 /* NSBundle+ELKUtilResources.m in Sources */,
				AB716BF5242E11A600804253 /* SecondViewController.m in Sources */,
				AB716CB3242E253800804253 /* ELKPapawView.m in Sources */,
				AB716A78242E071900804253 /* ViewController.m in Sources */,
				AB716CAF242E253800804253 /* ELKFiveStarView.m in Sources */,
				AB716A72242E071900804253 /* AppDelegate.m in Sources */,
				AB716CAD242E253800804253 /* ELKDatePickerView.m in Sources */,
				AB716A83242E071A00804253 /* main.m in Sources */,
				AB716CAC242E253800804253 /* ELKGalleryShowView.m in Sources */,
				AB716CC0242E254300804253 /* ELKStarView+ELKUtilChained.m in Sources */,
			);
			runOnlyForDeploymentPostprocessing = 0;
		};
		AB716A84242E071A00804253 /* Sources */ = {
			isa = PBXSourcesBuildPhase;
			buildActionMask = 2147483647;
			files = (
				AB716A8D242E071A00804253 /* ELKUtilDemoTests.m in Sources */,
			);
			runOnlyForDeploymentPostprocessing = 0;
		};
		AB716A8F242E071A00804253 /* Sources */ = {
			isa = PBXSourcesBuildPhase;
			buildActionMask = 2147483647;
			files = (
				AB716A98242E071A00804253 /* ELKUtilDemoUITests.m in Sources */,
			);
			runOnlyForDeploymentPostprocessing = 0;
		};
/* End PBXSourcesBuildPhase section */

/* Begin PBXTargetDependency section */
		AB716A8A242E071A00804253 /* PBXTargetDependency */ = {
			isa = PBXTargetDependency;
			target = AB716A6C242E071900804253 /* ELKUtilDemo */;
			targetProxy = AB716A89242E071A00804253 /* PBXContainerItemProxy */;
		};
		AB716A95242E071A00804253 /* PBXTargetDependency */ = {
			isa = PBXTargetDependency;
			target = AB716A6C242E071900804253 /* ELKUtilDemo */;
			targetProxy = AB716A94242E071A00804253 /* PBXContainerItemProxy */;
		};
/* End PBXTargetDependency section */

/* Begin PBXVariantGroup section */
		AB716A79242E071900804253 /* Main.storyboard */ = {
			isa = PBXVariantGroup;
			children = (
				AB716A7A242E071900804253 /* Base */,
			);
			name = Main.storyboard;
			sourceTree = "<group>";
		};
		AB716A7E242E071A00804253 /* LaunchScreen.storyboard */ = {
			isa = PBXVariantGroup;
			children = (
				AB716A7F242E071A00804253 /* Base */,
			);
			name = LaunchScreen.storyboard;
			sourceTree = "<group>";
		};
/* End PBXVariantGroup section */

/* Begin XCBuildConfiguration section */
		AB716A9A242E071A00804253 /* Debug */ = {
			isa = XCBuildConfiguration;
			buildSettings = {
				ALWAYS_SEARCH_USER_PATHS = NO;
				CLANG_ANALYZER_NONNULL = YES;
				CLANG_ANALYZER_NUMBER_OBJECT_CONVERSION = YES_AGGRESSIVE;
				CLANG_CXX_LANGUAGE_STANDARD = "gnu++14";
				CLANG_CXX_LIBRARY = "libc++";
				CLANG_ENABLE_MODULES = YES;
				CLANG_ENABLE_OBJC_ARC = YES;
				CLANG_ENABLE_OBJC_WEAK = YES;
				CLANG_WARN_BLOCK_CAPTURE_AUTORELEASING = YES;
				CLANG_WARN_BOOL_CONVERSION = YES;
				CLANG_WARN_COMMA = YES;
				CLANG_WARN_CONSTANT_CONVERSION = YES;
				CLANG_WARN_DEPRECATED_OBJC_IMPLEMENTATIONS = YES;
				CLANG_WARN_DIRECT_OBJC_ISA_USAGE = YES_ERROR;
				CLANG_WARN_DOCUMENTATION_COMMENTS = YES;
				CLANG_WARN_EMPTY_BODY = YES;
				CLANG_WARN_ENUM_CONVERSION = YES;
				CLANG_WARN_INFINITE_RECURSION = YES;
				CLANG_WARN_INT_CONVERSION = YES;
				CLANG_WARN_NON_LITERAL_NULL_CONVERSION = YES;
				CLANG_WARN_OBJC_IMPLICIT_RETAIN_SELF = YES;
				CLANG_WARN_OBJC_LITERAL_CONVERSION = YES;
				CLANG_WARN_OBJC_ROOT_CLASS = YES_ERROR;
				CLANG_WARN_RANGE_LOOP_ANALYSIS = YES;
				CLANG_WARN_STRICT_PROTOTYPES = YES;
				CLANG_WARN_SUSPICIOUS_MOVE = YES;
				CLANG_WARN_UNGUARDED_AVAILABILITY = YES_AGGRESSIVE;
				CLANG_WARN_UNREACHABLE_CODE = YES;
				CLANG_WARN__DUPLICATE_METHOD_MATCH = YES;
				COPY_PHASE_STRIP = NO;
				DEBUG_INFORMATION_FORMAT = dwarf;
				ENABLE_STRICT_OBJC_MSGSEND = YES;
				ENABLE_TESTABILITY = YES;
				GCC_C_LANGUAGE_STANDARD = gnu11;
				GCC_DYNAMIC_NO_PIC = NO;
				GCC_NO_COMMON_BLOCKS = YES;
				GCC_OPTIMIZATION_LEVEL = 0;
				GCC_PREPROCESSOR_DEFINITIONS = (
					"DEBUG=1",
					"$(inherited)",
				);
				GCC_WARN_64_TO_32_BIT_CONVERSION = YES;
				GCC_WARN_ABOUT_RETURN_TYPE = YES_ERROR;
				GCC_WARN_UNDECLARED_SELECTOR = YES;
				GCC_WARN_UNINITIALIZED_AUTOS = YES_AGGRESSIVE;
				GCC_WARN_UNUSED_FUNCTION = YES;
				GCC_WARN_UNUSED_VARIABLE = YES;
				IPHONEOS_DEPLOYMENT_TARGET = 13.2;
				MTL_ENABLE_DEBUG_INFO = INCLUDE_SOURCE;
				MTL_FAST_MATH = YES;
				ONLY_ACTIVE_ARCH = YES;
				SDKROOT = iphoneos;
			};
			name = Debug;
		};
		AB716A9B242E071A00804253 /* Release */ = {
			isa = XCBuildConfiguration;
			buildSettings = {
				ALWAYS_SEARCH_USER_PATHS = NO;
				CLANG_ANALYZER_NONNULL = YES;
				CLANG_ANALYZER_NUMBER_OBJECT_CONVERSION = YES_AGGRESSIVE;
				CLANG_CXX_LANGUAGE_STANDARD = "gnu++14";
				CLANG_CXX_LIBRARY = "libc++";
				CLANG_ENABLE_MODULES = YES;
				CLANG_ENABLE_OBJC_ARC = YES;
				CLANG_ENABLE_OBJC_WEAK = YES;
				CLANG_WARN_BLOCK_CAPTURE_AUTORELEASING = YES;
				CLANG_WARN_BOOL_CONVERSION = YES;
				CLANG_WARN_COMMA = YES;
				CLANG_WARN_CONSTANT_CONVERSION = YES;
				CLANG_WARN_DEPRECATED_OBJC_IMPLEMENTATIONS = YES;
				CLANG_WARN_DIRECT_OBJC_ISA_USAGE = YES_ERROR;
				CLANG_WARN_DOCUMENTATION_COMMENTS = YES;
				CLANG_WARN_EMPTY_BODY = YES;
				CLANG_WARN_ENUM_CONVERSION = YES;
				CLANG_WARN_INFINITE_RECURSION = YES;
				CLANG_WARN_INT_CONVERSION = YES;
				CLANG_WARN_NON_LITERAL_NULL_CONVERSION = YES;
				CLANG_WARN_OBJC_IMPLICIT_RETAIN_SELF = YES;
				CLANG_WARN_OBJC_LITERAL_CONVERSION = YES;
				CLANG_WARN_OBJC_ROOT_CLASS = YES_ERROR;
				CLANG_WARN_RANGE_LOOP_ANALYSIS = YES;
				CLANG_WARN_STRICT_PROTOTYPES = YES;
				CLANG_WARN_SUSPICIOUS_MOVE = YES;
				CLANG_WARN_UNGUARDED_AVAILABILITY = YES_AGGRESSIVE;
				CLANG_WARN_UNREACHABLE_CODE = YES;
				CLANG_WARN__DUPLICATE_METHOD_MATCH = YES;
				COPY_PHASE_STRIP = NO;
				DEBUG_INFORMATION_FORMAT = "dwarf-with-dsym";
				ENABLE_NS_ASSERTIONS = NO;
				ENABLE_STRICT_OBJC_MSGSEND = YES;
				GCC_C_LANGUAGE_STANDARD = gnu11;
				GCC_NO_COMMON_BLOCKS = YES;
				GCC_WARN_64_TO_32_BIT_CONVERSION = YES;
				GCC_WARN_ABOUT_RETURN_TYPE = YES_ERROR;
				GCC_WARN_UNDECLARED_SELECTOR = YES;
				GCC_WARN_UNINITIALIZED_AUTOS = YES_AGGRESSIVE;
				GCC_WARN_UNUSED_FUNCTION = YES;
				GCC_WARN_UNUSED_VARIABLE = YES;
				IPHONEOS_DEPLOYMENT_TARGET = 13.2;
				MTL_ENABLE_DEBUG_INFO = NO;
				MTL_FAST_MATH = YES;
				SDKROOT = iphoneos;
				VALIDATE_PRODUCT = YES;
			};
			name = Release;
		};
		AB716A9D242E071A00804253 /* Debug */ = {
			isa = XCBuildConfiguration;
			baseConfigurationReference = 014354006FA101173B34FB23 /* Pods-ELKUtilDemo.debug.xcconfig */;
			buildSettings = {
				ASSETCATALOG_COMPILER_APPICON_NAME = AppIcon;
				CODE_SIGN_STYLE = Automatic;
				DEVELOPMENT_TEAM = J8BTB638K2;
				GCC_PREFIX_HEADER = "$(SRCROOT)/ELKUtilDemo/ZOthers/ELKUtilDemoPrefixHeader.pch";
				INFOPLIST_FILE = ELKUtilDemo/ZOthers/Info.plist;
				IPHONEOS_DEPLOYMENT_TARGET = 9.0;
				LD_RUNPATH_SEARCH_PATHS = (
					"$(inherited)",
					"@executable_path/Frameworks",
				);
				PRODUCT_BUNDLE_IDENTIFIER = com.elk.ELKUtilDemo;
				PRODUCT_NAME = "$(TARGET_NAME)";
				TARGETED_DEVICE_FAMILY = "1,2";
			};
			name = Debug;
		};
		AB716A9E242E071A00804253 /* Release */ = {
			isa = XCBuildConfiguration;
			baseConfigurationReference = DA58263FCEF00663828A6F3A /* Pods-ELKUtilDemo.release.xcconfig */;
			buildSettings = {
				ASSETCATALOG_COMPILER_APPICON_NAME = AppIcon;
				CODE_SIGN_STYLE = Automatic;
				DEVELOPMENT_TEAM = J8BTB638K2;
				GCC_PREFIX_HEADER = "$(SRCROOT)/ELKUtilDemo/ZOthers/ELKUtilDemoPrefixHeader.pch";
				INFOPLIST_FILE = ELKUtilDemo/ZOthers/Info.plist;
				IPHONEOS_DEPLOYMENT_TARGET = 9.0;
				LD_RUNPATH_SEARCH_PATHS = (
					"$(inherited)",
					"@executable_path/Frameworks",
				);
				PRODUCT_BUNDLE_IDENTIFIER = com.elk.ELKUtilDemo;
				PRODUCT_NAME = "$(TARGET_NAME)";
				TARGETED_DEVICE_FAMILY = "1,2";
			};
			name = Release;
		};
		AB716AA0242E071A00804253 /* Debug */ = {
			isa = XCBuildConfiguration;
			buildSettings = {
				BUNDLE_LOADER = "$(TEST_HOST)";
				CODE_SIGN_STYLE = Automatic;
				DEVELOPMENT_TEAM = J8BTB638K2;
				INFOPLIST_FILE = ELKUtilDemoTests/Info.plist;
				IPHONEOS_DEPLOYMENT_TARGET = 13.2;
				LD_RUNPATH_SEARCH_PATHS = (
					"$(inherited)",
					"@executable_path/Frameworks",
					"@loader_path/Frameworks",
				);
				PRODUCT_BUNDLE_IDENTIFIER = com.elk.ELKUtilDemoTests;
				PRODUCT_NAME = "$(TARGET_NAME)";
				TARGETED_DEVICE_FAMILY = "1,2";
				TEST_HOST = "$(BUILT_PRODUCTS_DIR)/ELKUtilDemo.app/ELKUtilDemo";
			};
			name = Debug;
		};
		AB716AA1242E071A00804253 /* Release */ = {
			isa = XCBuildConfiguration;
			buildSettings = {
				BUNDLE_LOADER = "$(TEST_HOST)";
				CODE_SIGN_STYLE = Automatic;
				DEVELOPMENT_TEAM = J8BTB638K2;
				INFOPLIST_FILE = ELKUtilDemoTests/Info.plist;
				IPHONEOS_DEPLOYMENT_TARGET = 13.2;
				LD_RUNPATH_SEARCH_PATHS = (
					"$(inherited)",
					"@executable_path/Frameworks",
					"@loader_path/Frameworks",
				);
				PRODUCT_BUNDLE_IDENTIFIER = com.elk.ELKUtilDemoTests;
				PRODUCT_NAME = "$(TARGET_NAME)";
				TARGETED_DEVICE_FAMILY = "1,2";
				TEST_HOST = "$(BUILT_PRODUCTS_DIR)/ELKUtilDemo.app/ELKUtilDemo";
			};
			name = Release;
		};
		AB716AA3242E071A00804253 /* Debug */ = {
			isa = XCBuildConfiguration;
			buildSettings = {
				CODE_SIGN_STYLE = Automatic;
				DEVELOPMENT_TEAM = J8BTB638K2;
				INFOPLIST_FILE = ELKUtilDemoUITests/Info.plist;
				LD_RUNPATH_SEARCH_PATHS = (
					"$(inherited)",
					"@executable_path/Frameworks",
					"@loader_path/Frameworks",
				);
				PRODUCT_BUNDLE_IDENTIFIER = com.elk.ELKUtilDemoUITests;
				PRODUCT_NAME = "$(TARGET_NAME)";
				TARGETED_DEVICE_FAMILY = "1,2";
				TEST_TARGET_NAME = ELKUtilDemo;
			};
			name = Debug;
		};
		AB716AA4242E071A00804253 /* Release */ = {
			isa = XCBuildConfiguration;
			buildSettings = {
				CODE_SIGN_STYLE = Automatic;
				DEVELOPMENT_TEAM = J8BTB638K2;
				INFOPLIST_FILE = ELKUtilDemoUITests/Info.plist;
				LD_RUNPATH_SEARCH_PATHS = (
					"$(inherited)",
					"@executable_path/Frameworks",
					"@loader_path/Frameworks",
				);
				PRODUCT_BUNDLE_IDENTIFIER = com.elk.ELKUtilDemoUITests;
				PRODUCT_NAME = "$(TARGET_NAME)";
				TARGETED_DEVICE_FAMILY = "1,2";
				TEST_TARGET_NAME = ELKUtilDemo;
			};
			name = Release;
		};
/* End XCBuildConfiguration section */

/* Begin XCConfigurationList section */
		AB716A68242E071900804253 /* Build configuration list for PBXProject "ELKUtilDemo" */ = {
			isa = XCConfigurationList;
			buildConfigurations = (
				AB716A9A242E071A00804253 /* Debug */,
				AB716A9B242E071A00804253 /* Release */,
			);
			defaultConfigurationIsVisible = 0;
			defaultConfigurationName = Release;
		};
		AB716A9C242E071A00804253 /* Build configuration list for PBXNativeTarget "ELKUtilDemo" */ = {
			isa = XCConfigurationList;
			buildConfigurations = (
				AB716A9D242E071A00804253 /* Debug */,
				AB716A9E242E071A00804253 /* Release */,
			);
			defaultConfigurationIsVisible = 0;
			defaultConfigurationName = Release;
		};
		AB716A9F242E071A00804253 /* Build configuration list for PBXNativeTarget "ELKUtilDemoTests" */ = {
			isa = XCConfigurationList;
			buildConfigurations = (
				AB716AA0242E071A00804253 /* Debug */,
				AB716AA1242E071A00804253 /* Release */,
			);
			defaultConfigurationIsVisible = 0;
			defaultConfigurationName = Release;
		};
		AB716AA2242E071A00804253 /* Build configuration list for PBXNativeTarget "ELKUtilDemoUITests" */ = {
			isa = XCConfigurationList;
			buildConfigurations = (
				AB716AA3242E071A00804253 /* Debug */,
				AB716AA4242E071A00804253 /* Release */,
			);
			defaultConfigurationIsVisible = 0;
			defaultConfigurationName = Release;
		};
/* End XCConfigurationList section */
	};
	rootObject = AB716A65242E071900804253 /* Project object */;
}
